// !$*UTF8*$!
{
	archiveVersion = 1;
	classes = {
	};
	objectVersion = 46;
	objects = {

/* Begin PBXBuildFile section */
		770F22331AD62E5600471B5E /* DLSLiveDialsPlugin+SwiftAdditions.swift in Sources */ = {isa = PBXBuildFile; fileRef = 77567B641AC6D29300877A7B /* DLSLiveDialsPlugin+SwiftAdditions.swift */; };
		77341ACB1AD63905004023CD /* DialsFramework.h in Headers */ = {isa = PBXBuildFile; fileRef = 779250E91A33592100CCC229 /* DialsFramework.h */; settings = {ATTRIBUTES = (Public, ); }; };
		773E67AC1ACDFCFF00E1BB0A /* DLSViewAdjustPlugin.h in Headers */ = {isa = PBXBuildFile; fileRef = 773E67AA1ACDFCFF00E1BB0A /* DLSViewAdjustPlugin.h */; settings = {ATTRIBUTES = (Public, ); }; };
		773E67AD1ACDFCFF00E1BB0A /* DLSViewAdjustPlugin.m in Sources */ = {isa = PBXBuildFile; fileRef = 773E67AB1ACDFCFF00E1BB0A /* DLSViewAdjustPlugin.m */; };
		774D15BF1AB4BD6500613F24 /* UIView+DLSDescribable.h in Headers */ = {isa = PBXBuildFile; fileRef = 774D15BD1AB4BD6500613F24 /* UIView+DLSDescribable.h */; settings = {ATTRIBUTES = (Public, ); }; };
		774D15C01AB4BD6500613F24 /* UIView+DLSDescribable.m in Sources */ = {isa = PBXBuildFile; fileRef = 774D15BE1AB4BD6500613F24 /* UIView+DLSDescribable.m */; };
		774D15C21AB4BE0A00613F24 /* DLSDescribable.h in Headers */ = {isa = PBXBuildFile; fileRef = 774D15BA1AB4BC8800613F24 /* DLSDescribable.h */; settings = {ATTRIBUTES = (Public, ); }; };
		774D15C61AB4BFF800613F24 /* DLSDescriptionContext.m in Sources */ = {isa = PBXBuildFile; fileRef = 774D15C41AB4BFF800613F24 /* DLSDescriptionContext.m */; };
		775B9DF31AF3B0DC001F1ED1 /* UILabel+DLSViewAdjust.h in Headers */ = {isa = PBXBuildFile; fileRef = 775B9DF11AF3B0DC001F1ED1 /* UILabel+DLSViewAdjust.h */; };
		775B9DF41AF3B0DC001F1ED1 /* UILabel+DLSViewAdjust.m in Sources */ = {isa = PBXBuildFile; fileRef = 775B9DF21AF3B0DC001F1ED1 /* UILabel+DLSViewAdjust.m */; };
		77755DF81AF46BB500899720 /* DLSNetworkPlugin.h in Headers */ = {isa = PBXBuildFile; fileRef = 77755DF61AF46BB500899720 /* DLSNetworkPlugin.h */; };
		77755DF91AF46BB500899720 /* DLSNetworkPlugin.m in Sources */ = {isa = PBXBuildFile; fileRef = 77755DF71AF46BB500899720 /* DLSNetworkPlugin.m */; };
		77755DFC1AF4737700899720 /* DLSNetworkProxyProtocol.h in Headers */ = {isa = PBXBuildFile; fileRef = 77755DFA1AF4737700899720 /* DLSNetworkProxyProtocol.h */; };
		77755DFD1AF4737700899720 /* DLSNetworkProxyProtocol.m in Sources */ = {isa = PBXBuildFile; fileRef = 77755DFB1AF4737700899720 /* DLSNetworkProxyProtocol.m */; };
		7787FF431A3CA35200074DBC /* DLSPlugin.h in Headers */ = {isa = PBXBuildFile; fileRef = 7787FF411A3CA35200074DBC /* DLSPlugin.h */; settings = {ATTRIBUTES = (Public, ); }; };
		7787FF491A3CAD1700074DBC /* DLSLiveDialsPlugin.m in Sources */ = {isa = PBXBuildFile; fileRef = 7787FF481A3CACBF00074DBC /* DLSLiveDialsPlugin.m */; };
		7787FF4A1A3CAD1A00074DBC /* DLSLiveDialsPlugin.h in Headers */ = {isa = PBXBuildFile; fileRef = 7787FF471A3CACBF00074DBC /* DLSLiveDialsPlugin.h */; settings = {ATTRIBUTES = (Public, ); }; };
		779250DB1A3353F100CCC229 /* libDialsShared-iOS.a in Frameworks */ = {isa = PBXBuildFile; fileRef = 779250DA1A3353F100CCC229 /* libDialsShared-iOS.a */; };
		779250ED1A33592100CCC229 /* DLSDials.h in Headers */ = {isa = PBXBuildFile; fileRef = 779250EA1A33592100CCC229 /* DLSDials.h */; settings = {ATTRIBUTES = (Public, ); }; };
		779250EE1A33592100CCC229 /* DLSDials.m in Sources */ = {isa = PBXBuildFile; fileRef = 779250EB1A33592100CCC229 /* DLSDials.m */; };
		77B0B9FD1AD1B29200E81A67 /* DLSValueExchanger.m in Sources */ = {isa = PBXBuildFile; fileRef = 77B0B9FB1AD1B29200E81A67 /* DLSValueExchanger.m */; };
		77B2355D1AE2F86400599722 /* UIView+DLSViewAdjust.h in Headers */ = {isa = PBXBuildFile; fileRef = 77B2355B1AE2F86400599722 /* UIView+DLSViewAdjust.h */; };
		77B2355E1AE2F86400599722 /* UIView+DLSViewAdjust.m in Sources */ = {isa = PBXBuildFile; fileRef = 77B2355C1AE2F86400599722 /* UIView+DLSViewAdjust.m */; };
		77BC3EA61AE5FAEE00E51529 /* NSObject+DLSSwizzle.h in Headers */ = {isa = PBXBuildFile; fileRef = 77BC3EA41AE5FAEE00E51529 /* NSObject+DLSSwizzle.h */; };
		77BC3EA71AE5FAEE00E51529 /* NSObject+DLSSwizzle.m in Sources */ = {isa = PBXBuildFile; fileRef = 77BC3EA51AE5FAEE00E51529 /* NSObject+DLSSwizzle.m */; };
/* End PBXBuildFile section */

/* Begin PBXFileReference section */
		77341AC91AD635B1004023CD /* Bridging-Header.h */ = {isa = PBXFileReference; fileEncoding = 4; lastKnownFileType = sourcecode.c.h; name = "Bridging-Header.h"; path = "iOS/Bridging-Header.h"; sourceTree = "<group>"; };
		773E67AA1ACDFCFF00E1BB0A /* DLSViewAdjustPlugin.h */ = {isa = PBXFileReference; fileEncoding = 4; lastKnownFileType = sourcecode.c.h; name = DLSViewAdjustPlugin.h; path = iOS/DLSViewAdjustPlugin.h; sourceTree = SOURCE_ROOT; };
		773E67AB1ACDFCFF00E1BB0A /* DLSViewAdjustPlugin.m */ = {isa = PBXFileReference; fileEncoding = 4; lastKnownFileType = sourcecode.c.objc; name = DLSViewAdjustPlugin.m; path = iOS/DLSViewAdjustPlugin.m; sourceTree = SOURCE_ROOT; };
		774D15BA1AB4BC8800613F24 /* DLSDescribable.h */ = {isa = PBXFileReference; lastKnownFileType = sourcecode.c.h; name = DLSDescribable.h; path = iOS/DLSDescribable.h; sourceTree = SOURCE_ROOT; };
		774D15BD1AB4BD6500613F24 /* UIView+DLSDescribable.h */ = {isa = PBXFileReference; fileEncoding = 4; lastKnownFileType = sourcecode.c.h; name = "UIView+DLSDescribable.h"; path = "iOS/UIView+DLSDescribable.h"; sourceTree = SOURCE_ROOT; };
		774D15BE1AB4BD6500613F24 /* UIView+DLSDescribable.m */ = {isa = PBXFileReference; fileEncoding = 4; lastKnownFileType = sourcecode.c.objc; name = "UIView+DLSDescribable.m"; path = "iOS/UIView+DLSDescribable.m"; sourceTree = SOURCE_ROOT; };
		774D15C31AB4BFF800613F24 /* DLSDescriptionContext.h */ = {isa = PBXFileReference; fileEncoding = 4; lastKnownFileType = sourcecode.c.h; name = DLSDescriptionContext.h; path = iOS/DLSDescriptionContext.h; sourceTree = SOURCE_ROOT; };
		774D15C41AB4BFF800613F24 /* DLSDescriptionContext.m */ = {isa = PBXFileReference; fileEncoding = 4; lastKnownFileType = sourcecode.c.objc; name = DLSDescriptionContext.m; path = iOS/DLSDescriptionContext.m; sourceTree = SOURCE_ROOT; };
		774D16041AB53D2A00613F24 /* Dials-iOS.pch */ = {isa = PBXFileReference; fileEncoding = 4; lastKnownFileType = sourcecode.c.h; name = "Dials-iOS.pch"; path = "iOS/Dials-iOS.pch"; sourceTree = SOURCE_ROOT; };
		77567B641AC6D29300877A7B /* DLSLiveDialsPlugin+SwiftAdditions.swift */ = {isa = PBXFileReference; fileEncoding = 4; lastKnownFileType = sourcecode.swift; name = "DLSLiveDialsPlugin+SwiftAdditions.swift"; path = "iOS/DLSLiveDialsPlugin+SwiftAdditions.swift"; sourceTree = SOURCE_ROOT; };
		775B9DF11AF3B0DC001F1ED1 /* UILabel+DLSViewAdjust.h */ = {isa = PBXFileReference; fileEncoding = 4; lastKnownFileType = sourcecode.c.h; name = "UILabel+DLSViewAdjust.h"; path = "iOS/UILabel+DLSViewAdjust.h"; sourceTree = SOURCE_ROOT; };
		775B9DF21AF3B0DC001F1ED1 /* UILabel+DLSViewAdjust.m */ = {isa = PBXFileReference; fileEncoding = 4; lastKnownFileType = sourcecode.c.objc; name = "UILabel+DLSViewAdjust.m"; path = "iOS/UILabel+DLSViewAdjust.m"; sourceTree = SOURCE_ROOT; };
		77755DF61AF46BB500899720 /* DLSNetworkPlugin.h */ = {isa = PBXFileReference; fileEncoding = 4; lastKnownFileType = sourcecode.c.h; name = DLSNetworkPlugin.h; path = iOS/DLSNetworkPlugin.h; sourceTree = SOURCE_ROOT; };
		77755DF71AF46BB500899720 /* DLSNetworkPlugin.m */ = {isa = PBXFileReference; fileEncoding = 4; lastKnownFileType = sourcecode.c.objc; name = DLSNetworkPlugin.m; path = iOS/DLSNetworkPlugin.m; sourceTree = SOURCE_ROOT; };
		77755DFA1AF4737700899720 /* DLSNetworkProxyProtocol.h */ = {isa = PBXFileReference; fileEncoding = 4; lastKnownFileType = sourcecode.c.h; name = DLSNetworkProxyProtocol.h; path = iOS/DLSNetworkProxyProtocol.h; sourceTree = SOURCE_ROOT; };
		77755DFB1AF4737700899720 /* DLSNetworkProxyProtocol.m */ = {isa = PBXFileReference; fileEncoding = 4; lastKnownFileType = sourcecode.c.objc; name = DLSNetworkProxyProtocol.m; path = iOS/DLSNetworkProxyProtocol.m; sourceTree = SOURCE_ROOT; };
		7787FF411A3CA35200074DBC /* DLSPlugin.h */ = {isa = PBXFileReference; fileEncoding = 4; lastKnownFileType = sourcecode.c.h; name = DLSPlugin.h; path = iOS/DLSPlugin.h; sourceTree = SOURCE_ROOT; };
		7787FF471A3CACBF00074DBC /* DLSLiveDialsPlugin.h */ = {isa = PBXFileReference; lastKnownFileType = sourcecode.c.h; name = DLSLiveDialsPlugin.h; path = iOS/DLSLiveDialsPlugin.h; sourceTree = SOURCE_ROOT; };
		7787FF481A3CACBF00074DBC /* DLSLiveDialsPlugin.m */ = {isa = PBXFileReference; lastKnownFileType = sourcecode.c.objc; name = DLSLiveDialsPlugin.m; path = iOS/DLSLiveDialsPlugin.m; sourceTree = SOURCE_ROOT; };
		779250DA1A3353F100CCC229 /* libDialsShared-iOS.a */ = {isa = PBXFileReference; lastKnownFileType = archive.ar; path = "libDialsShared-iOS.a"; sourceTree = BUILT_PRODUCTS_DIR; };
		779250E91A33592100CCC229 /* DialsFramework.h */ = {isa = PBXFileReference; fileEncoding = 4; lastKnownFileType = sourcecode.c.h; name = DialsFramework.h; path = iOS/DialsFramework.h; sourceTree = SOURCE_ROOT; };
		779250EA1A33592100CCC229 /* DLSDials.h */ = {isa = PBXFileReference; fileEncoding = 4; lastKnownFileType = sourcecode.c.h; name = DLSDials.h; path = iOS/DLSDials.h; sourceTree = SOURCE_ROOT; };
		779250EB1A33592100CCC229 /* DLSDials.m */ = {isa = PBXFileReference; fileEncoding = 4; lastKnownFileType = sourcecode.c.objc; name = DLSDials.m; path = iOS/DLSDials.m; sourceTree = SOURCE_ROOT; };
		779250EF1A33593C00CCC229 /* Info.plist */ = {isa = PBXFileReference; fileEncoding = 4; lastKnownFileType = text.plist.xml; name = Info.plist; path = iOS/Info.plist; sourceTree = SOURCE_ROOT; };
		77AAE5091A32D26500998E36 /* Dials.framework */ = {isa = PBXFileReference; explicitFileType = wrapper.framework; includeInIndex = 0; path = Dials.framework; sourceTree = BUILT_PRODUCTS_DIR; };
		77B0B9FA1AD1B29200E81A67 /* DLSValueExchanger.h */ = {isa = PBXFileReference; fileEncoding = 4; lastKnownFileType = sourcecode.c.h; name = DLSValueExchanger.h; path = iOS/DLSValueExchanger.h; sourceTree = SOURCE_ROOT; };
		77B0B9FB1AD1B29200E81A67 /* DLSValueExchanger.m */ = {isa = PBXFileReference; fileEncoding = 4; lastKnownFileType = sourcecode.c.objc; name = DLSValueExchanger.m; path = iOS/DLSValueExchanger.m; sourceTree = SOURCE_ROOT; };
		77B2355B1AE2F86400599722 /* UIView+DLSViewAdjust.h */ = {isa = PBXFileReference; fileEncoding = 4; lastKnownFileType = sourcecode.c.h; name = "UIView+DLSViewAdjust.h"; path = "iOS/UIView+DLSViewAdjust.h"; sourceTree = SOURCE_ROOT; };
		77B2355C1AE2F86400599722 /* UIView+DLSViewAdjust.m */ = {isa = PBXFileReference; fileEncoding = 4; lastKnownFileType = sourcecode.c.objc; name = "UIView+DLSViewAdjust.m"; path = "iOS/UIView+DLSViewAdjust.m"; sourceTree = SOURCE_ROOT; };
		77BC3EA41AE5FAEE00E51529 /* NSObject+DLSSwizzle.h */ = {isa = PBXFileReference; fileEncoding = 4; lastKnownFileType = sourcecode.c.h; name = "NSObject+DLSSwizzle.h"; path = "iOS/NSObject+DLSSwizzle.h"; sourceTree = SOURCE_ROOT; };
		77BC3EA51AE5FAEE00E51529 /* NSObject+DLSSwizzle.m */ = {isa = PBXFileReference; fileEncoding = 4; lastKnownFileType = sourcecode.c.objc; name = "NSObject+DLSSwizzle.m"; path = "iOS/NSObject+DLSSwizzle.m"; sourceTree = SOURCE_ROOT; };
/* End PBXFileReference section */

/* Begin PBXFrameworksBuildPhase section */
		77AAE5051A32D26500998E36 /* Frameworks */ = {
			isa = PBXFrameworksBuildPhase;
			buildActionMask = 2147483647;
			files = (
				779250DB1A3353F100CCC229 /* libDialsShared-iOS.a in Frameworks */,
			);
			runOnlyForDeploymentPostprocessing = 0;
		};
/* End PBXFrameworksBuildPhase section */

/* Begin PBXGroup section */
		773E67BA1ACEE9B500E1BB0A /* Plugins */ = {
			isa = PBXGroup;
			children = (
				77755DFA1AF4737700899720 /* DLSNetworkProxyProtocol.h */,
				77755DFB1AF4737700899720 /* DLSNetworkProxyProtocol.m */,
				7787FF471A3CACBF00074DBC /* DLSLiveDialsPlugin.h */,
				7787FF481A3CACBF00074DBC /* DLSLiveDialsPlugin.m */,
				77567B641AC6D29300877A7B /* DLSLiveDialsPlugin+SwiftAdditions.swift */,
				77755DF61AF46BB500899720 /* DLSNetworkPlugin.h */,
				77755DF71AF46BB500899720 /* DLSNetworkPlugin.m */,
				773E67AA1ACDFCFF00E1BB0A /* DLSViewAdjustPlugin.h */,
				773E67AB1ACDFCFF00E1BB0A /* DLSViewAdjustPlugin.m */,
				7787FF411A3CA35200074DBC /* DLSPlugin.h */,
			);
			name = Plugins;
			sourceTree = "<group>";
		};
		774D15C11AB4BD6D00613F24 /* Descriptions */ = {
			isa = PBXGroup;
			children = (
				77B0B9FA1AD1B29200E81A67 /* DLSValueExchanger.h */,
				77B0B9FB1AD1B29200E81A67 /* DLSValueExchanger.m */,
				774D15C31AB4BFF800613F24 /* DLSDescriptionContext.h */,
				774D15C41AB4BFF800613F24 /* DLSDescriptionContext.m */,
				774D15BA1AB4BC8800613F24 /* DLSDescribable.h */,
				774D15BD1AB4BD6500613F24 /* UIView+DLSDescribable.h */,
				774D15BE1AB4BD6500613F24 /* UIView+DLSDescribable.m */,
			);
			name = Descriptions;
			sourceTree = "<group>";
		};
		77AAE4FF1A32D26500998E36 = {
			isa = PBXGroup;
			children = (
				779250DA1A3353F100CCC229 /* libDialsShared-iOS.a */,
				77341AC91AD635B1004023CD /* Bridging-Header.h */,
				77AAE50B1A32D26500998E36 /* Dials-iOS */,
				77AAE50A1A32D26500998E36 /* Products */,
			);
			sourceTree = "<group>";
		};
		77AAE50A1A32D26500998E36 /* Products */ = {
			isa = PBXGroup;
			children = (
				77AAE5091A32D26500998E36 /* Dials.framework */,
			);
			name = Products;
			sourceTree = "<group>";
		};
		77AAE50B1A32D26500998E36 /* Dials-iOS */ = {
			isa = PBXGroup;
			children = (
				77BC3EA41AE5FAEE00E51529 /* NSObject+DLSSwizzle.h */,
				77BC3EA51AE5FAEE00E51529 /* NSObject+DLSSwizzle.m */,
				775B9DF11AF3B0DC001F1ED1 /* UILabel+DLSViewAdjust.h */,
				775B9DF21AF3B0DC001F1ED1 /* UILabel+DLSViewAdjust.m */,
				77B2355B1AE2F86400599722 /* UIView+DLSViewAdjust.h */,
				77B2355C1AE2F86400599722 /* UIView+DLSViewAdjust.m */,
				774D16041AB53D2A00613F24 /* Dials-iOS.pch */,
				774D15C11AB4BD6D00613F24 /* Descriptions */,
				773E67BA1ACEE9B500E1BB0A /* Plugins */,
				779250E91A33592100CCC229 /* DialsFramework.h */,
				779250EA1A33592100CCC229 /* DLSDials.h */,
				779250EB1A33592100CCC229 /* DLSDials.m */,
				77AAE50C1A32D26500998E36 /* Supporting Files */,
			);
			path = "Dials-iOS";
			sourceTree = "<group>";
		};
		77AAE50C1A32D26500998E36 /* Supporting Files */ = {
			isa = PBXGroup;
			children = (
				779250EF1A33593C00CCC229 /* Info.plist */,
			);
			name = "Supporting Files";
			sourceTree = "<group>";
		};
/* End PBXGroup section */

/* Begin PBXHeadersBuildPhase section */
		77AAE5061A32D26500998E36 /* Headers */ = {
			isa = PBXHeadersBuildPhase;
			buildActionMask = 2147483647;
			files = (
				77755DFC1AF4737700899720 /* DLSNetworkProxyProtocol.h in Headers */,
				7787FF431A3CA35200074DBC /* DLSPlugin.h in Headers */,
				77755DF81AF46BB500899720 /* DLSNetworkPlugin.h in Headers */,
				775B9DF31AF3B0DC001F1ED1 /* UILabel+DLSViewAdjust.h in Headers */,
				774D15C21AB4BE0A00613F24 /* DLSDescribable.h in Headers */,
				77341ACB1AD63905004023CD /* DialsFramework.h in Headers */,
				7787FF4A1A3CAD1A00074DBC /* DLSLiveDialsPlugin.h in Headers */,
				77BC3EA61AE5FAEE00E51529 /* NSObject+DLSSwizzle.h in Headers */,
				774D15BF1AB4BD6500613F24 /* UIView+DLSDescribable.h in Headers */,
				773E67AC1ACDFCFF00E1BB0A /* DLSViewAdjustPlugin.h in Headers */,
				779250ED1A33592100CCC229 /* DLSDials.h in Headers */,
				77B2355D1AE2F86400599722 /* UIView+DLSViewAdjust.h in Headers */,
			);
			runOnlyForDeploymentPostprocessing = 0;
		};
/* End PBXHeadersBuildPhase section */

/* Begin PBXNativeTarget section */
		77AAE5081A32D26500998E36 /* Dials */ = {
			isa = PBXNativeTarget;
			buildConfigurationList = 77AAE51F1A32D26500998E36 /* Build configuration list for PBXNativeTarget "Dials" */;
			buildPhases = (
				77AAE5041A32D26500998E36 /* Sources */,
				77AAE5051A32D26500998E36 /* Frameworks */,
				77AAE5061A32D26500998E36 /* Headers */,
				77AAE5071A32D26500998E36 /* Resources */,
			);
			buildRules = (
			);
			dependencies = (
			);
			name = Dials;
			productName = "Dials-iOS";
			productReference = 77AAE5091A32D26500998E36 /* Dials.framework */;
			productType = "com.apple.product-type.framework";
		};
/* End PBXNativeTarget section */

/* Begin PBXProject section */
		77AAE5001A32D26500998E36 /* Project object */ = {
			isa = PBXProject;
			attributes = {
				LastUpgradeCheck = 0610;
				ORGANIZATIONNAME = "Akiva Leffert";
				TargetAttributes = {
					77AAE5081A32D26500998E36 = {
						CreatedOnToolsVersion = 6.1.1;
					};
				};
			};
			buildConfigurationList = 77AAE5031A32D26500998E36 /* Build configuration list for PBXProject "Dials-iOS" */;
			compatibilityVersion = "Xcode 3.2";
			developmentRegion = English;
			hasScannedForEncodings = 0;
			knownRegions = (
				en,
			);
			mainGroup = 77AAE4FF1A32D26500998E36;
			productRefGroup = 77AAE50A1A32D26500998E36 /* Products */;
			projectDirPath = "";
			projectRoot = "";
			targets = (
				77AAE5081A32D26500998E36 /* Dials */,
			);
		};
/* End PBXProject section */

/* Begin PBXResourcesBuildPhase section */
		77AAE5071A32D26500998E36 /* Resources */ = {
			isa = PBXResourcesBuildPhase;
			buildActionMask = 2147483647;
			files = (
			);
			runOnlyForDeploymentPostprocessing = 0;
		};
/* End PBXResourcesBuildPhase section */

/* Begin PBXSourcesBuildPhase section */
		77AAE5041A32D26500998E36 /* Sources */ = {
			isa = PBXSourcesBuildPhase;
			buildActionMask = 2147483647;
			files = (
				770F22331AD62E5600471B5E /* DLSLiveDialsPlugin+SwiftAdditions.swift in Sources */,
				773E67AD1ACDFCFF00E1BB0A /* DLSViewAdjustPlugin.m in Sources */,
				77B2355E1AE2F86400599722 /* UIView+DLSViewAdjust.m in Sources */,
				7787FF491A3CAD1700074DBC /* DLSLiveDialsPlugin.m in Sources */,
				779250EE1A33592100CCC229 /* DLSDials.m in Sources */,
				77BC3EA71AE5FAEE00E51529 /* NSObject+DLSSwizzle.m in Sources */,
				775B9DF41AF3B0DC001F1ED1 /* UILabel+DLSViewAdjust.m in Sources */,
				77B0B9FD1AD1B29200E81A67 /* DLSValueExchanger.m in Sources */,
				774D15C61AB4BFF800613F24 /* DLSDescriptionContext.m in Sources */,
				77755DFD1AF4737700899720 /* DLSNetworkProxyProtocol.m in Sources */,
				774D15C01AB4BD6500613F24 /* UIView+DLSDescribable.m in Sources */,
				77755DF91AF46BB500899720 /* DLSNetworkPlugin.m in Sources */,
			);
			runOnlyForDeploymentPostprocessing = 0;
		};
/* End PBXSourcesBuildPhase section */

/* Begin XCBuildConfiguration section */
		77AAE51D1A32D26500998E36 /* Debug */ = {
			isa = XCBuildConfiguration;
			buildSettings = {
				ALWAYS_SEARCH_USER_PATHS = NO;
				CLANG_CXX_LANGUAGE_STANDARD = "gnu++0x";
				CLANG_CXX_LIBRARY = "libc++";
				CLANG_ENABLE_MODULES = YES;
				CLANG_ENABLE_OBJC_ARC = YES;
				CLANG_WARN_BOOL_CONVERSION = YES;
				CLANG_WARN_CONSTANT_CONVERSION = YES;
				CLANG_WARN_DIRECT_OBJC_ISA_USAGE = YES_ERROR;
				CLANG_WARN_EMPTY_BODY = YES;
				CLANG_WARN_ENUM_CONVERSION = YES;
				CLANG_WARN_INT_CONVERSION = YES;
				CLANG_WARN_OBJC_ROOT_CLASS = YES_ERROR;
				CLANG_WARN_UNREACHABLE_CODE = YES;
				CLANG_WARN__DUPLICATE_METHOD_MATCH = YES;
				"CODE_SIGN_IDENTITY[sdk=iphoneos*]" = "iPhone Developer";
				COPY_PHASE_STRIP = NO;
				CURRENT_PROJECT_VERSION = 1;
				ENABLE_STRICT_OBJC_MSGSEND = YES;
				FRAMEWORK_SEARCH_PATHS = "$(BUILD_PRODUCTS_DIR)/";
				GCC_C_LANGUAGE_STANDARD = gnu99;
				GCC_DYNAMIC_NO_PIC = NO;
				GCC_OPTIMIZATION_LEVEL = 0;
				GCC_PREPROCESSOR_DEFINITIONS = (
					"DEBUG=1",
					"$(inherited)",
				);
				GCC_SYMBOLS_PRIVATE_EXTERN = NO;
				GCC_TREAT_WARNINGS_AS_ERRORS = YES;
				GCC_WARN_64_TO_32_BIT_CONVERSION = YES;
				GCC_WARN_ABOUT_RETURN_TYPE = YES_ERROR;
				GCC_WARN_UNDECLARED_SELECTOR = YES;
				GCC_WARN_UNINITIALIZED_AUTOS = YES_AGGRESSIVE;
				GCC_WARN_UNUSED_FUNCTION = YES;
				GCC_WARN_UNUSED_VARIABLE = YES;
				HEADER_SEARCH_PATHS = (
					"$(inherited)",
					"$(SRCROOT)/Shared/",
					/Applications/Xcode.app/Contents/Developer/Toolchains/XcodeDefault.xctoolchain/usr/include,
				);
				IPHONEOS_DEPLOYMENT_TARGET = 8.1;
				ONLY_ACTIVE_ARCH = YES;
				RUN_CLANG_STATIC_ANALYZER = YES;
				SDKROOT = iphoneos;
				TARGETED_DEVICE_FAMILY = "1,2";
				VERSIONING_SYSTEM = "apple-generic";
				VERSION_INFO_PREFIX = "";
			};
			name = Debug;
		};
		77AAE51E1A32D26500998E36 /* Release */ = {
			isa = XCBuildConfiguration;
			buildSettings = {
				ALWAYS_SEARCH_USER_PATHS = NO;
				CLANG_CXX_LANGUAGE_STANDARD = "gnu++0x";
				CLANG_CXX_LIBRARY = "libc++";
				CLANG_ENABLE_MODULES = YES;
				CLANG_ENABLE_OBJC_ARC = YES;
				CLANG_WARN_BOOL_CONVERSION = YES;
				CLANG_WARN_CONSTANT_CONVERSION = YES;
				CLANG_WARN_DIRECT_OBJC_ISA_USAGE = YES_ERROR;
				CLANG_WARN_EMPTY_BODY = YES;
				CLANG_WARN_ENUM_CONVERSION = YES;
				CLANG_WARN_INT_CONVERSION = YES;
				CLANG_WARN_OBJC_ROOT_CLASS = YES_ERROR;
				CLANG_WARN_UNREACHABLE_CODE = YES;
				CLANG_WARN__DUPLICATE_METHOD_MATCH = YES;
				"CODE_SIGN_IDENTITY[sdk=iphoneos*]" = "iPhone Developer";
				COPY_PHASE_STRIP = YES;
				CURRENT_PROJECT_VERSION = 1;
				ENABLE_NS_ASSERTIONS = NO;
				ENABLE_STRICT_OBJC_MSGSEND = YES;
				FRAMEWORK_SEARCH_PATHS = "$(BUILD_PRODUCTS_DIR)/";
				GCC_C_LANGUAGE_STANDARD = gnu99;
				GCC_TREAT_WARNINGS_AS_ERRORS = YES;
				GCC_WARN_64_TO_32_BIT_CONVERSION = YES;
				GCC_WARN_ABOUT_RETURN_TYPE = YES_ERROR;
				GCC_WARN_UNDECLARED_SELECTOR = YES;
				GCC_WARN_UNINITIALIZED_AUTOS = YES_AGGRESSIVE;
				GCC_WARN_UNUSED_FUNCTION = YES;
				GCC_WARN_UNUSED_VARIABLE = YES;
				HEADER_SEARCH_PATHS = (
					"$(inherited)",
					"$(SRCROOT)/Shared/",
					/Applications/Xcode.app/Contents/Developer/Toolchains/XcodeDefault.xctoolchain/usr/include,
				);
				IPHONEOS_DEPLOYMENT_TARGET = 8.1;
				RUN_CLANG_STATIC_ANALYZER = YES;
				SDKROOT = iphoneos;
				TARGETED_DEVICE_FAMILY = "1,2";
				VALIDATE_PRODUCT = YES;
				VERSIONING_SYSTEM = "apple-generic";
				VERSION_INFO_PREFIX = "";
			};
			name = Release;
		};
		77AAE5201A32D26500998E36 /* Debug */ = {
			isa = XCBuildConfiguration;
			buildSettings = {
				DEFINES_MODULE = YES;
				DYLIB_COMPATIBILITY_VERSION = 1;
				DYLIB_CURRENT_VERSION = 1;
				DYLIB_INSTALL_NAME_BASE = "@rpath";
				EMBEDDED_CONTENT_CONTAINS_SWIFT = YES;
				FRAMEWORK_SEARCH_PATHS = "$(inherited)";
				GCC_PREFIX_HEADER = "$(SRCROOT)/iOS/Dials-iOS.pch";
				INFOPLIST_FILE = iOS/Info.plist;
				INSTALL_PATH = "$(LOCAL_LIBRARY_DIR)/Frameworks";
				LD_RUNPATH_SEARCH_PATHS = "$(inherited) @executable_path/Frameworks @loader_path/Frameworks";
				LIBRARY_SEARCH_PATHS = "$(inherited)";
				OTHER_LDFLAGS = "-ObjC";
				PRODUCT_NAME = "$(TARGET_NAME)";
				SKIP_INSTALL = YES;
				SWIFT_OBJC_BRIDGING_HEADER = "$(SRCROOT)/iOS/Bridging-Header.h";
				SWIFT_OPTIMIZATION_LEVEL = "-Onone";
			};
			name = Debug;
		};
		77AAE5211A32D26500998E36 /* Release */ = {
			isa = XCBuildConfiguration;
			buildSettings = {
				DEFINES_MODULE = YES;
				DYLIB_COMPATIBILITY_VERSION = 1;
				DYLIB_CURRENT_VERSION = 1;
				DYLIB_INSTALL_NAME_BASE = "@rpath";
				EMBEDDED_CONTENT_CONTAINS_SWIFT = YES;
				FRAMEWORK_SEARCH_PATHS = "$(inherited)";
				GCC_PREFIX_HEADER = "$(SRCROOT)/iOS/Dials-iOS.pch";
				INFOPLIST_FILE = iOS/Info.plist;
				INSTALL_PATH = "$(LOCAL_LIBRARY_DIR)/Frameworks";
				LD_RUNPATH_SEARCH_PATHS = "$(inherited) @executable_path/Frameworks @loader_path/Frameworks";
				LIBRARY_SEARCH_PATHS = "$(inherited)";
				OTHER_LDFLAGS = "-ObjC";
				PRODUCT_NAME = "$(TARGET_NAME)";
				SKIP_INSTALL = YES;
				SWIFT_OBJC_BRIDGING_HEADER = "$(SRCROOT)/iOS/Bridging-Header.h";
				SWIFT_WHOLE_MODULE_OPTIMIZATION = YES;
			};
			name = Release;
		};
/* End XCBuildConfiguration section */

/* Begin XCConfigurationList section */
		77AAE5031A32D26500998E36 /* Build configuration list for PBXProject "Dials-iOS" */ = {
			isa = XCConfigurationList;
			buildConfigurations = (
				77AAE51D1A32D26500998E36 /* Debug */,
				77AAE51E1A32D26500998E36 /* Release */,
			);
			defaultConfigurationIsVisible = 0;
			defaultConfigurationName = Release;
		};
		77AAE51F1A32D26500998E36 /* Build configuration list for PBXNativeTarget "Dials" */ = {
			isa = XCConfigurationList;
			buildConfigurations = (
				77AAE5201A32D26500998E36 /* Debug */,
				77AAE5211A32D26500998E36 /* Release */,
			);
			defaultConfigurationIsVisible = 0;
			defaultConfigurationName = Release;
		};
/* End XCConfigurationList section */
	};
	rootObject = 77AAE5001A32D26500998E36 /* Project object */;
}
