// !$*UTF8*$!
{
	archiveVersion = 1;
	classes = {
	};
	objectVersion = 46;
	objects = {

/* Begin PBXBuildFile section */
		774D15DB1AB4C62F00613F24 /* DLSToggleDescription.m in Sources */ = {isa = PBXBuildFile; fileRef = 774D15D91AB4C62F00613F24 /* DLSToggleDescription.m */; };
		774D15DC1AB4C62F00613F24 /* DLSToggleDescription.m in Sources */ = {isa = PBXBuildFile; fileRef = 774D15D91AB4C62F00613F24 /* DLSToggleDescription.m */; };
		774D15E21AB4CE0C00613F24 /* DLSTypeDescription.h in Headers */ = {isa = PBXBuildFile; fileRef = 774D15B91AB4B92C00613F24 /* DLSTypeDescription.h */; settings = {ATTRIBUTES = (Public, ); }; };
		774D15E31AB4CE0C00613F24 /* DLSToggleDescription.h in Headers */ = {isa = PBXBuildFile; fileRef = 774D15D81AB4C62F00613F24 /* DLSToggleDescription.h */; settings = {ATTRIBUTES = (Public, ); }; };
		774D15E41AB4CE0C00613F24 /* DLSSliderDescription.h in Headers */ = {isa = PBXBuildFile; fileRef = 77A8B1E21A7436A800A2D09E /* DLSSliderDescription.h */; settings = {ATTRIBUTES = (Public, ); }; };
		774D15E51AB4CE0E00613F24 /* DLSTypeDescription.h in Headers */ = {isa = PBXBuildFile; fileRef = 774D15B91AB4B92C00613F24 /* DLSTypeDescription.h */; settings = {ATTRIBUTES = (Public, ); }; };
		774D15E61AB4CE0E00613F24 /* DLSToggleDescription.h in Headers */ = {isa = PBXBuildFile; fileRef = 774D15D81AB4C62F00613F24 /* DLSToggleDescription.h */; settings = {ATTRIBUTES = (Public, ); }; };
		774D15E71AB4CE0E00613F24 /* DLSSliderDescription.h in Headers */ = {isa = PBXBuildFile; fileRef = 77A8B1E21A7436A800A2D09E /* DLSSliderDescription.h */; settings = {ATTRIBUTES = (Public, ); }; };
		774D15EB1AB4EFC900613F24 /* DLSRemovable.h in Headers */ = {isa = PBXBuildFile; fileRef = 774D15E81AB4EEA100613F24 /* DLSRemovable.h */; settings = {ATTRIBUTES = (Public, ); }; };
		774D15F81AB5387800613F24 /* DLSLiveDialsMessages.h in Headers */ = {isa = PBXBuildFile; fileRef = 774D15F61AB5387800613F24 /* DLSLiveDialsMessages.h */; };
		774D15F91AB5387800613F24 /* DLSLiveDialsMessages.h in Headers */ = {isa = PBXBuildFile; fileRef = 774D15F61AB5387800613F24 /* DLSLiveDialsMessages.h */; };
		774D15FA1AB5387800613F24 /* DLSLiveDialsMessages.m in Sources */ = {isa = PBXBuildFile; fileRef = 774D15F71AB5387800613F24 /* DLSLiveDialsMessages.m */; };
		774D15FB1AB5387800613F24 /* DLSLiveDialsMessages.m in Sources */ = {isa = PBXBuildFile; fileRef = 774D15F71AB5387800613F24 /* DLSLiveDialsMessages.m */; };
		774D15FF1AB53B7D00613F24 /* DLSLiveDial.h in Headers */ = {isa = PBXBuildFile; fileRef = 774D15FD1AB53B7D00613F24 /* DLSLiveDial.h */; };
		774D16001AB53B7D00613F24 /* DLSLiveDial.h in Headers */ = {isa = PBXBuildFile; fileRef = 774D15FD1AB53B7D00613F24 /* DLSLiveDial.h */; };
		774D16011AB53B7D00613F24 /* DLSLiveDial.m in Sources */ = {isa = PBXBuildFile; fileRef = 774D15FE1AB53B7D00613F24 /* DLSLiveDial.m */; };
		774D16021AB53B7D00613F24 /* DLSLiveDial.m in Sources */ = {isa = PBXBuildFile; fileRef = 774D15FE1AB53B7D00613F24 /* DLSLiveDial.m */; };
		774D16081AB5430200613F24 /* DLSActionDescription.h in Headers */ = {isa = PBXBuildFile; fileRef = 774D16061AB5430200613F24 /* DLSActionDescription.h */; settings = {ATTRIBUTES = (Public, ); }; };
		774D16091AB5430200613F24 /* DLSActionDescription.h in Headers */ = {isa = PBXBuildFile; fileRef = 774D16061AB5430200613F24 /* DLSActionDescription.h */; settings = {ATTRIBUTES = (Public, ); }; };
		774D160A1AB5430200613F24 /* DLSActionDescription.m in Sources */ = {isa = PBXBuildFile; fileRef = 774D16071AB5430200613F24 /* DLSActionDescription.m */; };
		774D160B1AB5430200613F24 /* DLSActionDescription.m in Sources */ = {isa = PBXBuildFile; fileRef = 774D16071AB5430200613F24 /* DLSActionDescription.m */; };
		779250E31A3358C800CCC229 /* DLSConstants.m in Sources */ = {isa = PBXBuildFile; fileRef = 779250E21A3358C800CCC229 /* DLSConstants.m */; };
		779250E41A3358DE00CCC229 /* DLSConstants.m in Sources */ = {isa = PBXBuildFile; fileRef = 779250E21A3358C800CCC229 /* DLSConstants.m */; };
		77A8B1E51A7436A800A2D09E /* DLSSliderDescription.m in Sources */ = {isa = PBXBuildFile; fileRef = 77A8B1E31A7436A800A2D09E /* DLSSliderDescription.m */; };
		77A8B1E61A7436A800A2D09E /* DLSSliderDescription.m in Sources */ = {isa = PBXBuildFile; fileRef = 77A8B1E31A7436A800A2D09E /* DLSSliderDescription.m */; };
		77DD9B2B1A3398D500F17C1E /* DLSChannelStream.m in Sources */ = {isa = PBXBuildFile; fileRef = 77DD9B2A1A3398D000F17C1E /* DLSChannelStream.m */; };
		77DD9B2C1A3398D800F17C1E /* DLSChannelStream.m in Sources */ = {isa = PBXBuildFile; fileRef = 77DD9B2A1A3398D000F17C1E /* DLSChannelStream.m */; };
		77DD9B2F1A339A0600F17C1E /* DLSBufferedStreamReader.h in Headers */ = {isa = PBXBuildFile; fileRef = 77DD9B2D1A339A0600F17C1E /* DLSBufferedStreamReader.h */; };
		77DD9B301A339A0600F17C1E /* DLSBufferedStreamReader.m in Sources */ = {isa = PBXBuildFile; fileRef = 77DD9B2E1A339A0600F17C1E /* DLSBufferedStreamReader.m */; };
		77DD9B311A339A0600F17C1E /* DLSBufferedStreamReader.m in Sources */ = {isa = PBXBuildFile; fileRef = 77DD9B2E1A339A0600F17C1E /* DLSBufferedStreamReader.m */; };
		77DD9B341A33A0F400F17C1E /* DLSBufferedStreamWriter.h in Headers */ = {isa = PBXBuildFile; fileRef = 77DD9B321A33A0F400F17C1E /* DLSBufferedStreamWriter.h */; };
		77DD9B351A33A0F400F17C1E /* DLSBufferedStreamWriter.m in Sources */ = {isa = PBXBuildFile; fileRef = 77DD9B331A33A0F400F17C1E /* DLSBufferedStreamWriter.m */; };
		77DD9B361A33A0F400F17C1E /* DLSBufferedStreamWriter.m in Sources */ = {isa = PBXBuildFile; fileRef = 77DD9B331A33A0F400F17C1E /* DLSBufferedStreamWriter.m */; };
		77F4F58F1A33B43F00A48A76 /* DLSBufferedStream.h in Headers */ = {isa = PBXBuildFile; fileRef = 77F4F58D1A33B43F00A48A76 /* DLSBufferedStream.h */; };
		77F4F5951A33B5D800A48A76 /* DLSOwnedChannel.m in Sources */ = {isa = PBXBuildFile; fileRef = 77F4F5931A33B5D800A48A76 /* DLSOwnedChannel.m */; };
		77F4F5961A33B5D800A48A76 /* DLSOwnedChannel.m in Sources */ = {isa = PBXBuildFile; fileRef = 77F4F5931A33B5D800A48A76 /* DLSOwnedChannel.m */; };
		77F4F5AE1A354FD100A48A76 /* NSObject+DLSDeallocAction.h in Headers */ = {isa = PBXBuildFile; fileRef = 77F4F5AC1A354FD100A48A76 /* NSObject+DLSDeallocAction.h */; };
		77F4F5AF1A354FD100A48A76 /* NSObject+DLSDeallocAction.m in Sources */ = {isa = PBXBuildFile; fileRef = 77F4F5AD1A354FD100A48A76 /* NSObject+DLSDeallocAction.m */; };
		77F4F5B01A354FD100A48A76 /* NSObject+DLSDeallocAction.m in Sources */ = {isa = PBXBuildFile; fileRef = 77F4F5AD1A354FD100A48A76 /* NSObject+DLSDeallocAction.m */; };
/* End PBXBuildFile section */

/* Begin PBXCopyFilesBuildPhase section */
		779250A51A3351D500CCC229 /* CopyFiles */ = {
			isa = PBXCopyFilesBuildPhase;
			buildActionMask = 2147483647;
			dstPath = "include/$(PRODUCT_NAME)";
			dstSubfolderSpec = 16;
			files = (
			);
			runOnlyForDeploymentPostprocessing = 0;
		};
/* End PBXCopyFilesBuildPhase section */

/* Begin PBXFileReference section */
		774D15B91AB4B92C00613F24 /* DLSTypeDescription.h */ = {isa = PBXFileReference; lastKnownFileType = sourcecode.c.h; name = DLSTypeDescription.h; path = Shared/DLSTypeDescription.h; sourceTree = SOURCE_ROOT; };
		774D15D81AB4C62F00613F24 /* DLSToggleDescription.h */ = {isa = PBXFileReference; fileEncoding = 4; lastKnownFileType = sourcecode.c.h; name = DLSToggleDescription.h; path = Shared/DLSToggleDescription.h; sourceTree = SOURCE_ROOT; };
		774D15D91AB4C62F00613F24 /* DLSToggleDescription.m */ = {isa = PBXFileReference; fileEncoding = 4; lastKnownFileType = sourcecode.c.objc; name = DLSToggleDescription.m; path = Shared/DLSToggleDescription.m; sourceTree = SOURCE_ROOT; };
		774D15E81AB4EEA100613F24 /* DLSRemovable.h */ = {isa = PBXFileReference; fileEncoding = 4; lastKnownFileType = sourcecode.c.h; name = DLSRemovable.h; path = Shared/DLSRemovable.h; sourceTree = SOURCE_ROOT; };
		774D15F61AB5387800613F24 /* DLSLiveDialsMessages.h */ = {isa = PBXFileReference; fileEncoding = 4; lastKnownFileType = sourcecode.c.h; name = DLSLiveDialsMessages.h; path = Shared/DLSLiveDialsMessages.h; sourceTree = SOURCE_ROOT; };
		774D15F71AB5387800613F24 /* DLSLiveDialsMessages.m */ = {isa = PBXFileReference; fileEncoding = 4; lastKnownFileType = sourcecode.c.objc; name = DLSLiveDialsMessages.m; path = Shared/DLSLiveDialsMessages.m; sourceTree = SOURCE_ROOT; };
		774D15FD1AB53B7D00613F24 /* DLSLiveDial.h */ = {isa = PBXFileReference; fileEncoding = 4; lastKnownFileType = sourcecode.c.h; name = DLSLiveDial.h; path = Shared/DLSLiveDial.h; sourceTree = SOURCE_ROOT; };
		774D15FE1AB53B7D00613F24 /* DLSLiveDial.m */ = {isa = PBXFileReference; fileEncoding = 4; lastKnownFileType = sourcecode.c.objc; name = DLSLiveDial.m; path = Shared/DLSLiveDial.m; sourceTree = SOURCE_ROOT; };
		774D16061AB5430200613F24 /* DLSActionDescription.h */ = {isa = PBXFileReference; fileEncoding = 4; lastKnownFileType = sourcecode.c.h; name = DLSActionDescription.h; path = Shared/DLSActionDescription.h; sourceTree = SOURCE_ROOT; };
		774D16071AB5430200613F24 /* DLSActionDescription.m */ = {isa = PBXFileReference; fileEncoding = 4; lastKnownFileType = sourcecode.c.objc; name = DLSActionDescription.m; path = Shared/DLSActionDescription.m; sourceTree = SOURCE_ROOT; };
		779250A71A3351D500CCC229 /* libDialsShared-iOS.a */ = {isa = PBXFileReference; explicitFileType = archive.ar; includeInIndex = 0; path = "libDialsShared-iOS.a"; sourceTree = BUILT_PRODUCTS_DIR; };
		779250C31A3353D000CCC229 /* libDialsShared-Desktop.a */ = {isa = PBXFileReference; explicitFileType = archive.ar; includeInIndex = 0; path = "libDialsShared-Desktop.a"; sourceTree = BUILT_PRODUCTS_DIR; };
		779250E01A3358C800CCC229 /* DialsShared.h */ = {isa = PBXFileReference; fileEncoding = 4; lastKnownFileType = sourcecode.c.h; name = DialsShared.h; path = Shared/DialsShared.h; sourceTree = SOURCE_ROOT; };
		779250E11A3358C800CCC229 /* DLSConstants.h */ = {isa = PBXFileReference; fileEncoding = 4; lastKnownFileType = sourcecode.c.h; name = DLSConstants.h; path = Shared/DLSConstants.h; sourceTree = SOURCE_ROOT; };
		779250E21A3358C800CCC229 /* DLSConstants.m */ = {isa = PBXFileReference; fileEncoding = 4; lastKnownFileType = sourcecode.c.objc; name = DLSConstants.m; path = Shared/DLSConstants.m; sourceTree = SOURCE_ROOT; };
		77A8B1E21A7436A800A2D09E /* DLSSliderDescription.h */ = {isa = PBXFileReference; fileEncoding = 4; lastKnownFileType = sourcecode.c.h; name = DLSSliderDescription.h; path = Shared/DLSSliderDescription.h; sourceTree = SOURCE_ROOT; };
		77A8B1E31A7436A800A2D09E /* DLSSliderDescription.m */ = {isa = PBXFileReference; fileEncoding = 4; lastKnownFileType = sourcecode.c.objc; name = DLSSliderDescription.m; path = Shared/DLSSliderDescription.m; sourceTree = SOURCE_ROOT; };
		77DD9B291A3398D000F17C1E /* DLSChannelStream.h */ = {isa = PBXFileReference; lastKnownFileType = sourcecode.c.h; name = DLSChannelStream.h; path = Shared/DLSChannelStream.h; sourceTree = SOURCE_ROOT; };
		77DD9B2A1A3398D000F17C1E /* DLSChannelStream.m */ = {isa = PBXFileReference; lastKnownFileType = sourcecode.c.objc; name = DLSChannelStream.m; path = Shared/DLSChannelStream.m; sourceTree = SOURCE_ROOT; };
		77DD9B2D1A339A0600F17C1E /* DLSBufferedStreamReader.h */ = {isa = PBXFileReference; fileEncoding = 4; lastKnownFileType = sourcecode.c.h; name = DLSBufferedStreamReader.h; path = Shared/DLSBufferedStreamReader.h; sourceTree = SOURCE_ROOT; };
		77DD9B2E1A339A0600F17C1E /* DLSBufferedStreamReader.m */ = {isa = PBXFileReference; fileEncoding = 4; lastKnownFileType = sourcecode.c.objc; name = DLSBufferedStreamReader.m; path = Shared/DLSBufferedStreamReader.m; sourceTree = SOURCE_ROOT; };
		77DD9B321A33A0F400F17C1E /* DLSBufferedStreamWriter.h */ = {isa = PBXFileReference; fileEncoding = 4; lastKnownFileType = sourcecode.c.h; name = DLSBufferedStreamWriter.h; path = Shared/DLSBufferedStreamWriter.h; sourceTree = SOURCE_ROOT; };
		77DD9B331A33A0F400F17C1E /* DLSBufferedStreamWriter.m */ = {isa = PBXFileReference; fileEncoding = 4; lastKnownFileType = sourcecode.c.objc; name = DLSBufferedStreamWriter.m; path = Shared/DLSBufferedStreamWriter.m; sourceTree = SOURCE_ROOT; };
		77F4F58D1A33B43F00A48A76 /* DLSBufferedStream.h */ = {isa = PBXFileReference; fileEncoding = 4; lastKnownFileType = sourcecode.c.h; name = DLSBufferedStream.h; path = Shared/DLSBufferedStream.h; sourceTree = SOURCE_ROOT; };
		77F4F5921A33B5D800A48A76 /* DLSOwnedChannel.h */ = {isa = PBXFileReference; fileEncoding = 4; lastKnownFileType = sourcecode.c.h; name = DLSOwnedChannel.h; path = Shared/DLSOwnedChannel.h; sourceTree = SOURCE_ROOT; };
		77F4F5931A33B5D800A48A76 /* DLSOwnedChannel.m */ = {isa = PBXFileReference; fileEncoding = 4; lastKnownFileType = sourcecode.c.objc; name = DLSOwnedChannel.m; path = Shared/DLSOwnedChannel.m; sourceTree = SOURCE_ROOT; };
		77F4F5AC1A354FD100A48A76 /* NSObject+DLSDeallocAction.h */ = {isa = PBXFileReference; fileEncoding = 4; lastKnownFileType = sourcecode.c.h; name = "NSObject+DLSDeallocAction.h"; path = "Shared/NSObject+DLSDeallocAction.h"; sourceTree = SOURCE_ROOT; };
		77F4F5AD1A354FD100A48A76 /* NSObject+DLSDeallocAction.m */ = {isa = PBXFileReference; fileEncoding = 4; lastKnownFileType = sourcecode.c.objc; name = "NSObject+DLSDeallocAction.m"; path = "Shared/NSObject+DLSDeallocAction.m"; sourceTree = SOURCE_ROOT; };
/* End PBXFileReference section */

/* Begin PBXFrameworksBuildPhase section */
		779250A41A3351D500CCC229 /* Frameworks */ = {
			isa = PBXFrameworksBuildPhase;
			buildActionMask = 2147483647;
			files = (
			);
			runOnlyForDeploymentPostprocessing = 0;
		};
		779250C01A3353D000CCC229 /* Frameworks */ = {
			isa = PBXFrameworksBuildPhase;
			buildActionMask = 2147483647;
			files = (
			);
			runOnlyForDeploymentPostprocessing = 0;
		};
/* End PBXFrameworksBuildPhase section */

/* Begin PBXGroup section */
		774D15D71AB4C5F600613F24 /* Type Descriptions */ = {
			isa = PBXGroup;
			children = (
				774D16061AB5430200613F24 /* DLSActionDescription.h */,
				774D16071AB5430200613F24 /* DLSActionDescription.m */,
				774D15D81AB4C62F00613F24 /* DLSToggleDescription.h */,
				774D15D91AB4C62F00613F24 /* DLSToggleDescription.m */,
				77A8B1E21A7436A800A2D09E /* DLSSliderDescription.h */,
				77A8B1E31A7436A800A2D09E /* DLSSliderDescription.m */,
				774D15B91AB4B92C00613F24 /* DLSTypeDescription.h */,
			);
			name = "Type Descriptions";
			sourceTree = "<group>";
		};
		774D15FC1AB5388100613F24 /* Buffers */ = {
			isa = PBXGroup;
			children = (
				77F4F58D1A33B43F00A48A76 /* DLSBufferedStream.h */,
				77DD9B2D1A339A0600F17C1E /* DLSBufferedStreamReader.h */,
				77DD9B2E1A339A0600F17C1E /* DLSBufferedStreamReader.m */,
				77DD9B321A33A0F400F17C1E /* DLSBufferedStreamWriter.h */,
				77DD9B331A33A0F400F17C1E /* DLSBufferedStreamWriter.m */,
				77DD9B291A3398D000F17C1E /* DLSChannelStream.h */,
				77DD9B2A1A3398D000F17C1E /* DLSChannelStream.m */,
			);
			name = Buffers;
			sourceTree = "<group>";
		};
		7764150C1A32C1D1005E381A = {
			isa = PBXGroup;
			children = (
				776415181A32C1D1005E381A /* Source */,
				776415171A32C1D1005E381A /* Products */,
			);
			sourceTree = "<group>";
		};
		776415171A32C1D1005E381A /* Products */ = {
			isa = PBXGroup;
			children = (
				779250A71A3351D500CCC229 /* libDialsShared-iOS.a */,
				779250C31A3353D000CCC229 /* libDialsShared-Desktop.a */,
			);
			name = Products;
			sourceTree = "<group>";
		};
		776415181A32C1D1005E381A /* Source */ = {
			isa = PBXGroup;
			children = (
				774D15FD1AB53B7D00613F24 /* DLSLiveDial.h */,
				774D15FE1AB53B7D00613F24 /* DLSLiveDial.m */,
				774D15E81AB4EEA100613F24 /* DLSRemovable.h */,
				774D15FC1AB5388100613F24 /* Buffers */,
				774D15D71AB4C5F600613F24 /* Type Descriptions */,
				77F4F5AC1A354FD100A48A76 /* NSObject+DLSDeallocAction.h */,
				77F4F5AD1A354FD100A48A76 /* NSObject+DLSDeallocAction.m */,
				774D15F61AB5387800613F24 /* DLSLiveDialsMessages.h */,
				774D15F71AB5387800613F24 /* DLSLiveDialsMessages.m */,
				77F4F5921A33B5D800A48A76 /* DLSOwnedChannel.h */,
				77F4F5931A33B5D800A48A76 /* DLSOwnedChannel.m */,
				779250E01A3358C800CCC229 /* DialsShared.h */,
				779250E11A3358C800CCC229 /* DLSConstants.h */,
				779250E21A3358C800CCC229 /* DLSConstants.m */,
			);
			name = Source;
			path = DialsShared;
			sourceTree = "<group>";
		};
/* End PBXGroup section */

/* Begin PBXHeadersBuildPhase section */
		774D15DF1AB4CDFE00613F24 /* Headers */ = {
			isa = PBXHeadersBuildPhase;
			buildActionMask = 2147483647;
			files = (
				774D15EB1AB4EFC900613F24 /* DLSRemovable.h in Headers */,
				774D15E71AB4CE0E00613F24 /* DLSSliderDescription.h in Headers */,
				774D15E51AB4CE0E00613F24 /* DLSTypeDescription.h in Headers */,
				774D15E61AB4CE0E00613F24 /* DLSToggleDescription.h in Headers */,
				774D16081AB5430200613F24 /* DLSActionDescription.h in Headers */,
				774D15FF1AB53B7D00613F24 /* DLSLiveDial.h in Headers */,
				774D15F81AB5387800613F24 /* DLSLiveDialsMessages.h in Headers */,
			);
			runOnlyForDeploymentPostprocessing = 0;
		};
		779250C11A3353D000CCC229 /* Headers */ = {
			isa = PBXHeadersBuildPhase;
			buildActionMask = 2147483647;
			files = (
				77F4F58F1A33B43F00A48A76 /* DLSBufferedStream.h in Headers */,
				774D16001AB53B7D00613F24 /* DLSLiveDial.h in Headers */,
				774D15E21AB4CE0C00613F24 /* DLSTypeDescription.h in Headers */,
				77F4F5AE1A354FD100A48A76 /* NSObject+DLSDeallocAction.h in Headers */,
				774D15E31AB4CE0C00613F24 /* DLSToggleDescription.h in Headers */,
				774D15F91AB5387800613F24 /* DLSLiveDialsMessages.h in Headers */,
				774D15E41AB4CE0C00613F24 /* DLSSliderDescription.h in Headers */,
				77DD9B341A33A0F400F17C1E /* DLSBufferedStreamWriter.h in Headers */,
				77DD9B2F1A339A0600F17C1E /* DLSBufferedStreamReader.h in Headers */,
				774D16091AB5430200613F24 /* DLSActionDescription.h in Headers */,
			);
			runOnlyForDeploymentPostprocessing = 0;
		};
/* End PBXHeadersBuildPhase section */

/* Begin PBXNativeTarget section */
		779250A61A3351D500CCC229 /* DialsShared-iOS */ = {
			isa = PBXNativeTarget;
			buildConfigurationList = 779250B81A3351D600CCC229 /* Build configuration list for PBXNativeTarget "DialsShared-iOS" */;
			buildPhases = (
				779250A31A3351D500CCC229 /* Sources */,
				779250A41A3351D500CCC229 /* Frameworks */,
				779250A51A3351D500CCC229 /* CopyFiles */,
				774D15DF1AB4CDFE00613F24 /* Headers */,
			);
			buildRules = (
			);
			dependencies = (
			);
			name = "DialsShared-iOS";
			productName = "DialsShared-iOS";
			productReference = 779250A71A3351D500CCC229 /* libDialsShared-iOS.a */;
			productType = "com.apple.product-type.library.static";
		};
		779250C21A3353D000CCC229 /* DialsShared-Desktop */ = {
			isa = PBXNativeTarget;
			buildConfigurationList = 779250D41A3353D000CCC229 /* Build configuration list for PBXNativeTarget "DialsShared-Desktop" */;
			buildPhases = (
				779250BF1A3353D000CCC229 /* Sources */,
				779250C01A3353D000CCC229 /* Frameworks */,
				779250C11A3353D000CCC229 /* Headers */,
			);
			buildRules = (
			);
			dependencies = (
			);
			name = "DialsShared-Desktop";
			productName = DialsShared_Desktop;
			productReference = 779250C31A3353D000CCC229 /* libDialsShared-Desktop.a */;
			productType = "com.apple.product-type.library.static";
		};
/* End PBXNativeTarget section */

/* Begin PBXProject section */
		7764150D1A32C1D1005E381A /* Project object */ = {
			isa = PBXProject;
			attributes = {
				LastUpgradeCheck = 0610;
				ORGANIZATIONNAME = "Akiva Leffert";
				TargetAttributes = {
					779250A61A3351D500CCC229 = {
						CreatedOnToolsVersion = 6.1.1;
					};
					779250C21A3353D000CCC229 = {
						CreatedOnToolsVersion = 6.1.1;
					};
				};
			};
			buildConfigurationList = 776415101A32C1D1005E381A /* Build configuration list for PBXProject "Dials-Shared" */;
			compatibilityVersion = "Xcode 3.2";
			developmentRegion = English;
			hasScannedForEncodings = 0;
			knownRegions = (
				en,
			);
			mainGroup = 7764150C1A32C1D1005E381A;
			productRefGroup = 776415171A32C1D1005E381A /* Products */;
			projectDirPath = "";
			projectRoot = "";
			targets = (
				779250A61A3351D500CCC229 /* DialsShared-iOS */,
				779250C21A3353D000CCC229 /* DialsShared-Desktop */,
			);
		};
/* End PBXProject section */

/* Begin PBXSourcesBuildPhase section */
		779250A31A3351D500CCC229 /* Sources */ = {
			isa = PBXSourcesBuildPhase;
			buildActionMask = 2147483647;
			files = (
				77DD9B301A339A0600F17C1E /* DLSBufferedStreamReader.m in Sources */,
				77DD9B2C1A3398D800F17C1E /* DLSChannelStream.m in Sources */,
				774D15DB1AB4C62F00613F24 /* DLSToggleDescription.m in Sources */,
				774D160A1AB5430200613F24 /* DLSActionDescription.m in Sources */,
				77F4F5951A33B5D800A48A76 /* DLSOwnedChannel.m in Sources */,
				779250E31A3358C800CCC229 /* DLSConstants.m in Sources */,
				774D15FA1AB5387800613F24 /* DLSLiveDialsMessages.m in Sources */,
				77F4F5AF1A354FD100A48A76 /* NSObject+DLSDeallocAction.m in Sources */,
				77DD9B351A33A0F400F17C1E /* DLSBufferedStreamWriter.m in Sources */,
				77A8B1E51A7436A800A2D09E /* DLSSliderDescription.m in Sources */,
				774D16011AB53B7D00613F24 /* DLSLiveDial.m in Sources */,
			);
			runOnlyForDeploymentPostprocessing = 0;
		};
		779250BF1A3353D000CCC229 /* Sources */ = {
			isa = PBXSourcesBuildPhase;
			buildActionMask = 2147483647;
			files = (
				774D16021AB53B7D00613F24 /* DLSLiveDial.m in Sources */,
				77DD9B311A339A0600F17C1E /* DLSBufferedStreamReader.m in Sources */,
				77DD9B2B1A3398D500F17C1E /* DLSChannelStream.m in Sources */,
				774D15DC1AB4C62F00613F24 /* DLSToggleDescription.m in Sources */,
				77F4F5961A33B5D800A48A76 /* DLSOwnedChannel.m in Sources */,
				779250E41A3358DE00CCC229 /* DLSConstants.m in Sources */,
				77F4F5B01A354FD100A48A76 /* NSObject+DLSDeallocAction.m in Sources */,
				77DD9B361A33A0F400F17C1E /* DLSBufferedStreamWriter.m in Sources */,
				77A8B1E61A7436A800A2D09E /* DLSSliderDescription.m in Sources */,
				774D160B1AB5430200613F24 /* DLSActionDescription.m in Sources */,
				774D15FB1AB5387800613F24 /* DLSLiveDialsMessages.m in Sources */,
			);
			runOnlyForDeploymentPostprocessing = 0;
		};
/* End PBXSourcesBuildPhase section */

/* Begin XCBuildConfiguration section */
		7764152A1A32C1D1005E381A /* Debug */ = {
			isa = XCBuildConfiguration;
			buildSettings = {
				ALWAYS_SEARCH_USER_PATHS = NO;
				CLANG_CXX_LANGUAGE_STANDARD = "gnu++0x";
				CLANG_CXX_LIBRARY = "libc++";
				CLANG_ENABLE_MODULES = YES;
				CLANG_ENABLE_OBJC_ARC = YES;
				CLANG_WARN_BOOL_CONVERSION = YES;
				CLANG_WARN_CONSTANT_CONVERSION = YES;
				CLANG_WARN_DIRECT_OBJC_ISA_USAGE = YES_ERROR;
				CLANG_WARN_EMPTY_BODY = YES;
				CLANG_WARN_ENUM_CONVERSION = YES;
				CLANG_WARN_INT_CONVERSION = YES;
				CLANG_WARN_OBJC_ROOT_CLASS = YES_ERROR;
				CLANG_WARN_UNREACHABLE_CODE = YES;
				CLANG_WARN__DUPLICATE_METHOD_MATCH = YES;
				COPY_PHASE_STRIP = NO;
				CURRENT_PROJECT_VERSION = 1;
				ENABLE_STRICT_OBJC_MSGSEND = YES;
				GCC_C_LANGUAGE_STANDARD = gnu99;
				GCC_DYNAMIC_NO_PIC = NO;
				GCC_OPTIMIZATION_LEVEL = 0;
				GCC_PREPROCESSOR_DEFINITIONS = (
					"DEBUG=1",
					"$(inherited)",
				);
				GCC_SYMBOLS_PRIVATE_EXTERN = NO;
				GCC_TREAT_WARNINGS_AS_ERRORS = YES;
				GCC_WARN_64_TO_32_BIT_CONVERSION = YES;
				GCC_WARN_ABOUT_RETURN_TYPE = YES_ERROR;
				GCC_WARN_UNDECLARED_SELECTOR = YES;
				GCC_WARN_UNINITIALIZED_AUTOS = YES_AGGRESSIVE;
				GCC_WARN_UNUSED_FUNCTION = YES;
				GCC_WARN_UNUSED_VARIABLE = YES;
				MACOSX_DEPLOYMENT_TARGET = 10.10;
				MTL_ENABLE_DEBUG_INFO = YES;
				ONLY_ACTIVE_ARCH = YES;
				RUN_CLANG_STATIC_ANALYZER = YES;
				SDKROOT = macosx;
				SWIFT_OPTIMIZATION_LEVEL = "-Onone";
				VERSIONING_SYSTEM = "apple-generic";
				VERSION_INFO_PREFIX = "";
			};
			name = Debug;
		};
		7764152B1A32C1D1005E381A /* Release */ = {
			isa = XCBuildConfiguration;
			buildSettings = {
				ALWAYS_SEARCH_USER_PATHS = NO;
				CLANG_CXX_LANGUAGE_STANDARD = "gnu++0x";
				CLANG_CXX_LIBRARY = "libc++";
				CLANG_ENABLE_MODULES = YES;
				CLANG_ENABLE_OBJC_ARC = YES;
				CLANG_WARN_BOOL_CONVERSION = YES;
				CLANG_WARN_CONSTANT_CONVERSION = YES;
				CLANG_WARN_DIRECT_OBJC_ISA_USAGE = YES_ERROR;
				CLANG_WARN_EMPTY_BODY = YES;
				CLANG_WARN_ENUM_CONVERSION = YES;
				CLANG_WARN_INT_CONVERSION = YES;
				CLANG_WARN_OBJC_ROOT_CLASS = YES_ERROR;
				CLANG_WARN_UNREACHABLE_CODE = YES;
				CLANG_WARN__DUPLICATE_METHOD_MATCH = YES;
				COPY_PHASE_STRIP = YES;
				CURRENT_PROJECT_VERSION = 1;
				DEBUG_INFORMATION_FORMAT = "dwarf-with-dsym";
				ENABLE_NS_ASSERTIONS = NO;
				ENABLE_STRICT_OBJC_MSGSEND = YES;
				GCC_C_LANGUAGE_STANDARD = gnu99;
				GCC_TREAT_WARNINGS_AS_ERRORS = YES;
				GCC_WARN_64_TO_32_BIT_CONVERSION = YES;
				GCC_WARN_ABOUT_RETURN_TYPE = YES_ERROR;
				GCC_WARN_UNDECLARED_SELECTOR = YES;
				GCC_WARN_UNINITIALIZED_AUTOS = YES_AGGRESSIVE;
				GCC_WARN_UNUSED_FUNCTION = YES;
				GCC_WARN_UNUSED_VARIABLE = YES;
				MACOSX_DEPLOYMENT_TARGET = 10.10;
				MTL_ENABLE_DEBUG_INFO = NO;
				RUN_CLANG_STATIC_ANALYZER = YES;
				SDKROOT = macosx;
				VERSIONING_SYSTEM = "apple-generic";
				VERSION_INFO_PREFIX = "";
			};
			name = Release;
		};
		779250B91A3351D600CCC229 /* Debug */ = {
			isa = XCBuildConfiguration;
			buildSettings = {
				GCC_PREPROCESSOR_DEFINITIONS = (
					"DEBUG=1",
					"$(inherited)",
				);
				IPHONEOS_DEPLOYMENT_TARGET = 8.1;
				OTHER_LDFLAGS = "-ObjC";
				PRODUCT_NAME = "$(TARGET_NAME)";
				PUBLIC_HEADERS_FOLDER_PATH = Dials.Framework/Headers/;
				SDKROOT = iphoneos;
				SKIP_INSTALL = YES;
			};
			name = Debug;
		};
		779250BA1A3351D600CCC229 /* Release */ = {
			isa = XCBuildConfiguration;
			buildSettings = {
				IPHONEOS_DEPLOYMENT_TARGET = 8.1;
				OTHER_LDFLAGS = "-ObjC";
				PRODUCT_NAME = "$(TARGET_NAME)";
				PUBLIC_HEADERS_FOLDER_PATH = Dials.Framework/Headers/;
				SDKROOT = iphoneos;
				SKIP_INSTALL = YES;
				VALIDATE_PRODUCT = YES;
			};
			name = Release;
		};
		779250D51A3353D000CCC229 /* Debug */ = {
			isa = XCBuildConfiguration;
			buildSettings = {
				EXECUTABLE_PREFIX = lib;
				GCC_PREPROCESSOR_DEFINITIONS = (
					"DEBUG=1",
					"$(inherited)",
				);
				PRODUCT_NAME = "$(TARGET_NAME)";
			};
			name = Debug;
		};
		779250D61A3353D000CCC229 /* Release */ = {
			isa = XCBuildConfiguration;
			buildSettings = {
				EXECUTABLE_PREFIX = lib;
				PRODUCT_NAME = "$(TARGET_NAME)";
			};
			name = Release;
		};
/* End XCBuildConfiguration section */

/* Begin XCConfigurationList section */
		776415101A32C1D1005E381A /* Build configuration list for PBXProject "Dials-Shared" */ = {
			isa = XCConfigurationList;
			buildConfigurations = (
				7764152A1A32C1D1005E381A /* Debug */,
				7764152B1A32C1D1005E381A /* Release */,
			);
			defaultConfigurationIsVisible = 0;
			defaultConfigurationName = Release;
		};
		779250B81A3351D600CCC229 /* Build configuration list for PBXNativeTarget "DialsShared-iOS" */ = {
			isa = XCConfigurationList;
			buildConfigurations = (
				779250B91A3351D600CCC229 /* Debug */,
				779250BA1A3351D600CCC229 /* Release */,
			);
			defaultConfigurationIsVisible = 0;
			defaultConfigurationName = Release;
		};
		779250D41A3353D000CCC229 /* Build configuration list for PBXNativeTarget "DialsShared-Desktop" */ = {
			isa = XCConfigurationList;
			buildConfigurations = (
				779250D51A3353D000CCC229 /* Debug */,
				779250D61A3353D000CCC229 /* Release */,
			);
			defaultConfigurationIsVisible = 0;
			defaultConfigurationName = Release;
		};
/* End XCConfigurationList section */
	};
	rootObject = 7764150D1A32C1D1005E381A /* Project object */;
}
