// !$*UTF8*$!
{
	archiveVersion = 1;
	classes = {
	};
	objectVersion = 46;
	objects = {

/* Begin PBXBuildFile section */
		770A09DD1B497A58007455F1 /* Dials.framework in CopyFiles */ = {isa = PBXBuildFile; fileRef = 77567B5D1AC6CCD100877A7B /* Dials.framework */; settings = {ATTRIBUTES = (CodeSignOnCopy, RemoveHeadersOnCopy, ); }; };
		771683441B1B60A1000A850F /* ExamplePlugin.swift in Sources */ = {isa = PBXBuildFile; fileRef = 771683431B1B60A1000A850F /* ExamplePlugin.swift */; };
		77567B581AC6C66900877A7B /* TestViewController.swift in Sources */ = {isa = PBXBuildFile; fileRef = 77567B571AC6C66900877A7B /* TestViewController.swift */; };
		77567B5E1AC6CCD100877A7B /* Dials.framework in Frameworks */ = {isa = PBXBuildFile; fileRef = 77567B5D1AC6CCD100877A7B /* Dials.framework */; };
		775AD31E1B1C984A0069A810 /* DLSExamplePlugin.m in Sources */ = {isa = PBXBuildFile; fileRef = 775AD31D1B1C984A0069A810 /* DLSExamplePlugin.m */; };
		775AD3221B1C99740069A810 /* DLSExamplePluginMessages.m in Sources */ = {isa = PBXBuildFile; fileRef = 775AD3211B1C99740069A810 /* DLSExamplePluginMessages.m */; };
		775AD3231B1C99740069A810 /* DLSExamplePluginMessages.m in Sources */ = {isa = PBXBuildFile; fileRef = 775AD3211B1C99740069A810 /* DLSExamplePluginMessages.m */; };
		7792504D1A3348B900CCC229 /* AppDelegate.m in Sources */ = {isa = PBXBuildFile; fileRef = 7792504A1A3348B900CCC229 /* AppDelegate.m */; };
		7792504E1A3348B900CCC229 /* ViewController.m in Sources */ = {isa = PBXBuildFile; fileRef = 7792504C1A3348B900CCC229 /* ViewController.m */; };
		779250571A3348C700CCC229 /* Images.xcassets in Resources */ = {isa = PBXBuildFile; fileRef = 779250541A3348C700CCC229 /* Images.xcassets */; };
		77AAE5341A33477E00998E36 /* main.m in Sources */ = {isa = PBXBuildFile; fileRef = 77AAE5331A33477E00998E36 /* main.m */; };
		77F4F5971A33B79200A48A76 /* LaunchScreen.xib in Resources */ = {isa = PBXBuildFile; fileRef = 779250501A3348C700CCC229 /* LaunchScreen.xib */; };
		77F4F5981A33B79200A48A76 /* Main.storyboard in Resources */ = {isa = PBXBuildFile; fileRef = 779250521A3348C700CCC229 /* Main.storyboard */; };
/* End PBXBuildFile section */

/* Begin PBXCopyFilesBuildPhase section */
		77567B691AC6FC6900877A7B /* CopyFiles */ = {
			isa = PBXCopyFilesBuildPhase;
			buildActionMask = 2147483647;
			dstPath = "";
			dstSubfolderSpec = 10;
			files = (
				770A09DD1B497A58007455F1 /* Dials.framework in CopyFiles */,
			);
			runOnlyForDeploymentPostprocessing = 0;
		};
/* End PBXCopyFilesBuildPhase section */

/* Begin PBXFileReference section */
		771683361B1A9139000A850F /* ExamplePlugin.dialsplugin */ = {isa = PBXFileReference; explicitFileType = wrapper.cfbundle; includeInIndex = 0; path = ExamplePlugin.dialsplugin; sourceTree = BUILT_PRODUCTS_DIR; };
		7716833D1B1A9219000A850F /* Info.plist */ = {isa = PBXFileReference; lastKnownFileType = text.plist.xml; path = Info.plist; sourceTree = "<group>"; };
		7716833E1B1A94EF000A850F /* Bridging-Header.h */ = {isa = PBXFileReference; lastKnownFileType = sourcecode.c.h; path = "Bridging-Header.h"; sourceTree = "<group>"; };
		771683431B1B60A1000A850F /* ExamplePlugin.swift */ = {isa = PBXFileReference; fileEncoding = 4; lastKnownFileType = sourcecode.swift; path = ExamplePlugin.swift; sourceTree = "<group>"; };
		77567B561AC6C66800877A7B /* Bridging-Header.h */ = {isa = PBXFileReference; lastKnownFileType = sourcecode.c.h; path = "Bridging-Header.h"; sourceTree = "<group>"; };
		77567B571AC6C66900877A7B /* TestViewController.swift */ = {isa = PBXFileReference; fileEncoding = 4; lastKnownFileType = sourcecode.swift; name = TestViewController.swift; path = Source/TestViewController.swift; sourceTree = "<group>"; };
		77567B5D1AC6CCD100877A7B /* Dials.framework */ = {isa = PBXFileReference; lastKnownFileType = wrapper.framework; path = Dials.framework; sourceTree = BUILT_PRODUCTS_DIR; };
		775AD31C1B1C984A0069A810 /* DLSExamplePlugin.h */ = {isa = PBXFileReference; fileEncoding = 4; lastKnownFileType = sourcecode.c.h; path = DLSExamplePlugin.h; sourceTree = "<group>"; };
		775AD31D1B1C984A0069A810 /* DLSExamplePlugin.m */ = {isa = PBXFileReference; fileEncoding = 4; lastKnownFileType = sourcecode.c.objc; path = DLSExamplePlugin.m; sourceTree = "<group>"; };
		775AD3201B1C99740069A810 /* DLSExamplePluginMessages.h */ = {isa = PBXFileReference; fileEncoding = 4; lastKnownFileType = sourcecode.c.h; path = DLSExamplePluginMessages.h; sourceTree = "<group>"; };
		775AD3211B1C99740069A810 /* DLSExamplePluginMessages.m */ = {isa = PBXFileReference; fileEncoding = 4; lastKnownFileType = sourcecode.c.objc; path = DLSExamplePluginMessages.m; sourceTree = "<group>"; };
		779250471A3348A900CCC229 /* Info.plist */ = {isa = PBXFileReference; fileEncoding = 4; lastKnownFileType = text.plist.xml; path = Info.plist; sourceTree = "<group>"; };
		779250491A3348B900CCC229 /* AppDelegate.h */ = {isa = PBXFileReference; fileEncoding = 4; lastKnownFileType = sourcecode.c.h; name = AppDelegate.h; path = Source/AppDelegate.h; sourceTree = "<group>"; };
		7792504A1A3348B900CCC229 /* AppDelegate.m */ = {isa = PBXFileReference; fileEncoding = 4; lastKnownFileType = sourcecode.c.objc; name = AppDelegate.m; path = Source/AppDelegate.m; sourceTree = "<group>"; };
		7792504B1A3348B900CCC229 /* ViewController.h */ = {isa = PBXFileReference; fileEncoding = 4; lastKnownFileType = sourcecode.c.h; name = ViewController.h; path = Source/ViewController.h; sourceTree = "<group>"; };
		7792504C1A3348B900CCC229 /* ViewController.m */ = {isa = PBXFileReference; fileEncoding = 4; lastKnownFileType = sourcecode.c.objc; name = ViewController.m; path = Source/ViewController.m; sourceTree = "<group>"; };
		779250511A3348C700CCC229 /* Base */ = {isa = PBXFileReference; lastKnownFileType = file.xib; name = Base; path = LaunchScreen.xib; sourceTree = "<group>"; };
		779250531A3348C700CCC229 /* Base */ = {isa = PBXFileReference; lastKnownFileType = file.storyboard; name = Base; path = Main.storyboard; sourceTree = "<group>"; };
		779250541A3348C700CCC229 /* Images.xcassets */ = {isa = PBXFileReference; lastKnownFileType = folder.assetcatalog; name = Images.xcassets; path = Resources/Images.xcassets; sourceTree = "<group>"; };
		77AAE52E1A33477E00998E36 /* DialsExample.app */ = {isa = PBXFileReference; explicitFileType = wrapper.application; includeInIndex = 0; path = DialsExample.app; sourceTree = BUILT_PRODUCTS_DIR; };
		77AAE5331A33477E00998E36 /* main.m */ = {isa = PBXFileReference; lastKnownFileType = sourcecode.c.objc; path = main.m; sourceTree = "<group>"; };
/* End PBXFileReference section */

/* Begin PBXFrameworksBuildPhase section */
		771683331B1A9139000A850F /* Frameworks */ = {
			isa = PBXFrameworksBuildPhase;
			buildActionMask = 2147483647;
			files = (
			);
			runOnlyForDeploymentPostprocessing = 0;
		};
		77AAE52B1A33477E00998E36 /* Frameworks */ = {
			isa = PBXFrameworksBuildPhase;
			buildActionMask = 2147483647;
			files = (
				77567B5E1AC6CCD100877A7B /* Dials.framework in Frameworks */,
			);
			runOnlyForDeploymentPostprocessing = 0;
		};
/* End PBXFrameworksBuildPhase section */

/* Begin PBXGroup section */
		771683371B1A9139000A850F /* ExamplePlugin */ = {
			isa = PBXGroup;
			children = (
				775AD3201B1C99740069A810 /* DLSExamplePluginMessages.h */,
				775AD3211B1C99740069A810 /* DLSExamplePluginMessages.m */,
				775AD31C1B1C984A0069A810 /* DLSExamplePlugin.h */,
				775AD31D1B1C984A0069A810 /* DLSExamplePlugin.m */,
				771683431B1B60A1000A850F /* ExamplePlugin.swift */,
				771683381B1A9139000A850F /* Supporting Files */,
				7716833E1B1A94EF000A850F /* Bridging-Header.h */,
			);
			name = ExamplePlugin;
			path = DialsExample/ExamplePlugin;
			sourceTree = "<group>";
		};
		771683381B1A9139000A850F /* Supporting Files */ = {
			isa = PBXGroup;
			children = (
				7716833D1B1A9219000A850F /* Info.plist */,
			);
			name = "Supporting Files";
			sourceTree = "<group>";
		};
		77AAE5251A33477D00998E36 = {
			isa = PBXGroup;
			children = (
				77567B5D1AC6CCD100877A7B /* Dials.framework */,
				77AAE5301A33477E00998E36 /* DialsExample */,
				771683371B1A9139000A850F /* ExamplePlugin */,
				77AAE52F1A33477E00998E36 /* Products */,
			);
			sourceTree = "<group>";
		};
		77AAE52F1A33477E00998E36 /* Products */ = {
			isa = PBXGroup;
			children = (
				77AAE52E1A33477E00998E36 /* DialsExample.app */,
				771683361B1A9139000A850F /* ExamplePlugin.dialsplugin */,
			);
			name = Products;
			sourceTree = "<group>";
		};
		77AAE5301A33477E00998E36 /* DialsExample */ = {
			isa = PBXGroup;
			children = (
				77567B571AC6C66900877A7B /* TestViewController.swift */,
				779250491A3348B900CCC229 /* AppDelegate.h */,
				7792504A1A3348B900CCC229 /* AppDelegate.m */,
				7792504B1A3348B900CCC229 /* ViewController.h */,
				7792504C1A3348B900CCC229 /* ViewController.m */,
				779250541A3348C700CCC229 /* Images.xcassets */,
				779250501A3348C700CCC229 /* LaunchScreen.xib */,
				779250521A3348C700CCC229 /* Main.storyboard */,
				77AAE5311A33477E00998E36 /* Supporting Files */,
				77567B561AC6C66800877A7B /* Bridging-Header.h */,
			);
			path = DialsExample;
			sourceTree = "<group>";
		};
		77AAE5311A33477E00998E36 /* Supporting Files */ = {
			isa = PBXGroup;
			children = (
				779250471A3348A900CCC229 /* Info.plist */,
				77AAE5331A33477E00998E36 /* main.m */,
			);
			name = "Supporting Files";
			sourceTree = "<group>";
		};
/* End PBXGroup section */

/* Begin PBXNativeTarget section */
		771683351B1A9139000A850F /* ExamplePlugin */ = {
			isa = PBXNativeTarget;
			buildConfigurationList = 7716833C1B1A9139000A850F /* Build configuration list for PBXNativeTarget "ExamplePlugin" */;
			buildPhases = (
				771683321B1A9139000A850F /* Sources */,
				771683331B1A9139000A850F /* Frameworks */,
				771683341B1A9139000A850F /* Resources */,
			);
			buildRules = (
			);
			dependencies = (
			);
			name = ExamplePlugin;
			productName = ExamplePlugin;
			productReference = 771683361B1A9139000A850F /* ExamplePlugin.dialsplugin */;
			productType = "com.apple.product-type.bundle";
		};
		77AAE52D1A33477E00998E36 /* DialsExample */ = {
			isa = PBXNativeTarget;
			buildConfigurationList = 77AAE5511A33477E00998E36 /* Build configuration list for PBXNativeTarget "DialsExample" */;
			buildPhases = (
				77AAE52A1A33477E00998E36 /* Sources */,
				77AAE52B1A33477E00998E36 /* Frameworks */,
				77AAE52C1A33477E00998E36 /* Resources */,
				77567B691AC6FC6900877A7B /* CopyFiles */,
			);
			buildRules = (
			);
			dependencies = (
			);
			name = DialsExample;
			productName = DialsExample;
			productReference = 77AAE52E1A33477E00998E36 /* DialsExample.app */;
			productType = "com.apple.product-type.application";
		};
/* End PBXNativeTarget section */

/* Begin PBXProject section */
		77AAE5261A33477D00998E36 /* Project object */ = {
			isa = PBXProject;
			attributes = {
				LastSwiftUpdateCheck = 0700;
				LastUpgradeCheck = 0820;
				ORGANIZATIONNAME = "Akiva Leffert";
				TargetAttributes = {
					771683351B1A9139000A850F = {
						CreatedOnToolsVersion = 6.3.2;
					};
					77AAE52D1A33477E00998E36 = {
						CreatedOnToolsVersion = 6.1.1;
						LastSwiftMigration = 0810;
					};
				};
			};
			buildConfigurationList = 77AAE5291A33477D00998E36 /* Build configuration list for PBXProject "DialsExample" */;
			compatibilityVersion = "Xcode 3.2";
			developmentRegion = English;
			hasScannedForEncodings = 0;
			knownRegions = (
				en,
				Base,
			);
			mainGroup = 77AAE5251A33477D00998E36;
			productRefGroup = 77AAE52F1A33477E00998E36 /* Products */;
			projectDirPath = "";
			projectRoot = "";
			targets = (
				77AAE52D1A33477E00998E36 /* DialsExample */,
				771683351B1A9139000A850F /* ExamplePlugin */,
			);
		};
/* End PBXProject section */

/* Begin PBXResourcesBuildPhase section */
		771683341B1A9139000A850F /* Resources */ = {
			isa = PBXResourcesBuildPhase;
			buildActionMask = 2147483647;
			files = (
			);
			runOnlyForDeploymentPostprocessing = 0;
		};
		77AAE52C1A33477E00998E36 /* Resources */ = {
			isa = PBXResourcesBuildPhase;
			buildActionMask = 2147483647;
			files = (
				77F4F5981A33B79200A48A76 /* Main.storyboard in Resources */,
				77F4F5971A33B79200A48A76 /* LaunchScreen.xib in Resources */,
				779250571A3348C700CCC229 /* Images.xcassets in Resources */,
			);
			runOnlyForDeploymentPostprocessing = 0;
		};
/* End PBXResourcesBuildPhase section */

/* Begin PBXSourcesBuildPhase section */
		771683321B1A9139000A850F /* Sources */ = {
			isa = PBXSourcesBuildPhase;
			buildActionMask = 2147483647;
			files = (
				771683441B1B60A1000A850F /* ExamplePlugin.swift in Sources */,
				775AD3231B1C99740069A810 /* DLSExamplePluginMessages.m in Sources */,
			);
			runOnlyForDeploymentPostprocessing = 0;
		};
		77AAE52A1A33477E00998E36 /* Sources */ = {
			isa = PBXSourcesBuildPhase;
			buildActionMask = 2147483647;
			files = (
				7792504D1A3348B900CCC229 /* AppDelegate.m in Sources */,
				775AD3221B1C99740069A810 /* DLSExamplePluginMessages.m in Sources */,
				775AD31E1B1C984A0069A810 /* DLSExamplePlugin.m in Sources */,
				77AAE5341A33477E00998E36 /* main.m in Sources */,
				77567B581AC6C66900877A7B /* TestViewController.swift in Sources */,
				7792504E1A3348B900CCC229 /* ViewController.m in Sources */,
			);
			runOnlyForDeploymentPostprocessing = 0;
		};
/* End PBXSourcesBuildPhase section */

/* Begin PBXVariantGroup section */
		779250501A3348C700CCC229 /* LaunchScreen.xib */ = {
			isa = PBXVariantGroup;
			children = (
				779250511A3348C700CCC229 /* Base */,
			);
			name = LaunchScreen.xib;
			path = Resources/Base.lproj;
			sourceTree = "<group>";
		};
		779250521A3348C700CCC229 /* Main.storyboard */ = {
			isa = PBXVariantGroup;
			children = (
				779250531A3348C700CCC229 /* Base */,
			);
			name = Main.storyboard;
			path = Resources/Base.lproj;
			sourceTree = "<group>";
		};
/* End PBXVariantGroup section */

/* Begin XCBuildConfiguration section */
		7716833A1B1A9139000A850F /* Debug */ = {
			isa = XCBuildConfiguration;
			buildSettings = {
				CLANG_ENABLE_MODULES = YES;
				COMBINE_HIDPI_IMAGES = YES;
				DEBUG_INFORMATION_FORMAT = dwarf;
				GCC_NO_COMMON_BLOCKS = YES;
				GCC_PREPROCESSOR_DEFINITIONS = (
					"DEBUG=1",
					"$(inherited)",
				);
				HEADER_SEARCH_PATHS = (
					"$(inherited)",
					/Applications/Xcode.app/Contents/Developer/Toolchains/XcodeDefault.xctoolchain/usr/include,
					"$(BUILT_PRODUCTS_DIR)/Dials.app/Contents/Headers/",
				);
				INFOPLIST_FILE = DialsExample/ExamplePlugin/Info.plist;
				INSTALL_PATH = "$(LOCAL_LIBRARY_DIR)/Bundles";
				LD_RUNPATH_SEARCH_PATHS = "$(inherited) @executable_path/../Frameworks @loader_path/../Frameworks";
				MACOSX_DEPLOYMENT_TARGET = 10.10;
				PRODUCT_BUNDLE_IDENTIFIER = "com.akivaleffert.$(PRODUCT_NAME:rfc1034identifier)";
				PRODUCT_NAME = "$(TARGET_NAME)";
				SDKROOT = macosx;
				SKIP_INSTALL = YES;
				SWIFT_OBJC_BRIDGING_HEADER = "DialsExample/ExamplePlugin/Bridging-Header.h";
				SWIFT_OPTIMIZATION_LEVEL = "-Onone";
				WRAPPER_EXTENSION = dialsplugin;
			};
			name = Debug;
		};
		7716833B1B1A9139000A850F /* Release */ = {
			isa = XCBuildConfiguration;
			buildSettings = {
				CLANG_ENABLE_MODULES = YES;
				COMBINE_HIDPI_IMAGES = YES;
				COPY_PHASE_STRIP = NO;
				DEBUG_INFORMATION_FORMAT = "dwarf-with-dsym";
				GCC_NO_COMMON_BLOCKS = YES;
				HEADER_SEARCH_PATHS = (
					"$(inherited)",
					/Applications/Xcode.app/Contents/Developer/Toolchains/XcodeDefault.xctoolchain/usr/include,
					"$(BUILT_PRODUCTS_DIR)/Dials.app/Contents/Headers/",
				);
				INFOPLIST_FILE = DialsExample/ExamplePlugin/Info.plist;
				INSTALL_PATH = "$(LOCAL_LIBRARY_DIR)/Bundles";
				LD_RUNPATH_SEARCH_PATHS = "$(inherited) @executable_path/../Frameworks @loader_path/../Frameworks";
				MACOSX_DEPLOYMENT_TARGET = 10.10;
				PRODUCT_BUNDLE_IDENTIFIER = "com.akivaleffert.$(PRODUCT_NAME:rfc1034identifier)";
				PRODUCT_NAME = "$(TARGET_NAME)";
				SDKROOT = macosx;
				SKIP_INSTALL = YES;
				SWIFT_OBJC_BRIDGING_HEADER = "DialsExample/ExamplePlugin/Bridging-Header.h";
				WRAPPER_EXTENSION = dialsplugin;
			};
			name = Release;
		};
		77AAE54F1A33477E00998E36 /* Debug */ = {
			isa = XCBuildConfiguration;
			buildSettings = {
				ALWAYS_SEARCH_USER_PATHS = NO;
				CLANG_CXX_LANGUAGE_STANDARD = "gnu++0x";
				CLANG_CXX_LIBRARY = "libc++";
				CLANG_ENABLE_MODULES = YES;
				CLANG_ENABLE_OBJC_ARC = YES;
				CLANG_WARN_BOOL_CONVERSION = YES;
				CLANG_WARN_CONSTANT_CONVERSION = YES;
				CLANG_WARN_DIRECT_OBJC_ISA_USAGE = YES_ERROR;
				CLANG_WARN_EMPTY_BODY = YES;
				CLANG_WARN_ENUM_CONVERSION = YES;
				CLANG_WARN_INFINITE_RECURSION = YES;
				CLANG_WARN_INT_CONVERSION = YES;
				CLANG_WARN_OBJC_ROOT_CLASS = YES_ERROR;
				CLANG_WARN_SUSPICIOUS_MOVE = YES;
				CLANG_WARN_UNREACHABLE_CODE = YES;
				CLANG_WARN__DUPLICATE_METHOD_MATCH = YES;
				"CODE_SIGN_IDENTITY[sdk=iphoneos*]" = "iPhone Developer";
				COPY_PHASE_STRIP = NO;
				ENABLE_STRICT_OBJC_MSGSEND = YES;
				ENABLE_TESTABILITY = YES;
				GCC_C_LANGUAGE_STANDARD = gnu99;
				GCC_DYNAMIC_NO_PIC = NO;
				GCC_NO_COMMON_BLOCKS = YES;
				GCC_OPTIMIZATION_LEVEL = 0;
				GCC_PREPROCESSOR_DEFINITIONS = (
					"DEBUG=1",
					"$(inherited)",
				);
				GCC_SYMBOLS_PRIVATE_EXTERN = NO;
				GCC_TREAT_WARNINGS_AS_ERRORS = YES;
				GCC_WARN_64_TO_32_BIT_CONVERSION = YES;
				GCC_WARN_ABOUT_RETURN_TYPE = YES_ERROR;
				GCC_WARN_UNDECLARED_SELECTOR = YES;
				GCC_WARN_UNINITIALIZED_AUTOS = YES_AGGRESSIVE;
				GCC_WARN_UNUSED_FUNCTION = YES;
				GCC_WARN_UNUSED_VARIABLE = YES;
				IPHONEOS_DEPLOYMENT_TARGET = 8.1;
				MTL_ENABLE_DEBUG_INFO = YES;
				ONLY_ACTIVE_ARCH = YES;
				RUN_CLANG_STATIC_ANALYZER = YES;
				SDKROOT = iphoneos;
				TARGETED_DEVICE_FAMILY = "1,2";
			};
			name = Debug;
		};
		77AAE5501A33477E00998E36 /* Release */ = {
			isa = XCBuildConfiguration;
			buildSettings = {
				ALWAYS_SEARCH_USER_PATHS = NO;
				CLANG_CXX_LANGUAGE_STANDARD = "gnu++0x";
				CLANG_CXX_LIBRARY = "libc++";
				CLANG_ENABLE_MODULES = YES;
				CLANG_ENABLE_OBJC_ARC = YES;
				CLANG_WARN_BOOL_CONVERSION = YES;
				CLANG_WARN_CONSTANT_CONVERSION = YES;
				CLANG_WARN_DIRECT_OBJC_ISA_USAGE = YES_ERROR;
				CLANG_WARN_EMPTY_BODY = YES;
				CLANG_WARN_ENUM_CONVERSION = YES;
				CLANG_WARN_INFINITE_RECURSION = YES;
				CLANG_WARN_INT_CONVERSION = YES;
				CLANG_WARN_OBJC_ROOT_CLASS = YES_ERROR;
				CLANG_WARN_SUSPICIOUS_MOVE = YES;
				CLANG_WARN_UNREACHABLE_CODE = YES;
				CLANG_WARN__DUPLICATE_METHOD_MATCH = YES;
				"CODE_SIGN_IDENTITY[sdk=iphoneos*]" = "iPhone Developer";
				COPY_PHASE_STRIP = YES;
				ENABLE_NS_ASSERTIONS = NO;
				ENABLE_STRICT_OBJC_MSGSEND = YES;
				GCC_C_LANGUAGE_STANDARD = gnu99;
				GCC_NO_COMMON_BLOCKS = YES;
				GCC_TREAT_WARNINGS_AS_ERRORS = YES;
				GCC_WARN_64_TO_32_BIT_CONVERSION = YES;
				GCC_WARN_ABOUT_RETURN_TYPE = YES_ERROR;
				GCC_WARN_UNDECLARED_SELECTOR = YES;
				GCC_WARN_UNINITIALIZED_AUTOS = YES_AGGRESSIVE;
				GCC_WARN_UNUSED_FUNCTION = YES;
				GCC_WARN_UNUSED_VARIABLE = YES;
				IPHONEOS_DEPLOYMENT_TARGET = 8.1;
				MTL_ENABLE_DEBUG_INFO = NO;
				RUN_CLANG_STATIC_ANALYZER = YES;
				SDKROOT = iphoneos;
				SWIFT_OPTIMIZATION_LEVEL = "-Owholemodule";
				TARGETED_DEVICE_FAMILY = "1,2";
				VALIDATE_PRODUCT = YES;
			};
			name = Release;
		};
		77AAE5521A33477E00998E36 /* Debug */ = {
			isa = XCBuildConfiguration;
			buildSettings = {
				ASSETCATALOG_COMPILER_APPICON_NAME = AppIcon;
				CLANG_ENABLE_MODULES = YES;
				FRAMEWORK_SEARCH_PATHS = (
					"$(inherited)",
					"$(BUILT_PRODUCTS_DIR)",
				);
				HEADER_SEARCH_PATHS = "$(inherited)";
				INFOPLIST_FILE = DialsExample/Info.plist;
				LD_RUNPATH_SEARCH_PATHS = "$(inherited) @executable_path/Frameworks";
				OTHER_LDFLAGS = "-ObjC";
				PRODUCT_BUNDLE_IDENTIFIER = "com.akivaleffert.$(PRODUCT_NAME:rfc1034identifier)";
				PRODUCT_NAME = "$(TARGET_NAME)";
				SWIFT_OBJC_BRIDGING_HEADER = "$(SRCROOT)/DialsExample/Bridging-Header.h";
				SWIFT_OPTIMIZATION_LEVEL = "-Onone";
				SWIFT_VERSION = 3.0;
			};
			name = Debug;
		};
		77AAE5531A33477E00998E36 /* Release */ = {
			isa = XCBuildConfiguration;
			buildSettings = {
				ASSETCATALOG_COMPILER_APPICON_NAME = AppIcon;
				CLANG_ENABLE_MODULES = YES;
				FRAMEWORK_SEARCH_PATHS = (
					"$(inherited)",
					"$(BUILT_PRODUCTS_DIR)",
				);
				HEADER_SEARCH_PATHS = (
					"$(BUILT_PRODUCTS_DIR)/Dials.app/Contents/Headers/",
					"$(inherited)",
				);
				INFOPLIST_FILE = DialsExample/Info.plist;
				LD_RUNPATH_SEARCH_PATHS = "$(inherited) @executable_path/Frameworks";
				OTHER_LDFLAGS = "-ObjC";
				PRODUCT_BUNDLE_IDENTIFIER = "com.akivaleffert.$(PRODUCT_NAME:rfc1034identifier)";
				PRODUCT_NAME = "$(TARGET_NAME)";
				SWIFT_OBJC_BRIDGING_HEADER = "$(SRCROOT)/DialsExample/Bridging-Header.h";
				SWIFT_VERSION = 3.0;
			};
			name = Release;
		};
/* End XCBuildConfiguration section */

/* Begin XCConfigurationList section */
		7716833C1B1A9139000A850F /* Build configuration list for PBXNativeTarget "ExamplePlugin" */ = {
			isa = XCConfigurationList;
			buildConfigurations = (
				7716833A1B1A9139000A850F /* Debug */,
				7716833B1B1A9139000A850F /* Release */,
			);
			defaultConfigurationIsVisible = 0;
			defaultConfigurationName = Release;
		};
		77AAE5291A33477D00998E36 /* Build configuration list for PBXProject "DialsExample" */ = {
			isa = XCConfigurationList;
			buildConfigurations = (
				77AAE54F1A33477E00998E36 /* Debug */,
				77AAE5501A33477E00998E36 /* Release */,
			);
			defaultConfigurationIsVisible = 0;
			defaultConfigurationName = Release;
		};
		77AAE5511A33477E00998E36 /* Build configuration list for PBXNativeTarget "DialsExample" */ = {
			isa = XCConfigurationList;
			buildConfigurations = (
				77AAE5521A33477E00998E36 /* Debug */,
				77AAE5531A33477E00998E36 /* Release */,
			);
			defaultConfigurationIsVisible = 0;
			defaultConfigurationName = Release;
		};
/* End XCConfigurationList section */
	};
	rootObject = 77AAE5261A33477D00998E36 /* Project object */;
}
