// !$*UTF8*$!
{
	archiveVersion = 1;
	classes = {
	};
	objectVersion = 46;
	objects = {

/* Begin PBXBuildFile section */
		776415021A32AF94005E381A /* ConsoleWindow.xib in Resources */ = {isa = PBXBuildFile; fileRef = 776415001A32AF94005E381A /* ConsoleWindow.xib */; };
		776415031A32AF94005E381A /* MainMenu.xib in Resources */ = {isa = PBXBuildFile; fileRef = 776415011A32AF94005E381A /* MainMenu.xib */; };
		776415061A32AF9F005E381A /* AppDelegate.swift in Sources */ = {isa = PBXBuildFile; fileRef = 776415041A32AF9F005E381A /* AppDelegate.swift */; };
		776415071A32AF9F005E381A /* ConsoleWindowController.swift in Sources */ = {isa = PBXBuildFile; fileRef = 776415051A32AF9F005E381A /* ConsoleWindowController.swift */; };
		7764150B1A32C064005E381A /* DeviceController.swift in Sources */ = {isa = PBXBuildFile; fileRef = 7764150A1A32C064005E381A /* DeviceController.swift */; };
		779250DD1A3353FB00CCC229 /* libDialsShared_Desktop.a in Frameworks */ = {isa = PBXBuildFile; fileRef = 779250DC1A3353FB00CCC229 /* libDialsShared_Desktop.a */; };
		779250F71A336E9B00CCC229 /* DeviceConnection.swift in Sources */ = {isa = PBXBuildFile; fileRef = 779250F61A336E9B00CCC229 /* DeviceConnection.swift */; };
		77AAE4F81A32C66600998E36 /* Device.swift in Sources */ = {isa = PBXBuildFile; fileRef = 77AAE4F71A32C66600998E36 /* Device.swift */; };
		77AAE4FC1A32CFA600998E36 /* Images.xcassets in Resources */ = {isa = PBXBuildFile; fileRef = 77AAE4FB1A32CFA600998E36 /* Images.xcassets */; };
		77AAE4FE1A32CFB300998E36 /* VisibleStrings.swift in Sources */ = {isa = PBXBuildFile; fileRef = 77AAE4FD1A32CFB300998E36 /* VisibleStrings.swift */; };
		77F4F59A1A33D64100A48A76 /* PluginController.swift in Sources */ = {isa = PBXBuildFile; fileRef = 77F4F5991A33D64100A48A76 /* PluginController.swift */; };
		77F4F59C1A33D8C700A48A76 /* LiveDialsPlugin.swift in Sources */ = {isa = PBXBuildFile; fileRef = 77F4F59B1A33D8C700A48A76 /* LiveDialsPlugin.swift */; };
		77F4F59E1A34A8A000A48A76 /* PluginContextBouncer.swift in Sources */ = {isa = PBXBuildFile; fileRef = 77F4F59D1A34A89C00A48A76 /* PluginContextBouncer.swift */; };
		77F4F5A31A34D05600A48A76 /* ConnectionStatusToolbarItem.swift in Sources */ = {isa = PBXBuildFile; fileRef = 77F4F5A21A34D05600A48A76 /* ConnectionStatusToolbarItem.swift */; };
		77F4F5A41A34D0FF00A48A76 /* ConnectionStatusView.swift in Sources */ = {isa = PBXBuildFile; fileRef = 77F4F5A11A34CEA000A48A76 /* ConnectionStatusView.swift */; };
		77F4F5A61A34D67B00A48A76 /* Broadcaster.swift in Sources */ = {isa = PBXBuildFile; fileRef = 77F4F5A51A34D67800A48A76 /* Broadcaster.swift */; };
/* End PBXBuildFile section */

/* Begin PBXFileReference section */
		776414DA1A32ADC9005E381A /* Dials.app */ = {isa = PBXFileReference; explicitFileType = wrapper.application; includeInIndex = 0; path = Dials.app; sourceTree = BUILT_PRODUCTS_DIR; };
		776415001A32AF94005E381A /* ConsoleWindow.xib */ = {isa = PBXFileReference; fileEncoding = 4; lastKnownFileType = file.xib; name = ConsoleWindow.xib; path = Desktop/XIB/ConsoleWindow.xib; sourceTree = SOURCE_ROOT; };
		776415011A32AF94005E381A /* MainMenu.xib */ = {isa = PBXFileReference; fileEncoding = 4; lastKnownFileType = file.xib; name = MainMenu.xib; path = Desktop/XIB/MainMenu.xib; sourceTree = SOURCE_ROOT; };
		776415041A32AF9F005E381A /* AppDelegate.swift */ = {isa = PBXFileReference; fileEncoding = 4; lastKnownFileType = sourcecode.swift; name = AppDelegate.swift; path = Desktop/Source/AppDelegate.swift; sourceTree = SOURCE_ROOT; };
		776415051A32AF9F005E381A /* ConsoleWindowController.swift */ = {isa = PBXFileReference; fileEncoding = 4; lastKnownFileType = sourcecode.swift; name = ConsoleWindowController.swift; path = Desktop/Source/ConsoleWindowController.swift; sourceTree = SOURCE_ROOT; };
		776415081A32AFA8005E381A /* Info.plist */ = {isa = PBXFileReference; fileEncoding = 4; lastKnownFileType = text.plist.xml; name = Info.plist; path = Desktop/Info.plist; sourceTree = SOURCE_ROOT; };
		7764150A1A32C064005E381A /* DeviceController.swift */ = {isa = PBXFileReference; fileEncoding = 4; lastKnownFileType = sourcecode.swift; name = DeviceController.swift; path = Desktop/Source/DeviceController.swift; sourceTree = SOURCE_ROOT; };
		779250DC1A3353FB00CCC229 /* libDialsShared_Desktop.a */ = {isa = PBXFileReference; lastKnownFileType = archive.ar; path = libDialsShared_Desktop.a; sourceTree = BUILT_PRODUCTS_DIR; };
		779250DE1A33554000CCC229 /* BridgingHeader.h */ = {isa = PBXFileReference; lastKnownFileType = sourcecode.c.h; name = BridgingHeader.h; path = Desktop/BridgingHeader.h; sourceTree = "<group>"; };
		779250F61A336E9B00CCC229 /* DeviceConnection.swift */ = {isa = PBXFileReference; fileEncoding = 4; lastKnownFileType = sourcecode.swift; name = DeviceConnection.swift; path = Desktop/Source/DeviceConnection.swift; sourceTree = SOURCE_ROOT; };
		77AAE4F71A32C66600998E36 /* Device.swift */ = {isa = PBXFileReference; fileEncoding = 4; lastKnownFileType = sourcecode.swift; name = Device.swift; path = Desktop/Source/Device.swift; sourceTree = SOURCE_ROOT; };
		77AAE4FB1A32CFA600998E36 /* Images.xcassets */ = {isa = PBXFileReference; lastKnownFileType = folder.assetcatalog; name = Images.xcassets; path = Desktop/Images.xcassets; sourceTree = SOURCE_ROOT; };
		77AAE4FD1A32CFB300998E36 /* VisibleStrings.swift */ = {isa = PBXFileReference; fileEncoding = 4; lastKnownFileType = sourcecode.swift; name = VisibleStrings.swift; path = Desktop/Source/VisibleStrings.swift; sourceTree = SOURCE_ROOT; };
		77F4F5991A33D64100A48A76 /* PluginController.swift */ = {isa = PBXFileReference; fileEncoding = 4; lastKnownFileType = sourcecode.swift; name = PluginController.swift; path = Desktop/Source/PluginController.swift; sourceTree = SOURCE_ROOT; };
		77F4F59B1A33D8C700A48A76 /* LiveDialsPlugin.swift */ = {isa = PBXFileReference; fileEncoding = 4; lastKnownFileType = sourcecode.swift; name = LiveDialsPlugin.swift; path = Desktop/Source/LiveDialsPlugin.swift; sourceTree = SOURCE_ROOT; };
		77F4F59D1A34A89C00A48A76 /* PluginContextBouncer.swift */ = {isa = PBXFileReference; lastKnownFileType = sourcecode.swift; name = PluginContextBouncer.swift; path = Desktop/Source/PluginContextBouncer.swift; sourceTree = SOURCE_ROOT; };
		77F4F5A11A34CEA000A48A76 /* ConnectionStatusView.swift */ = {isa = PBXFileReference; lastKnownFileType = sourcecode.swift; name = ConnectionStatusView.swift; path = Desktop/ConnectionStatusView.swift; sourceTree = SOURCE_ROOT; };
		77F4F5A21A34D05600A48A76 /* ConnectionStatusToolbarItem.swift */ = {isa = PBXFileReference; fileEncoding = 4; lastKnownFileType = sourcecode.swift; name = ConnectionStatusToolbarItem.swift; path = Desktop/Source/ConnectionStatusToolbarItem.swift; sourceTree = SOURCE_ROOT; };
		77F4F5A51A34D67800A48A76 /* Broadcaster.swift */ = {isa = PBXFileReference; lastKnownFileType = sourcecode.swift; name = Broadcaster.swift; path = Desktop/Source/Broadcaster.swift; sourceTree = SOURCE_ROOT; };
/* End PBXFileReference section */

/* Begin PBXFrameworksBuildPhase section */
		776414D71A32ADC9005E381A /* Frameworks */ = {
			isa = PBXFrameworksBuildPhase;
			buildActionMask = 2147483647;
			files = (
				779250DD1A3353FB00CCC229 /* libDialsShared_Desktop.a in Frameworks */,
			);
			runOnlyForDeploymentPostprocessing = 0;
		};
/* End PBXFrameworksBuildPhase section */

/* Begin PBXGroup section */
		776414D11A32ADC9005E381A = {
			isa = PBXGroup;
			children = (
				779250DE1A33554000CCC229 /* BridgingHeader.h */,
				779250DC1A3353FB00CCC229 /* libDialsShared_Desktop.a */,
				776414DC1A32ADC9005E381A /* Dials */,
				776414DB1A32ADC9005E381A /* Products */,
			);
			sourceTree = "<group>";
		};
		776414DB1A32ADC9005E381A /* Products */ = {
			isa = PBXGroup;
			children = (
				776414DA1A32ADC9005E381A /* Dials.app */,
			);
			name = Products;
			sourceTree = "<group>";
		};
		776414DC1A32ADC9005E381A /* Dials */ = {
			isa = PBXGroup;
			children = (
				77F4F5A51A34D67800A48A76 /* Broadcaster.swift */,
				77F4F5A11A34CEA000A48A76 /* ConnectionStatusView.swift */,
				77F4F5A21A34D05600A48A76 /* ConnectionStatusToolbarItem.swift */,
				77F4F59D1A34A89C00A48A76 /* PluginContextBouncer.swift */,
				77F4F5991A33D64100A48A76 /* PluginController.swift */,
				77F4F59B1A33D8C700A48A76 /* LiveDialsPlugin.swift */,
				776415041A32AF9F005E381A /* AppDelegate.swift */,
				776415051A32AF9F005E381A /* ConsoleWindowController.swift */,
				779250F61A336E9B00CCC229 /* DeviceConnection.swift */,
				7764150A1A32C064005E381A /* DeviceController.swift */,
				77AAE4F71A32C66600998E36 /* Device.swift */,
				77AAE4FD1A32CFB300998E36 /* VisibleStrings.swift */,
				776414FC1A32AF07005E381A /* Resources */,
				776414DD1A32ADC9005E381A /* Supporting Files */,
			);
			path = Dials;
			sourceTree = "<group>";
		};
		776414DD1A32ADC9005E381A /* Supporting Files */ = {
			isa = PBXGroup;
			children = (
				776415081A32AFA8005E381A /* Info.plist */,
			);
			name = "Supporting Files";
			sourceTree = "<group>";
		};
		776414FC1A32AF07005E381A /* Resources */ = {
			isa = PBXGroup;
			children = (
				77AAE4FB1A32CFA600998E36 /* Images.xcassets */,
				776414FD1A32AF0E005E381A /* XIB */,
			);
			name = Resources;
			sourceTree = "<group>";
		};
		776414FD1A32AF0E005E381A /* XIB */ = {
			isa = PBXGroup;
			children = (
				776415001A32AF94005E381A /* ConsoleWindow.xib */,
				776415011A32AF94005E381A /* MainMenu.xib */,
			);
			name = XIB;
			sourceTree = "<group>";
		};
/* End PBXGroup section */

/* Begin PBXNativeTarget section */
		776414D91A32ADC9005E381A /* Dials */ = {
			isa = PBXNativeTarget;
			buildConfigurationList = 776414F41A32ADC9005E381A /* Build configuration list for PBXNativeTarget "Dials" */;
			buildPhases = (
				776414D61A32ADC9005E381A /* Sources */,
				776414D71A32ADC9005E381A /* Frameworks */,
				776414D81A32ADC9005E381A /* Resources */,
			);
			buildRules = (
			);
			dependencies = (
			);
			name = Dials;
			productName = Dials;
			productReference = 776414DA1A32ADC9005E381A /* Dials.app */;
			productType = "com.apple.product-type.application";
		};
/* End PBXNativeTarget section */

/* Begin PBXProject section */
		776414D21A32ADC9005E381A /* Project object */ = {
			isa = PBXProject;
			attributes = {
				LastUpgradeCheck = 0610;
				TargetAttributes = {
					776414D91A32ADC9005E381A = {
						CreatedOnToolsVersion = 6.1.1;
					};
				};
			};
			buildConfigurationList = 776414D51A32ADC9005E381A /* Build configuration list for PBXProject "Dials-Desktop" */;
			compatibilityVersion = "Xcode 3.2";
			developmentRegion = English;
			hasScannedForEncodings = 0;
			knownRegions = (
				en,
				Base,
			);
			mainGroup = 776414D11A32ADC9005E381A;
			productRefGroup = 776414DB1A32ADC9005E381A /* Products */;
			projectDirPath = "";
			projectRoot = "";
			targets = (
				776414D91A32ADC9005E381A /* Dials */,
			);
		};
/* End PBXProject section */

/* Begin PBXResourcesBuildPhase section */
		776414D81A32ADC9005E381A /* Resources */ = {
			isa = PBXResourcesBuildPhase;
			buildActionMask = 2147483647;
			files = (
				77AAE4FC1A32CFA600998E36 /* Images.xcassets in Resources */,
				776415031A32AF94005E381A /* MainMenu.xib in Resources */,
				776415021A32AF94005E381A /* ConsoleWindow.xib in Resources */,
			);
			runOnlyForDeploymentPostprocessing = 0;
		};
/* End PBXResourcesBuildPhase section */

/* Begin PBXSourcesBuildPhase section */
		776414D61A32ADC9005E381A /* Sources */ = {
			isa = PBXSourcesBuildPhase;
			buildActionMask = 2147483647;
			files = (
				7764150B1A32C064005E381A /* DeviceController.swift in Sources */,
				77F4F5A41A34D0FF00A48A76 /* ConnectionStatusView.swift in Sources */,
				77F4F5A61A34D67B00A48A76 /* Broadcaster.swift in Sources */,
				77F4F59A1A33D64100A48A76 /* PluginController.swift in Sources */,
				776415071A32AF9F005E381A /* ConsoleWindowController.swift in Sources */,
				77F4F59E1A34A8A000A48A76 /* PluginContextBouncer.swift in Sources */,
				776415061A32AF9F005E381A /* AppDelegate.swift in Sources */,
				77F4F59C1A33D8C700A48A76 /* LiveDialsPlugin.swift in Sources */,
				77F4F5A31A34D05600A48A76 /* ConnectionStatusToolbarItem.swift in Sources */,
				77AAE4FE1A32CFB300998E36 /* VisibleStrings.swift in Sources */,
				77AAE4F81A32C66600998E36 /* Device.swift in Sources */,
				779250F71A336E9B00CCC229 /* DeviceConnection.swift in Sources */,
			);
			runOnlyForDeploymentPostprocessing = 0;
		};
/* End PBXSourcesBuildPhase section */

/* Begin XCBuildConfiguration section */
		776414F21A32ADC9005E381A /* Debug */ = {
			isa = XCBuildConfiguration;
			buildSettings = {
				ALWAYS_SEARCH_USER_PATHS = NO;
				CLANG_CXX_LANGUAGE_STANDARD = "gnu++0x";
				CLANG_CXX_LIBRARY = "libc++";
				CLANG_ENABLE_MODULES = YES;
				CLANG_ENABLE_OBJC_ARC = YES;
				CLANG_WARN_BOOL_CONVERSION = YES;
				CLANG_WARN_CONSTANT_CONVERSION = YES;
				CLANG_WARN_DIRECT_OBJC_ISA_USAGE = YES_ERROR;
				CLANG_WARN_EMPTY_BODY = YES;
				CLANG_WARN_ENUM_CONVERSION = YES;
				CLANG_WARN_INT_CONVERSION = YES;
				CLANG_WARN_OBJC_ROOT_CLASS = YES_ERROR;
				CLANG_WARN_UNREACHABLE_CODE = YES;
				CLANG_WARN__DUPLICATE_METHOD_MATCH = YES;
				CODE_SIGN_IDENTITY = "-";
				COPY_PHASE_STRIP = NO;
				ENABLE_STRICT_OBJC_MSGSEND = YES;
				GCC_C_LANGUAGE_STANDARD = gnu99;
				GCC_DYNAMIC_NO_PIC = NO;
				GCC_OPTIMIZATION_LEVEL = 0;
				GCC_PREPROCESSOR_DEFINITIONS = (
					"DEBUG=1",
					"$(inherited)",
				);
				GCC_SYMBOLS_PRIVATE_EXTERN = NO;
				GCC_TREAT_WARNINGS_AS_ERRORS = YES;
				GCC_WARN_64_TO_32_BIT_CONVERSION = YES;
				GCC_WARN_ABOUT_RETURN_TYPE = YES_ERROR;
				GCC_WARN_UNDECLARED_SELECTOR = YES;
				GCC_WARN_UNINITIALIZED_AUTOS = YES_AGGRESSIVE;
				GCC_WARN_UNUSED_FUNCTION = YES;
				GCC_WARN_UNUSED_VARIABLE = YES;
				MACOSX_DEPLOYMENT_TARGET = 10.10;
				MTL_ENABLE_DEBUG_INFO = YES;
				ONLY_ACTIVE_ARCH = YES;
				SDKROOT = macosx;
				SWIFT_OPTIMIZATION_LEVEL = "-Onone";
			};
			name = Debug;
		};
		776414F31A32ADC9005E381A /* Release */ = {
			isa = XCBuildConfiguration;
			buildSettings = {
				ALWAYS_SEARCH_USER_PATHS = NO;
				CLANG_CXX_LANGUAGE_STANDARD = "gnu++0x";
				CLANG_CXX_LIBRARY = "libc++";
				CLANG_ENABLE_MODULES = YES;
				CLANG_ENABLE_OBJC_ARC = YES;
				CLANG_WARN_BOOL_CONVERSION = YES;
				CLANG_WARN_CONSTANT_CONVERSION = YES;
				CLANG_WARN_DIRECT_OBJC_ISA_USAGE = YES_ERROR;
				CLANG_WARN_EMPTY_BODY = YES;
				CLANG_WARN_ENUM_CONVERSION = YES;
				CLANG_WARN_INT_CONVERSION = YES;
				CLANG_WARN_OBJC_ROOT_CLASS = YES_ERROR;
				CLANG_WARN_UNREACHABLE_CODE = YES;
				CLANG_WARN__DUPLICATE_METHOD_MATCH = YES;
				CODE_SIGN_IDENTITY = "-";
				COPY_PHASE_STRIP = YES;
				DEBUG_INFORMATION_FORMAT = "dwarf-with-dsym";
				ENABLE_NS_ASSERTIONS = NO;
				ENABLE_STRICT_OBJC_MSGSEND = YES;
				GCC_C_LANGUAGE_STANDARD = gnu99;
				GCC_TREAT_WARNINGS_AS_ERRORS = YES;
				GCC_WARN_64_TO_32_BIT_CONVERSION = YES;
				GCC_WARN_ABOUT_RETURN_TYPE = YES_ERROR;
				GCC_WARN_UNDECLARED_SELECTOR = YES;
				GCC_WARN_UNINITIALIZED_AUTOS = YES_AGGRESSIVE;
				GCC_WARN_UNUSED_FUNCTION = YES;
				GCC_WARN_UNUSED_VARIABLE = YES;
				MACOSX_DEPLOYMENT_TARGET = 10.10;
				MTL_ENABLE_DEBUG_INFO = NO;
				SDKROOT = macosx;
			};
			name = Release;
		};
		776414F51A32ADC9005E381A /* Debug */ = {
			isa = XCBuildConfiguration;
			buildSettings = {
				ASSETCATALOG_COMPILER_APPICON_NAME = AppIcon;
				COMBINE_HIDPI_IMAGES = YES;
				FRAMEWORK_SEARCH_PATHS = (
					"$(inherited)",
					"$(PROJECT_DIR)",
				);
				HEADER_SEARCH_PATHS = (
					"$(inherited)",
					"$(SRCROOT)/Shared/",
				);
				INFOPLIST_FILE = "$(SRCROOT)/Desktop/Info.plist";
				LD_RUNPATH_SEARCH_PATHS = "$(inherited) @executable_path/../Frameworks";
				LIBRARY_SEARCH_PATHS = "$(inherited)";
				OTHER_LDFLAGS = "-ObjC";
				PRODUCT_NAME = "$(TARGET_NAME)";
				SWIFT_OBJC_BRIDGING_HEADER = "$(SRCROOT)/Desktop/BridgingHeader.h";
			};
			name = Debug;
		};
		776414F61A32ADC9005E381A /* Release */ = {
			isa = XCBuildConfiguration;
			buildSettings = {
				ASSETCATALOG_COMPILER_APPICON_NAME = AppIcon;
				COMBINE_HIDPI_IMAGES = YES;
				FRAMEWORK_SEARCH_PATHS = (
					"$(inherited)",
					"$(PROJECT_DIR)",
				);
				HEADER_SEARCH_PATHS = (
					"$(inherited)",
					"$(SRCROOT)/Shared/",
				);
				INFOPLIST_FILE = "$(SRCROOT)/Desktop/Info.plist";
				LD_RUNPATH_SEARCH_PATHS = "$(inherited) @executable_path/../Frameworks";
				LIBRARY_SEARCH_PATHS = "$(inherited)";
				OTHER_LDFLAGS = "-ObjC";
				PRODUCT_NAME = "$(TARGET_NAME)";
				SWIFT_OBJC_BRIDGING_HEADER = "$(SRCROOT)/Desktop/BridgingHeader.h";
			};
			name = Release;
		};
/* End XCBuildConfiguration section */

/* Begin XCConfigurationList section */
		776414D51A32ADC9005E381A /* Build configuration list for PBXProject "Dials-Desktop" */ = {
			isa = XCConfigurationList;
			buildConfigurations = (
				776414F21A32ADC9005E381A /* Debug */,
				776414F31A32ADC9005E381A /* Release */,
			);
			defaultConfigurationIsVisible = 0;
			defaultConfigurationName = Release;
		};
		776414F41A32ADC9005E381A /* Build configuration list for PBXNativeTarget "Dials" */ = {
			isa = XCConfigurationList;
			buildConfigurations = (
				776414F51A32ADC9005E381A /* Debug */,
				776414F61A32ADC9005E381A /* Release */,
			);
			defaultConfigurationIsVisible = 0;
			defaultConfigurationName = Release;
		};
/* End XCConfigurationList section */
	};
	rootObject = 776414D21A32ADC9005E381A /* Project object */;
}
