// !$*UTF8*$!
{
	archiveVersion = 1;
	classes = {
	};
	objectVersion = 46;
	objects = {

/* Begin PBXBuildFile section */
		77191D901A3E856A006D248C /* ChannelCellView.xib in Resources */ = {isa = PBXBuildFile; fileRef = 77191D8F1A3E856A006D248C /* ChannelCellView.xib */; };
		772C9BD11A373D9D00BE2D32 /* NSView+Layout.swift in Sources */ = {isa = PBXBuildFile; fileRef = 772C9BD01A373D9D00BE2D32 /* NSView+Layout.swift */; };
		774D160D1AB5D36900613F24 /* libDialsShared-Desktop.a in Frameworks */ = {isa = PBXBuildFile; fileRef = 774D160C1AB5D36900613F24 /* libDialsShared-Desktop.a */; };
		776415021A32AF94005E381A /* ConsoleWindow.xib in Resources */ = {isa = PBXBuildFile; fileRef = 776415001A32AF94005E381A /* ConsoleWindow.xib */; };
		776415031A32AF94005E381A /* MainMenu.xib in Resources */ = {isa = PBXBuildFile; fileRef = 776415011A32AF94005E381A /* MainMenu.xib */; };
		776415061A32AF9F005E381A /* AppDelegate.swift in Sources */ = {isa = PBXBuildFile; fileRef = 776415041A32AF9F005E381A /* AppDelegate.swift */; };
		776415071A32AF9F005E381A /* ConsoleWindowController.swift in Sources */ = {isa = PBXBuildFile; fileRef = 776415051A32AF9F005E381A /* ConsoleWindowController.swift */; };
		7764150B1A32C064005E381A /* DeviceController.swift in Sources */ = {isa = PBXBuildFile; fileRef = 7764150A1A32C064005E381A /* DeviceController.swift */; };
		7783CDA31A3B2848005E34D9 /* SidebarSplitViewController.swift in Sources */ = {isa = PBXBuildFile; fileRef = 7783CDA21A3B2848005E34D9 /* SidebarSplitViewController.swift */; };
		7783CDA51A3B2911005E34D9 /* SidebarSplitView.xib in Resources */ = {isa = PBXBuildFile; fileRef = 7783CDA41A3B2911005E34D9 /* SidebarSplitView.xib */; };
		7787FF461A3CA3D400074DBC /* Plugin.swift in Sources */ = {isa = PBXBuildFile; fileRef = 7787FF451A3CA3D400074DBC /* Plugin.swift */; };
		778876BB1AB64F6700AB5580 /* LiveDialPaneViewController.swift in Sources */ = {isa = PBXBuildFile; fileRef = 778876B91AB64F6700AB5580 /* LiveDialPaneViewController.swift */; };
		778876D11ABBDC1600AB5580 /* ActionDialView.xib in Resources */ = {isa = PBXBuildFile; fileRef = 778876D01ABBDC1600AB5580 /* ActionDialView.xib */; };
		778876D51ABDC24F00AB5580 /* Array+Utilties.swift in Sources */ = {isa = PBXBuildFile; fileRef = 778876D41ABDC24F00AB5580 /* Array+Utilties.swift */; };
		778876D91ABDC27400AB5580 /* ActionDialView.swift in Sources */ = {isa = PBXBuildFile; fileRef = 778876D61ABDC27400AB5580 /* ActionDialView.swift */; };
		778876DA1ABDC27400AB5580 /* LiveDialController.swift in Sources */ = {isa = PBXBuildFile; fileRef = 778876D71ABDC27400AB5580 /* LiveDialController.swift */; };
		778876DB1ABDC27400AB5580 /* LiveDialView.swift in Sources */ = {isa = PBXBuildFile; fileRef = 778876D81ABDC27400AB5580 /* LiveDialView.swift */; };
		778876DD1ABDC91E00AB5580 /* Optional+Utilities.swift in Sources */ = {isa = PBXBuildFile; fileRef = 778876DC1ABDC91E00AB5580 /* Optional+Utilities.swift */; };
		778876DF1ABDFECB00AB5580 /* SliderDialView.swift in Sources */ = {isa = PBXBuildFile; fileRef = 778876DE1ABDFECB00AB5580 /* SliderDialView.swift */; };
		778876E11ABE050E00AB5580 /* SliderDialView.xib in Resources */ = {isa = PBXBuildFile; fileRef = 778876E01ABE050E00AB5580 /* SliderDialView.xib */; };
		778876E31ABE0F7F00AB5580 /* ToggleDialView.xib in Resources */ = {isa = PBXBuildFile; fileRef = 778876E21ABE0F7F00AB5580 /* ToggleDialView.xib */; };
		778876E51ABE100700AB5580 /* ToggleDialView.swift in Sources */ = {isa = PBXBuildFile; fileRef = 778876E41ABE100700AB5580 /* ToggleDialView.swift */; };
		778876E71ABE101E00AB5580 /* LiveDialPaneViewController.xib in Resources */ = {isa = PBXBuildFile; fileRef = 778876E61ABE101E00AB5580 /* LiveDialPaneViewController.xib */; };
		778876F21ABE16E800AB5580 /* ColorDialView.swift in Sources */ = {isa = PBXBuildFile; fileRef = 778876F11ABE16E800AB5580 /* ColorDialView.swift */; };
		778876F41ABE184600AB5580 /* ColorDialView.xib in Resources */ = {isa = PBXBuildFile; fileRef = 778876F31ABE184600AB5580 /* ColorDialView.xib */; };
		779250F71A336E9B00CCC229 /* DeviceConnection.swift in Sources */ = {isa = PBXBuildFile; fileRef = 779250F61A336E9B00CCC229 /* DeviceConnection.swift */; };
		77A353201A36C87200A65A90 /* ConnectionStatusView.swift in Sources */ = {isa = PBXBuildFile; fileRef = 77A3531F1A36C87200A65A90 /* ConnectionStatusView.swift */; };
		77A353231A36C8AE00A65A90 /* ViewControllerGrouper.swift in Sources */ = {isa = PBXBuildFile; fileRef = 77A353221A36C8AE00A65A90 /* ViewControllerGrouper.swift */; };
		77AAE4F81A32C66600998E36 /* Device.swift in Sources */ = {isa = PBXBuildFile; fileRef = 77AAE4F71A32C66600998E36 /* Device.swift */; };
		77AAE4FC1A32CFA600998E36 /* Images.xcassets in Resources */ = {isa = PBXBuildFile; fileRef = 77AAE4FB1A32CFA600998E36 /* Images.xcassets */; };
		77AAE4FE1A32CFB300998E36 /* VisibleStrings.swift in Sources */ = {isa = PBXBuildFile; fileRef = 77AAE4FD1A32CFB300998E36 /* VisibleStrings.swift */; };
		77F4F59A1A33D64100A48A76 /* PluginController.swift in Sources */ = {isa = PBXBuildFile; fileRef = 77F4F5991A33D64100A48A76 /* PluginController.swift */; };
		77F4F59C1A33D8C700A48A76 /* LiveDialsPlugin.swift in Sources */ = {isa = PBXBuildFile; fileRef = 77F4F59B1A33D8C700A48A76 /* LiveDialsPlugin.swift */; };
		77F4F59E1A34A8A000A48A76 /* PluginContextBouncer.swift in Sources */ = {isa = PBXBuildFile; fileRef = 77F4F59D1A34A89C00A48A76 /* PluginContextBouncer.swift */; };
		77F4F5A31A34D05600A48A76 /* ConnectionStatusToolbarItem.swift in Sources */ = {isa = PBXBuildFile; fileRef = 77F4F5A21A34D05600A48A76 /* ConnectionStatusToolbarItem.swift */; };
		77F4F5A61A34D67B00A48A76 /* Broadcaster.swift in Sources */ = {isa = PBXBuildFile; fileRef = 77F4F5A51A34D67800A48A76 /* Broadcaster.swift */; };
/* End PBXBuildFile section */

/* Begin PBXFileReference section */
		77191D8F1A3E856A006D248C /* ChannelCellView.xib */ = {isa = PBXFileReference; fileEncoding = 4; lastKnownFileType = file.xib; name = ChannelCellView.xib; path = Desktop/XIB/ChannelCellView.xib; sourceTree = SOURCE_ROOT; };
		772C9BD01A373D9D00BE2D32 /* NSView+Layout.swift */ = {isa = PBXFileReference; fileEncoding = 4; lastKnownFileType = sourcecode.swift; name = "NSView+Layout.swift"; path = "Desktop/Source/NSView+Layout.swift"; sourceTree = SOURCE_ROOT; };
		774D160C1AB5D36900613F24 /* libDialsShared-Desktop.a */ = {isa = PBXFileReference; lastKnownFileType = archive.ar; name = "libDialsShared-Desktop.a"; path = "../../../Library/Developer/Xcode/DerivedData/Dials-dszlxtikntnjoqbsqgddedhnooyt/Build/Products/Debug/libDialsShared-Desktop.a"; sourceTree = "<group>"; };
		776414DA1A32ADC9005E381A /* Dials.app */ = {isa = PBXFileReference; explicitFileType = wrapper.application; includeInIndex = 0; path = Dials.app; sourceTree = BUILT_PRODUCTS_DIR; };
		776415001A32AF94005E381A /* ConsoleWindow.xib */ = {isa = PBXFileReference; fileEncoding = 4; lastKnownFileType = file.xib; name = ConsoleWindow.xib; path = Desktop/XIB/ConsoleWindow.xib; sourceTree = SOURCE_ROOT; };
		776415011A32AF94005E381A /* MainMenu.xib */ = {isa = PBXFileReference; fileEncoding = 4; lastKnownFileType = file.xib; name = MainMenu.xib; path = Desktop/XIB/MainMenu.xib; sourceTree = SOURCE_ROOT; };
		776415041A32AF9F005E381A /* AppDelegate.swift */ = {isa = PBXFileReference; fileEncoding = 4; lastKnownFileType = sourcecode.swift; name = AppDelegate.swift; path = Desktop/Source/AppDelegate.swift; sourceTree = SOURCE_ROOT; };
		776415051A32AF9F005E381A /* ConsoleWindowController.swift */ = {isa = PBXFileReference; fileEncoding = 4; lastKnownFileType = sourcecode.swift; name = ConsoleWindowController.swift; path = Desktop/Source/ConsoleWindowController.swift; sourceTree = SOURCE_ROOT; };
		776415081A32AFA8005E381A /* Info.plist */ = {isa = PBXFileReference; fileEncoding = 4; lastKnownFileType = text.plist.xml; name = Info.plist; path = Desktop/Info.plist; sourceTree = SOURCE_ROOT; };
		7764150A1A32C064005E381A /* DeviceController.swift */ = {isa = PBXFileReference; fileEncoding = 4; lastKnownFileType = sourcecode.swift; name = DeviceController.swift; path = Desktop/Source/DeviceController.swift; sourceTree = SOURCE_ROOT; };
		7783CDA21A3B2848005E34D9 /* SidebarSplitViewController.swift */ = {isa = PBXFileReference; fileEncoding = 4; lastKnownFileType = sourcecode.swift; name = SidebarSplitViewController.swift; path = Desktop/Source/SidebarSplitViewController.swift; sourceTree = SOURCE_ROOT; };
		7783CDA41A3B2911005E34D9 /* SidebarSplitView.xib */ = {isa = PBXFileReference; fileEncoding = 4; lastKnownFileType = file.xib; name = SidebarSplitView.xib; path = Desktop/XIB/SidebarSplitView.xib; sourceTree = SOURCE_ROOT; };
		7787FF451A3CA3D400074DBC /* Plugin.swift */ = {isa = PBXFileReference; fileEncoding = 4; lastKnownFileType = sourcecode.swift; name = Plugin.swift; path = Desktop/Source/Plugin.swift; sourceTree = SOURCE_ROOT; };
		778876B91AB64F6700AB5580 /* LiveDialPaneViewController.swift */ = {isa = PBXFileReference; fileEncoding = 4; lastKnownFileType = sourcecode.swift; name = LiveDialPaneViewController.swift; path = Desktop/Source/LiveDialPaneViewController.swift; sourceTree = SOURCE_ROOT; };
		778876D01ABBDC1600AB5580 /* ActionDialView.xib */ = {isa = PBXFileReference; fileEncoding = 4; lastKnownFileType = file.xib; name = ActionDialView.xib; path = Desktop/XIB/ActionDialView.xib; sourceTree = SOURCE_ROOT; };
		778876D41ABDC24F00AB5580 /* Array+Utilties.swift */ = {isa = PBXFileReference; fileEncoding = 4; lastKnownFileType = sourcecode.swift; name = "Array+Utilties.swift"; path = "Desktop/Source/Array+Utilties.swift"; sourceTree = SOURCE_ROOT; };
		778876D61ABDC27400AB5580 /* ActionDialView.swift */ = {isa = PBXFileReference; fileEncoding = 4; lastKnownFileType = sourcecode.swift; name = ActionDialView.swift; path = Desktop/Source/ActionDialView.swift; sourceTree = SOURCE_ROOT; };
		778876D71ABDC27400AB5580 /* LiveDialController.swift */ = {isa = PBXFileReference; fileEncoding = 4; lastKnownFileType = sourcecode.swift; name = LiveDialController.swift; path = Desktop/Source/LiveDialController.swift; sourceTree = SOURCE_ROOT; };
		778876D81ABDC27400AB5580 /* LiveDialView.swift */ = {isa = PBXFileReference; fileEncoding = 4; lastKnownFileType = sourcecode.swift; name = LiveDialView.swift; path = Desktop/Source/LiveDialView.swift; sourceTree = SOURCE_ROOT; };
		778876DC1ABDC91E00AB5580 /* Optional+Utilities.swift */ = {isa = PBXFileReference; fileEncoding = 4; lastKnownFileType = sourcecode.swift; name = "Optional+Utilities.swift"; path = "Desktop/Source/Optional+Utilities.swift"; sourceTree = SOURCE_ROOT; };
		778876DE1ABDFECB00AB5580 /* SliderDialView.swift */ = {isa = PBXFileReference; fileEncoding = 4; lastKnownFileType = sourcecode.swift; name = SliderDialView.swift; path = Desktop/Source/SliderDialView.swift; sourceTree = SOURCE_ROOT; };
		778876E01ABE050E00AB5580 /* SliderDialView.xib */ = {isa = PBXFileReference; fileEncoding = 4; lastKnownFileType = file.xib; name = SliderDialView.xib; path = Desktop/XIB/SliderDialView.xib; sourceTree = SOURCE_ROOT; };
		778876E21ABE0F7F00AB5580 /* ToggleDialView.xib */ = {isa = PBXFileReference; fileEncoding = 4; lastKnownFileType = file.xib; name = ToggleDialView.xib; path = Desktop/XIB/ToggleDialView.xib; sourceTree = SOURCE_ROOT; };
		778876E41ABE100700AB5580 /* ToggleDialView.swift */ = {isa = PBXFileReference; fileEncoding = 4; lastKnownFileType = sourcecode.swift; name = ToggleDialView.swift; path = Desktop/Source/ToggleDialView.swift; sourceTree = SOURCE_ROOT; };
		778876E61ABE101E00AB5580 /* LiveDialPaneViewController.xib */ = {isa = PBXFileReference; fileEncoding = 4; lastKnownFileType = file.xib; name = LiveDialPaneViewController.xib; path = Desktop/XIB/LiveDialPaneViewController.xib; sourceTree = SOURCE_ROOT; };
		778876F11ABE16E800AB5580 /* ColorDialView.swift */ = {isa = PBXFileReference; fileEncoding = 4; lastKnownFileType = sourcecode.swift; name = ColorDialView.swift; path = Desktop/Source/ColorDialView.swift; sourceTree = SOURCE_ROOT; };
		778876F31ABE184600AB5580 /* ColorDialView.xib */ = {isa = PBXFileReference; fileEncoding = 4; lastKnownFileType = file.xib; name = ColorDialView.xib; path = Desktop/XIB/ColorDialView.xib; sourceTree = SOURCE_ROOT; };
		779250DE1A33554000CCC229 /* BridgingHeader.h */ = {isa = PBXFileReference; lastKnownFileType = sourcecode.c.h; name = BridgingHeader.h; path = Desktop/BridgingHeader.h; sourceTree = "<group>"; };
		779250F61A336E9B00CCC229 /* DeviceConnection.swift */ = {isa = PBXFileReference; fileEncoding = 4; lastKnownFileType = sourcecode.swift; name = DeviceConnection.swift; path = Desktop/Source/DeviceConnection.swift; sourceTree = SOURCE_ROOT; };
		77A3531F1A36C87200A65A90 /* ConnectionStatusView.swift */ = {isa = PBXFileReference; fileEncoding = 4; lastKnownFileType = sourcecode.swift; name = ConnectionStatusView.swift; path = Desktop/Source/ConnectionStatusView.swift; sourceTree = SOURCE_ROOT; };
		77A353221A36C8AE00A65A90 /* ViewControllerGrouper.swift */ = {isa = PBXFileReference; fileEncoding = 4; lastKnownFileType = sourcecode.swift; name = ViewControllerGrouper.swift; path = Desktop/Source/ViewControllerGrouper.swift; sourceTree = SOURCE_ROOT; };
		77AAE4F71A32C66600998E36 /* Device.swift */ = {isa = PBXFileReference; fileEncoding = 4; lastKnownFileType = sourcecode.swift; name = Device.swift; path = Desktop/Source/Device.swift; sourceTree = SOURCE_ROOT; };
		77AAE4FB1A32CFA600998E36 /* Images.xcassets */ = {isa = PBXFileReference; lastKnownFileType = folder.assetcatalog; name = Images.xcassets; path = Desktop/Images.xcassets; sourceTree = SOURCE_ROOT; };
		77AAE4FD1A32CFB300998E36 /* VisibleStrings.swift */ = {isa = PBXFileReference; fileEncoding = 4; lastKnownFileType = sourcecode.swift; name = VisibleStrings.swift; path = Desktop/Source/VisibleStrings.swift; sourceTree = SOURCE_ROOT; };
		77F4F5991A33D64100A48A76 /* PluginController.swift */ = {isa = PBXFileReference; fileEncoding = 4; lastKnownFileType = sourcecode.swift; name = PluginController.swift; path = Desktop/Source/PluginController.swift; sourceTree = SOURCE_ROOT; };
		77F4F59B1A33D8C700A48A76 /* LiveDialsPlugin.swift */ = {isa = PBXFileReference; fileEncoding = 4; lastKnownFileType = sourcecode.swift; name = LiveDialsPlugin.swift; path = Desktop/Source/LiveDialsPlugin.swift; sourceTree = SOURCE_ROOT; };
		77F4F59D1A34A89C00A48A76 /* PluginContextBouncer.swift */ = {isa = PBXFileReference; lastKnownFileType = sourcecode.swift; name = PluginContextBouncer.swift; path = Desktop/Source/PluginContextBouncer.swift; sourceTree = SOURCE_ROOT; };
		77F4F5A21A34D05600A48A76 /* ConnectionStatusToolbarItem.swift */ = {isa = PBXFileReference; fileEncoding = 4; lastKnownFileType = sourcecode.swift; name = ConnectionStatusToolbarItem.swift; path = Desktop/Source/ConnectionStatusToolbarItem.swift; sourceTree = SOURCE_ROOT; };
		77F4F5A51A34D67800A48A76 /* Broadcaster.swift */ = {isa = PBXFileReference; lastKnownFileType = sourcecode.swift; name = Broadcaster.swift; path = Desktop/Source/Broadcaster.swift; sourceTree = SOURCE_ROOT; };
/* End PBXFileReference section */

/* Begin PBXFrameworksBuildPhase section */
		776414D71A32ADC9005E381A /* Frameworks */ = {
			isa = PBXFrameworksBuildPhase;
			buildActionMask = 2147483647;
			files = (
				774D160D1AB5D36900613F24 /* libDialsShared-Desktop.a in Frameworks */,
			);
			runOnlyForDeploymentPostprocessing = 0;
		};
/* End PBXFrameworksBuildPhase section */

/* Begin PBXGroup section */
		776414D11A32ADC9005E381A = {
			isa = PBXGroup;
			children = (
				774D160C1AB5D36900613F24 /* libDialsShared-Desktop.a */,
				779250DE1A33554000CCC229 /* BridgingHeader.h */,
				776414DC1A32ADC9005E381A /* Dials */,
				776414DB1A32ADC9005E381A /* Products */,
			);
			sourceTree = "<group>";
		};
		776414DB1A32ADC9005E381A /* Products */ = {
			isa = PBXGroup;
			children = (
				776414DA1A32ADC9005E381A /* Dials.app */,
			);
			name = Products;
			sourceTree = "<group>";
		};
		776414DC1A32ADC9005E381A /* Dials */ = {
			isa = PBXGroup;
			children = (
				778876DC1ABDC91E00AB5580 /* Optional+Utilities.swift */,
				778876D41ABDC24F00AB5580 /* Array+Utilties.swift */,
				776415041A32AF9F005E381A /* AppDelegate.swift */,
				77F4F5A51A34D67800A48A76 /* Broadcaster.swift */,
				77A3531F1A36C87200A65A90 /* ConnectionStatusView.swift */,
				77F4F5A21A34D05600A48A76 /* ConnectionStatusToolbarItem.swift */,
				776415051A32AF9F005E381A /* ConsoleWindowController.swift */,
				779250F61A336E9B00CCC229 /* DeviceConnection.swift */,
				7764150A1A32C064005E381A /* DeviceController.swift */,
				77AAE4F71A32C66600998E36 /* Device.swift */,
				772C9BD01A373D9D00BE2D32 /* NSView+Layout.swift */,
				77F4F59D1A34A89C00A48A76 /* PluginContextBouncer.swift */,
				77F4F5991A33D64100A48A76 /* PluginController.swift */,
				7787FF451A3CA3D400074DBC /* Plugin.swift */,
				7783CDA21A3B2848005E34D9 /* SidebarSplitViewController.swift */,
				77A353221A36C8AE00A65A90 /* ViewControllerGrouper.swift */,
				77AAE4FD1A32CFB300998E36 /* VisibleStrings.swift */,
				77A353211A36C89200A65A90 /* Plugins */,
				776414FC1A32AF07005E381A /* Resources */,
				776414DD1A32ADC9005E381A /* Supporting Files */,
			);
			path = Dials;
			sourceTree = "<group>";
		};
		776414DD1A32ADC9005E381A /* Supporting Files */ = {
			isa = PBXGroup;
			children = (
				776415081A32AFA8005E381A /* Info.plist */,
			);
			name = "Supporting Files";
			sourceTree = "<group>";
		};
		776414FC1A32AF07005E381A /* Resources */ = {
			isa = PBXGroup;
			children = (
				77AAE4FB1A32CFA600998E36 /* Images.xcassets */,
				776414FD1A32AF0E005E381A /* XIB */,
			);
			name = Resources;
			sourceTree = "<group>";
		};
		776414FD1A32AF0E005E381A /* XIB */ = {
			isa = PBXGroup;
			children = (
				778876E91ABE105A00AB5580 /* Controls */,
				778876EA1ABE106200AB5580 /* Plugins */,
				7783CDA41A3B2911005E34D9 /* SidebarSplitView.xib */,
				776415001A32AF94005E381A /* ConsoleWindow.xib */,
				77191D8F1A3E856A006D248C /* ChannelCellView.xib */,
				776415011A32AF94005E381A /* MainMenu.xib */,
			);
			name = XIB;
			sourceTree = "<group>";
		};
		778876E81ABE104F00AB5580 /* Controls */ = {
			isa = PBXGroup;
			children = (
				778876D61ABDC27400AB5580 /* ActionDialView.swift */,
				778876F11ABE16E800AB5580 /* ColorDialView.swift */,
				778876DE1ABDFECB00AB5580 /* SliderDialView.swift */,
				778876E41ABE100700AB5580 /* ToggleDialView.swift */,
			);
			name = Controls;
			sourceTree = "<group>";
		};
		778876E91ABE105A00AB5580 /* Controls */ = {
			isa = PBXGroup;
			children = (
				778876D01ABBDC1600AB5580 /* ActionDialView.xib */,
				778876F31ABE184600AB5580 /* ColorDialView.xib */,
				778876E01ABE050E00AB5580 /* SliderDialView.xib */,
				778876E21ABE0F7F00AB5580 /* ToggleDialView.xib */,
			);
			name = Controls;
			sourceTree = "<group>";
		};
		778876EA1ABE106200AB5580 /* Plugins */ = {
			isa = PBXGroup;
			children = (
				778876E61ABE101E00AB5580 /* LiveDialPaneViewController.xib */,
			);
			name = Plugins;
			sourceTree = "<group>";
		};
		778876F51ABE34DB00AB5580 /* LiveDials */ = {
			isa = PBXGroup;
			children = (
				778876B91AB64F6700AB5580 /* LiveDialPaneViewController.swift */,
				778876D71ABDC27400AB5580 /* LiveDialController.swift */,
				778876D81ABDC27400AB5580 /* LiveDialView.swift */,
				77F4F59B1A33D8C700A48A76 /* LiveDialsPlugin.swift */,
			);
			name = LiveDials;
			sourceTree = "<group>";
		};
		77A353211A36C89200A65A90 /* Plugins */ = {
			isa = PBXGroup;
			children = (
				778876E81ABE104F00AB5580 /* Controls */,
				778876F51ABE34DB00AB5580 /* LiveDials */,
			);
			name = Plugins;
			sourceTree = "<group>";
		};
/* End PBXGroup section */

/* Begin PBXNativeTarget section */
		776414D91A32ADC9005E381A /* Dials */ = {
			isa = PBXNativeTarget;
			buildConfigurationList = 776414F41A32ADC9005E381A /* Build configuration list for PBXNativeTarget "Dials" */;
			buildPhases = (
				776414D61A32ADC9005E381A /* Sources */,
				776414D71A32ADC9005E381A /* Frameworks */,
				776414D81A32ADC9005E381A /* Resources */,
			);
			buildRules = (
			);
			dependencies = (
			);
			name = Dials;
			productName = Dials;
			productReference = 776414DA1A32ADC9005E381A /* Dials.app */;
			productType = "com.apple.product-type.application";
		};
/* End PBXNativeTarget section */

/* Begin PBXProject section */
		776414D21A32ADC9005E381A /* Project object */ = {
			isa = PBXProject;
			attributes = {
				LastUpgradeCheck = 0610;
				TargetAttributes = {
					776414D91A32ADC9005E381A = {
						CreatedOnToolsVersion = 6.1.1;
					};
				};
			};
			buildConfigurationList = 776414D51A32ADC9005E381A /* Build configuration list for PBXProject "Dials-Desktop" */;
			compatibilityVersion = "Xcode 3.2";
			developmentRegion = English;
			hasScannedForEncodings = 0;
			knownRegions = (
				en,
				Base,
			);
			mainGroup = 776414D11A32ADC9005E381A;
			productRefGroup = 776414DB1A32ADC9005E381A /* Products */;
			projectDirPath = "";
			projectRoot = "";
			targets = (
				776414D91A32ADC9005E381A /* Dials */,
			);
		};
/* End PBXProject section */

/* Begin PBXResourcesBuildPhase section */
		776414D81A32ADC9005E381A /* Resources */ = {
			isa = PBXResourcesBuildPhase;
			buildActionMask = 2147483647;
			files = (
				77191D901A3E856A006D248C /* ChannelCellView.xib in Resources */,
				778876E71ABE101E00AB5580 /* LiveDialPaneViewController.xib in Resources */,
				778876D11ABBDC1600AB5580 /* ActionDialView.xib in Resources */,
				778876E11ABE050E00AB5580 /* SliderDialView.xib in Resources */,
				778876F41ABE184600AB5580 /* ColorDialView.xib in Resources */,
				77AAE4FC1A32CFA600998E36 /* Images.xcassets in Resources */,
				776415031A32AF94005E381A /* MainMenu.xib in Resources */,
				778876E31ABE0F7F00AB5580 /* ToggleDialView.xib in Resources */,
				7783CDA51A3B2911005E34D9 /* SidebarSplitView.xib in Resources */,
				776415021A32AF94005E381A /* ConsoleWindow.xib in Resources */,
			);
			runOnlyForDeploymentPostprocessing = 0;
		};
/* End PBXResourcesBuildPhase section */

/* Begin PBXSourcesBuildPhase section */
		776414D61A32ADC9005E381A /* Sources */ = {
			isa = PBXSourcesBuildPhase;
			buildActionMask = 2147483647;
			files = (
				778876D51ABDC24F00AB5580 /* Array+Utilties.swift in Sources */,
				7764150B1A32C064005E381A /* DeviceController.swift in Sources */,
				778876D91ABDC27400AB5580 /* ActionDialView.swift in Sources */,
				77A353201A36C87200A65A90 /* ConnectionStatusView.swift in Sources */,
				77F4F5A61A34D67B00A48A76 /* Broadcaster.swift in Sources */,
				778876DF1ABDFECB00AB5580 /* SliderDialView.swift in Sources */,
				778876E51ABE100700AB5580 /* ToggleDialView.swift in Sources */,
				77F4F59A1A33D64100A48A76 /* PluginController.swift in Sources */,
				776415071A32AF9F005E381A /* ConsoleWindowController.swift in Sources */,
				77F4F59E1A34A8A000A48A76 /* PluginContextBouncer.swift in Sources */,
				778876DB1ABDC27400AB5580 /* LiveDialView.swift in Sources */,
				7787FF461A3CA3D400074DBC /* Plugin.swift in Sources */,
				778876DA1ABDC27400AB5580 /* LiveDialController.swift in Sources */,
				776415061A32AF9F005E381A /* AppDelegate.swift in Sources */,
				77F4F59C1A33D8C700A48A76 /* LiveDialsPlugin.swift in Sources */,
				77F4F5A31A34D05600A48A76 /* ConnectionStatusToolbarItem.swift in Sources */,
				772C9BD11A373D9D00BE2D32 /* NSView+Layout.swift in Sources */,
				778876F21ABE16E800AB5580 /* ColorDialView.swift in Sources */,
				77A353231A36C8AE00A65A90 /* ViewControllerGrouper.swift in Sources */,
				77AAE4FE1A32CFB300998E36 /* VisibleStrings.swift in Sources */,
				778876BB1AB64F6700AB5580 /* LiveDialPaneViewController.swift in Sources */,
				778876DD1ABDC91E00AB5580 /* Optional+Utilities.swift in Sources */,
				7783CDA31A3B2848005E34D9 /* SidebarSplitViewController.swift in Sources */,
				77AAE4F81A32C66600998E36 /* Device.swift in Sources */,
				779250F71A336E9B00CCC229 /* DeviceConnection.swift in Sources */,
			);
			runOnlyForDeploymentPostprocessing = 0;
		};
/* End PBXSourcesBuildPhase section */

/* Begin XCBuildConfiguration section */
		776414F21A32ADC9005E381A /* Debug */ = {
			isa = XCBuildConfiguration;
			buildSettings = {
				ALWAYS_SEARCH_USER_PATHS = NO;
				CLANG_CXX_LANGUAGE_STANDARD = "gnu++0x";
				CLANG_CXX_LIBRARY = "libc++";
				CLANG_ENABLE_MODULES = YES;
				CLANG_ENABLE_OBJC_ARC = YES;
				CLANG_WARN_BOOL_CONVERSION = YES;
				CLANG_WARN_CONSTANT_CONVERSION = YES;
				CLANG_WARN_DIRECT_OBJC_ISA_USAGE = YES_ERROR;
				CLANG_WARN_EMPTY_BODY = YES;
				CLANG_WARN_ENUM_CONVERSION = YES;
				CLANG_WARN_INT_CONVERSION = YES;
				CLANG_WARN_OBJC_ROOT_CLASS = YES_ERROR;
				CLANG_WARN_UNREACHABLE_CODE = YES;
				CLANG_WARN__DUPLICATE_METHOD_MATCH = YES;
				CODE_SIGN_IDENTITY = "-";
				COPY_PHASE_STRIP = NO;
				ENABLE_STRICT_OBJC_MSGSEND = YES;
				GCC_C_LANGUAGE_STANDARD = gnu99;
				GCC_DYNAMIC_NO_PIC = NO;
				GCC_OPTIMIZATION_LEVEL = 0;
				GCC_PREPROCESSOR_DEFINITIONS = (
					"DEBUG=1",
					"$(inherited)",
				);
				GCC_SYMBOLS_PRIVATE_EXTERN = NO;
				GCC_TREAT_WARNINGS_AS_ERRORS = YES;
				GCC_WARN_64_TO_32_BIT_CONVERSION = YES;
				GCC_WARN_ABOUT_RETURN_TYPE = YES_ERROR;
				GCC_WARN_UNDECLARED_SELECTOR = YES;
				GCC_WARN_UNINITIALIZED_AUTOS = YES_AGGRESSIVE;
				GCC_WARN_UNUSED_FUNCTION = YES;
				GCC_WARN_UNUSED_VARIABLE = YES;
				MACOSX_DEPLOYMENT_TARGET = 10.10;
				MTL_ENABLE_DEBUG_INFO = YES;
				ONLY_ACTIVE_ARCH = YES;
				RUN_CLANG_STATIC_ANALYZER = YES;
				SDKROOT = macosx;
				SWIFT_OPTIMIZATION_LEVEL = "-Onone";
			};
			name = Debug;
		};
		776414F31A32ADC9005E381A /* Release */ = {
			isa = XCBuildConfiguration;
			buildSettings = {
				ALWAYS_SEARCH_USER_PATHS = NO;
				CLANG_CXX_LANGUAGE_STANDARD = "gnu++0x";
				CLANG_CXX_LIBRARY = "libc++";
				CLANG_ENABLE_MODULES = YES;
				CLANG_ENABLE_OBJC_ARC = YES;
				CLANG_WARN_BOOL_CONVERSION = YES;
				CLANG_WARN_CONSTANT_CONVERSION = YES;
				CLANG_WARN_DIRECT_OBJC_ISA_USAGE = YES_ERROR;
				CLANG_WARN_EMPTY_BODY = YES;
				CLANG_WARN_ENUM_CONVERSION = YES;
				CLANG_WARN_INT_CONVERSION = YES;
				CLANG_WARN_OBJC_ROOT_CLASS = YES_ERROR;
				CLANG_WARN_UNREACHABLE_CODE = YES;
				CLANG_WARN__DUPLICATE_METHOD_MATCH = YES;
				CODE_SIGN_IDENTITY = "-";
				COPY_PHASE_STRIP = YES;
				DEBUG_INFORMATION_FORMAT = "dwarf-with-dsym";
				ENABLE_NS_ASSERTIONS = NO;
				ENABLE_STRICT_OBJC_MSGSEND = YES;
				GCC_C_LANGUAGE_STANDARD = gnu99;
				GCC_TREAT_WARNINGS_AS_ERRORS = YES;
				GCC_WARN_64_TO_32_BIT_CONVERSION = YES;
				GCC_WARN_ABOUT_RETURN_TYPE = YES_ERROR;
				GCC_WARN_UNDECLARED_SELECTOR = YES;
				GCC_WARN_UNINITIALIZED_AUTOS = YES_AGGRESSIVE;
				GCC_WARN_UNUSED_FUNCTION = YES;
				GCC_WARN_UNUSED_VARIABLE = YES;
				MACOSX_DEPLOYMENT_TARGET = 10.10;
				MTL_ENABLE_DEBUG_INFO = NO;
				RUN_CLANG_STATIC_ANALYZER = YES;
				SDKROOT = macosx;
			};
			name = Release;
		};
		776414F51A32ADC9005E381A /* Debug */ = {
			isa = XCBuildConfiguration;
			buildSettings = {
				ASSETCATALOG_COMPILER_APPICON_NAME = AppIcon;
				COMBINE_HIDPI_IMAGES = YES;
				FRAMEWORK_SEARCH_PATHS = (
					"$(inherited)",
					"$(PROJECT_DIR)",
				);
				HEADER_SEARCH_PATHS = (
					"$(inherited)",
					"$(SRCROOT)/Shared/",
				);
				INFOPLIST_FILE = "$(SRCROOT)/Desktop/Info.plist";
				LD_RUNPATH_SEARCH_PATHS = "$(inherited) @executable_path/../Frameworks";
				LIBRARY_SEARCH_PATHS = (
					"$(inherited)",
					"$(USER_LIBRARY_DIR)/Developer/Xcode/DerivedData/Dials-dszlxtikntnjoqbsqgddedhnooyt/Build/Products/Debug",
				);
				OTHER_LDFLAGS = "-ObjC";
				PRODUCT_NAME = "$(TARGET_NAME)";
				SWIFT_OBJC_BRIDGING_HEADER = "$(SRCROOT)/Desktop/BridgingHeader.h";
			};
			name = Debug;
		};
		776414F61A32ADC9005E381A /* Release */ = {
			isa = XCBuildConfiguration;
			buildSettings = {
				ASSETCATALOG_COMPILER_APPICON_NAME = AppIcon;
				COMBINE_HIDPI_IMAGES = YES;
				FRAMEWORK_SEARCH_PATHS = (
					"$(inherited)",
					"$(PROJECT_DIR)",
				);
				HEADER_SEARCH_PATHS = (
					"$(inherited)",
					"$(SRCROOT)/Shared/",
				);
				INFOPLIST_FILE = "$(SRCROOT)/Desktop/Info.plist";
				LD_RUNPATH_SEARCH_PATHS = "$(inherited) @executable_path/../Frameworks";
				LIBRARY_SEARCH_PATHS = (
					"$(inherited)",
					"$(USER_LIBRARY_DIR)/Developer/Xcode/DerivedData/Dials-dszlxtikntnjoqbsqgddedhnooyt/Build/Products/Debug",
				);
				OTHER_LDFLAGS = "-ObjC";
				PRODUCT_NAME = "$(TARGET_NAME)";
				SWIFT_OBJC_BRIDGING_HEADER = "$(SRCROOT)/Desktop/BridgingHeader.h";
			};
			name = Release;
		};
/* End XCBuildConfiguration section */

/* Begin XCConfigurationList section */
		776414D51A32ADC9005E381A /* Build configuration list for PBXProject "Dials-Desktop" */ = {
			isa = XCConfigurationList;
			buildConfigurations = (
				776414F21A32ADC9005E381A /* Debug */,
				776414F31A32ADC9005E381A /* Release */,
			);
			defaultConfigurationIsVisible = 0;
			defaultConfigurationName = Release;
		};
		776414F41A32ADC9005E381A /* Build configuration list for PBXNativeTarget "Dials" */ = {
			isa = XCConfigurationList;
			buildConfigurations = (
				776414F51A32ADC9005E381A /* Debug */,
				776414F61A32ADC9005E381A /* Release */,
			);
			defaultConfigurationIsVisible = 0;
			defaultConfigurationName = Release;
		};
/* End XCConfigurationList section */
	};
	rootObject = 776414D21A32ADC9005E381A /* Project object */;
}
