// !$*UTF8*$!
{
	archiveVersion = 1;
	classes = {
	};
	objectVersion = 46;
	objects = {

/* Begin PBXBuildFile section */
		7708CC491AF57C5700511F3F /* ColorEditorView.xib in Resources */ = {isa = PBXBuildFile; fileRef = 7708CC481AF57C5700511F3F /* ColorEditorView.xib */; };
		7708CC521AF58FE600511F3F /* NetworkRequestsPlugin.swift in Sources */ = {isa = PBXBuildFile; fileRef = 7708CC511AF58FE600511F3F /* NetworkRequestsPlugin.swift */; };
		7708CC541AF592E200511F3F /* NetworkRequestsViewController.swift in Sources */ = {isa = PBXBuildFile; fileRef = 7708CC531AF592E200511F3F /* NetworkRequestsViewController.swift */; };
		7708CC571AF5CC3900511F3F /* NetworkRequestsViewController.xib in Resources */ = {isa = PBXBuildFile; fileRef = 7708CC561AF5CC3900511F3F /* NetworkRequestsViewController.xib */; };
		77191D901A3E856A006D248C /* ChannelCellView.xib in Resources */ = {isa = PBXBuildFile; fileRef = 77191D8F1A3E856A006D248C /* ChannelCellView.xib */; };
		77224B821AEDDE21002C3739 /* ViewFacade.swift in Sources */ = {isa = PBXBuildFile; fileRef = 77224B811AEDDE21002C3739 /* ViewFacade.swift */; };
		772C9BD11A373D9D00BE2D32 /* NSView+Layout.swift in Sources */ = {isa = PBXBuildFile; fileRef = 772C9BD01A373D9D00BE2D32 /* NSView+Layout.swift */; };
		773C5AD11AF335DD00F6AD59 /* TextFieldEditor.swift in Sources */ = {isa = PBXBuildFile; fileRef = 773C5AD01AF335D200F6AD59 /* TextFieldEditor.swift */; };
		773C5AD51AF337EE00F6AD59 /* TextFieldEditorView.xib in Resources */ = {isa = PBXBuildFile; fileRef = 773C5AD41AF337EE00F6AD59 /* TextFieldEditorView.xib */; };
		773E67A31ACDF82E00E1BB0A /* ViewAdjustPlugin.swift in Sources */ = {isa = PBXBuildFile; fileRef = 773E67A21ACDF82E00E1BB0A /* ViewAdjustPlugin.swift */; };
		773E67B81ACE0A8000E1BB0A /* ViewAdjustViewController.xib in Resources */ = {isa = PBXBuildFile; fileRef = 773E67B71ACE0A8000E1BB0A /* ViewAdjustViewController.xib */; };
		773E67B91ACEE4EB00E1BB0A /* ViewAdjustViewController.swift in Sources */ = {isa = PBXBuildFile; fileRef = 773E67B41ACDFE7600E1BB0A /* ViewAdjustViewController.swift */; };
		7748C9B71AEDD88400363932 /* MathUtils.swift in Sources */ = {isa = PBXBuildFile; fileRef = 7748C9B61AEDD88400363932 /* MathUtils.swift */; };
		774D160D1AB5D36900613F24 /* libDialsShared-Desktop.a in Frameworks */ = {isa = PBXBuildFile; fileRef = 774D160C1AB5D36900613F24 /* libDialsShared-Desktop.a */; };
		7756776A1AF6A0310085AF6B /* NSHTTPURLResponse+StatusCodes.swift in Sources */ = {isa = PBXBuildFile; fileRef = 775677691AF6A0310085AF6B /* NSHTTPURLResponse+StatusCodes.swift */; };
		776415021A32AF94005E381A /* ConsoleWindow.xib in Resources */ = {isa = PBXBuildFile; fileRef = 776415001A32AF94005E381A /* ConsoleWindow.xib */; };
		776415031A32AF94005E381A /* MainMenu.xib in Resources */ = {isa = PBXBuildFile; fileRef = 776415011A32AF94005E381A /* MainMenu.xib */; };
		776415061A32AF9F005E381A /* AppDelegate.swift in Sources */ = {isa = PBXBuildFile; fileRef = 776415041A32AF9F005E381A /* AppDelegate.swift */; };
		776415071A32AF9F005E381A /* ConsoleWindowController.swift in Sources */ = {isa = PBXBuildFile; fileRef = 776415051A32AF9F005E381A /* ConsoleWindowController.swift */; };
		7764150B1A32C064005E381A /* DeviceController.swift in Sources */ = {isa = PBXBuildFile; fileRef = 7764150A1A32C064005E381A /* DeviceController.swift */; };
		7783CDA31A3B2848005E34D9 /* SidebarSplitViewController.swift in Sources */ = {isa = PBXBuildFile; fileRef = 7783CDA21A3B2848005E34D9 /* SidebarSplitViewController.swift */; };
		7787FF461A3CA3D400074DBC /* Plugin.swift in Sources */ = {isa = PBXBuildFile; fileRef = 7787FF451A3CA3D400074DBC /* Plugin.swift */; };
		778876BB1AB64F6700AB5580 /* LiveDialPaneViewController.swift in Sources */ = {isa = PBXBuildFile; fileRef = 778876B91AB64F6700AB5580 /* LiveDialPaneViewController.swift */; };
		778876D11ABBDC1600AB5580 /* ActionEditorView.xib in Resources */ = {isa = PBXBuildFile; fileRef = 778876D01ABBDC1600AB5580 /* ActionEditorView.xib */; };
		778876D51ABDC24F00AB5580 /* Array+Utilties.swift in Sources */ = {isa = PBXBuildFile; fileRef = 778876D41ABDC24F00AB5580 /* Array+Utilties.swift */; };
		778876D91ABDC27400AB5580 /* ActionEditor.swift in Sources */ = {isa = PBXBuildFile; fileRef = 778876D61ABDC27400AB5580 /* ActionEditor.swift */; };
		778876DA1ABDC27400AB5580 /* LiveDialController.swift in Sources */ = {isa = PBXBuildFile; fileRef = 778876D71ABDC27400AB5580 /* LiveDialController.swift */; };
		778876DB1ABDC27400AB5580 /* EditorView.swift in Sources */ = {isa = PBXBuildFile; fileRef = 778876D81ABDC27400AB5580 /* EditorView.swift */; };
		778876DD1ABDC91E00AB5580 /* Optional+Utilities.swift in Sources */ = {isa = PBXBuildFile; fileRef = 778876DC1ABDC91E00AB5580 /* Optional+Utilities.swift */; };
		778876DF1ABDFECB00AB5580 /* SliderEditor.swift in Sources */ = {isa = PBXBuildFile; fileRef = 778876DE1ABDFECB00AB5580 /* SliderEditor.swift */; };
		778876E11ABE050E00AB5580 /* SliderEditorView.xib in Resources */ = {isa = PBXBuildFile; fileRef = 778876E01ABE050E00AB5580 /* SliderEditorView.xib */; };
		778876E31ABE0F7F00AB5580 /* ToggleEditorView.xib in Resources */ = {isa = PBXBuildFile; fileRef = 778876E21ABE0F7F00AB5580 /* ToggleEditorView.xib */; };
		778876E51ABE100700AB5580 /* ToggleEditor.swift in Sources */ = {isa = PBXBuildFile; fileRef = 778876E41ABE100700AB5580 /* ToggleEditor.swift */; };
		778876E71ABE101E00AB5580 /* LiveDialPaneViewController.xib in Resources */ = {isa = PBXBuildFile; fileRef = 778876E61ABE101E00AB5580 /* LiveDialPaneViewController.xib */; };
		778876F21ABE16E800AB5580 /* ColorEditor.swift in Sources */ = {isa = PBXBuildFile; fileRef = 778876F11ABE16E800AB5580 /* ColorEditor.swift */; };
		778876F71ABF600800AB5580 /* FormattingUtilities.swift in Sources */ = {isa = PBXBuildFile; fileRef = 778876F61ABF5FCA00AB5580 /* FormattingUtilities.swift */; };
		778876F91ABF869C00AB5580 /* LiveDialCellView.xib in Resources */ = {isa = PBXBuildFile; fileRef = 778876F81ABF869C00AB5580 /* LiveDialCellView.xib */; };
		778876FB1ABF9C8B00AB5580 /* CodeManager.swift in Sources */ = {isa = PBXBuildFile; fileRef = 778876FA1ABF9C8B00AB5580 /* CodeManager.swift */; };
		778877101ABFA71D00AB5580 /* Result.swift in Sources */ = {isa = PBXBuildFile; fileRef = 7788770F1ABFA71D00AB5580 /* Result.swift */; };
		778877121ABFA74600AB5580 /* CodeManagerTests.swift in Sources */ = {isa = PBXBuildFile; fileRef = 778877111ABFA74600AB5580 /* CodeManagerTests.swift */; };
		778877141ABFA7F400AB5580 /* Sample Files in Resources */ = {isa = PBXBuildFile; fileRef = 778877131ABFA7F400AB5580 /* Sample Files */; };
		7788771D1AC0E16300AB5580 /* NSRegularExpression+Result.swift in Sources */ = {isa = PBXBuildFile; fileRef = 7788771C1AC0E16300AB5580 /* NSRegularExpression+Result.swift */; };
		778877211AC0E55D00AB5580 /* Optional+Result.swift in Sources */ = {isa = PBXBuildFile; fileRef = 778877201AC0E55D00AB5580 /* Optional+Result.swift */; };
		778877241AC1182900AB5580 /* CodeGenerating.swift in Sources */ = {isa = PBXBuildFile; fileRef = 778877231AC1182900AB5580 /* CodeGenerating.swift */; };
		779250F71A336E9B00CCC229 /* DeviceConnection.swift in Sources */ = {isa = PBXBuildFile; fileRef = 779250F61A336E9B00CCC229 /* DeviceConnection.swift */; };
		77A353201A36C87200A65A90 /* ConnectionStatusView.swift in Sources */ = {isa = PBXBuildFile; fileRef = 77A3531F1A36C87200A65A90 /* ConnectionStatusView.swift */; };
		77A353231A36C8AE00A65A90 /* ViewControllerGrouper.swift in Sources */ = {isa = PBXBuildFile; fileRef = 77A353221A36C8AE00A65A90 /* ViewControllerGrouper.swift */; };
		77A4364A1AF9BE5600F741C5 /* NetworkRequestInfoView.xib in Resources */ = {isa = PBXBuildFile; fileRef = 77A436491AF9BE5600F741C5 /* NetworkRequestInfoView.xib */; };
		77A4364C1AFA466700F741C5 /* NetworkRequestInfoView.swift in Sources */ = {isa = PBXBuildFile; fileRef = 77A4364B1AFA466700F741C5 /* NetworkRequestInfoView.swift */; };
		77A4364E1AFA4A3900F741C5 /* NetworkRequestStatusView.swift in Sources */ = {isa = PBXBuildFile; fileRef = 77A4364D1AFA4A3900F741C5 /* NetworkRequestStatusView.swift */; };
		77A6F9A91AEB01FE0096FCF1 /* ViewAdjustVisualOutlineController.swift in Sources */ = {isa = PBXBuildFile; fileRef = 77A6F9A81AEB01FE0096FCF1 /* ViewAdjustVisualOutlineController.swift */; };
		77A6F9AD1AEB03C40096FCF1 /* ViewAdjustHierarchy.swift in Sources */ = {isa = PBXBuildFile; fileRef = 77A6F9AC1AEB03C40096FCF1 /* ViewAdjustHierarchy.swift */; };
		77AAE4F81A32C66600998E36 /* Device.swift in Sources */ = {isa = PBXBuildFile; fileRef = 77AAE4F71A32C66600998E36 /* Device.swift */; };
		77AAE4FC1A32CFA600998E36 /* Images.xcassets in Resources */ = {isa = PBXBuildFile; fileRef = 77AAE4FB1A32CFA600998E36 /* Images.xcassets */; };
		77AAE4FE1A32CFB300998E36 /* VisibleStrings.swift in Sources */ = {isa = PBXBuildFile; fileRef = 77AAE4FD1A32CFB300998E36 /* VisibleStrings.swift */; };
		77AD6A751AEC2D4D00BB4CB3 /* VisualOutlineControlsView.xib in Resources */ = {isa = PBXBuildFile; fileRef = 77AD6A741AEC2D4D00BB4CB3 /* VisualOutlineControlsView.xib */; };
		77AD6A791AEC2FFF00BB4CB3 /* VisualOutlineControlsView.swift in Sources */ = {isa = PBXBuildFile; fileRef = 77AD6A781AEC2FFF00BB4CB3 /* VisualOutlineControlsView.swift */; };
		77B0BA0A1AD1E90000E81A67 /* ViewAdjustHierarchyOutlineController.swift in Sources */ = {isa = PBXBuildFile; fileRef = 77B0BA091AD1E8AD00E81A67 /* ViewAdjustHierarchyOutlineController.swift */; };
		77B2355A1AE2C37300599722 /* MapTable.swift in Sources */ = {isa = PBXBuildFile; fileRef = 77B235591AE2C37300599722 /* MapTable.swift */; };
		77B235751AE3E9B200599722 /* ViewAdjustPropertyTableController.swift in Sources */ = {isa = PBXBuildFile; fileRef = 77B235741AE3E9B200599722 /* ViewAdjustPropertyTableController.swift */; };
		77B2357A1AE43B0800599722 /* PropertyGroupView.xib in Resources */ = {isa = PBXBuildFile; fileRef = 77B235791AE43B0800599722 /* PropertyGroupView.xib */; };
		77B235811AE44D3900599722 /* PropertyGroupView.swift in Sources */ = {isa = PBXBuildFile; fileRef = 77B235801AE44D3900599722 /* PropertyGroupView.swift */; };
		77B2358D1AE4BDE900599722 /* BackgroundColorView.swift in Sources */ = {isa = PBXBuildFile; fileRef = 77B2358C1AE4BDE900599722 /* BackgroundColorView.swift */; };
		77B2358F1AE4BFFD00599722 /* ViewOwner.swift in Sources */ = {isa = PBXBuildFile; fileRef = 77B2358E1AE4BFFD00599722 /* ViewOwner.swift */; };
		77B235991AE5648F00599722 /* StepperEditor.swift in Sources */ = {isa = PBXBuildFile; fileRef = 77B235981AE5648F00599722 /* StepperEditor.swift */; };
		77B2359B1AE56FD400599722 /* StepperEditorView.xib in Resources */ = {isa = PBXBuildFile; fileRef = 77B2359A1AE56FD400599722 /* StepperEditorView.xib */; };
		77F4F59A1A33D64100A48A76 /* PluginController.swift in Sources */ = {isa = PBXBuildFile; fileRef = 77F4F5991A33D64100A48A76 /* PluginController.swift */; };
		77F4F59C1A33D8C700A48A76 /* LiveDialsPlugin.swift in Sources */ = {isa = PBXBuildFile; fileRef = 77F4F59B1A33D8C700A48A76 /* LiveDialsPlugin.swift */; };
		77F4F59E1A34A8A000A48A76 /* PluginContextBouncer.swift in Sources */ = {isa = PBXBuildFile; fileRef = 77F4F59D1A34A89C00A48A76 /* PluginContextBouncer.swift */; };
		77F4F5A31A34D05600A48A76 /* ConnectionStatusToolbarItem.swift in Sources */ = {isa = PBXBuildFile; fileRef = 77F4F5A21A34D05600A48A76 /* ConnectionStatusToolbarItem.swift */; };
		77F4F5A61A34D67B00A48A76 /* Broadcaster.swift in Sources */ = {isa = PBXBuildFile; fileRef = 77F4F5A51A34D67800A48A76 /* Broadcaster.swift */; };
/* End PBXBuildFile section */

/* Begin PBXContainerItemProxy section */
		778877081ABFA04F00AB5580 /* PBXContainerItemProxy */ = {
			isa = PBXContainerItemProxy;
			containerPortal = 776414D21A32ADC9005E381A /* Project object */;
			proxyType = 1;
			remoteGlobalIDString = 776414D91A32ADC9005E381A;
			remoteInfo = Dials;
		};
/* End PBXContainerItemProxy section */

/* Begin PBXFileReference section */
		7708CC481AF57C5700511F3F /* ColorEditorView.xib */ = {isa = PBXFileReference; fileEncoding = 4; lastKnownFileType = file.xib; name = ColorEditorView.xib; path = Desktop/XIB/ColorEditorView.xib; sourceTree = SOURCE_ROOT; };
		7708CC511AF58FE600511F3F /* NetworkRequestsPlugin.swift */ = {isa = PBXFileReference; fileEncoding = 4; lastKnownFileType = sourcecode.swift; name = NetworkRequestsPlugin.swift; path = Desktop/Source/NetworkRequestsPlugin.swift; sourceTree = SOURCE_ROOT; };
		7708CC531AF592E200511F3F /* NetworkRequestsViewController.swift */ = {isa = PBXFileReference; fileEncoding = 4; lastKnownFileType = sourcecode.swift; name = NetworkRequestsViewController.swift; path = Desktop/Source/NetworkRequestsViewController.swift; sourceTree = SOURCE_ROOT; };
		7708CC561AF5CC3900511F3F /* NetworkRequestsViewController.xib */ = {isa = PBXFileReference; fileEncoding = 4; lastKnownFileType = file.xib; name = NetworkRequestsViewController.xib; path = Desktop/XIB/NetworkRequestsViewController.xib; sourceTree = SOURCE_ROOT; };
		77191D8F1A3E856A006D248C /* ChannelCellView.xib */ = {isa = PBXFileReference; fileEncoding = 4; lastKnownFileType = file.xib; name = ChannelCellView.xib; path = Desktop/XIB/ChannelCellView.xib; sourceTree = SOURCE_ROOT; };
		77224B811AEDDE21002C3739 /* ViewFacade.swift */ = {isa = PBXFileReference; fileEncoding = 4; lastKnownFileType = sourcecode.swift; name = ViewFacade.swift; path = Desktop/Source/ViewFacade.swift; sourceTree = SOURCE_ROOT; };
		772C9BD01A373D9D00BE2D32 /* NSView+Layout.swift */ = {isa = PBXFileReference; fileEncoding = 4; lastKnownFileType = sourcecode.swift; name = "NSView+Layout.swift"; path = "Desktop/Source/NSView+Layout.swift"; sourceTree = SOURCE_ROOT; };
		773C5AD01AF335D200F6AD59 /* TextFieldEditor.swift */ = {isa = PBXFileReference; lastKnownFileType = sourcecode.swift; name = TextFieldEditor.swift; path = Desktop/Source/TextFieldEditor.swift; sourceTree = SOURCE_ROOT; };
		773C5AD41AF337EE00F6AD59 /* TextFieldEditorView.xib */ = {isa = PBXFileReference; fileEncoding = 4; lastKnownFileType = file.xib; name = TextFieldEditorView.xib; path = Desktop/XIB/TextFieldEditorView.xib; sourceTree = SOURCE_ROOT; };
		773E67A21ACDF82E00E1BB0A /* ViewAdjustPlugin.swift */ = {isa = PBXFileReference; fileEncoding = 4; lastKnownFileType = sourcecode.swift; name = ViewAdjustPlugin.swift; path = Desktop/Source/ViewAdjustPlugin.swift; sourceTree = SOURCE_ROOT; };
		773E67B41ACDFE7600E1BB0A /* ViewAdjustViewController.swift */ = {isa = PBXFileReference; lastKnownFileType = sourcecode.swift; name = ViewAdjustViewController.swift; path = Desktop/Source/ViewAdjustViewController.swift; sourceTree = SOURCE_ROOT; };
		773E67B71ACE0A8000E1BB0A /* ViewAdjustViewController.xib */ = {isa = PBXFileReference; fileEncoding = 4; lastKnownFileType = file.xib; name = ViewAdjustViewController.xib; path = Desktop/XIB/ViewAdjustViewController.xib; sourceTree = SOURCE_ROOT; };
		7748C9B61AEDD88400363932 /* MathUtils.swift */ = {isa = PBXFileReference; fileEncoding = 4; lastKnownFileType = sourcecode.swift; name = MathUtils.swift; path = Desktop/Source/MathUtils.swift; sourceTree = SOURCE_ROOT; };
		774D160C1AB5D36900613F24 /* libDialsShared-Desktop.a */ = {isa = PBXFileReference; lastKnownFileType = archive.ar; name = "libDialsShared-Desktop.a"; path = "../../../Library/Developer/Xcode/DerivedData/Dials-dszlxtikntnjoqbsqgddedhnooyt/Build/Products/Debug/libDialsShared-Desktop.a"; sourceTree = "<group>"; };
		775677691AF6A0310085AF6B /* NSHTTPURLResponse+StatusCodes.swift */ = {isa = PBXFileReference; fileEncoding = 4; lastKnownFileType = sourcecode.swift; name = "NSHTTPURLResponse+StatusCodes.swift"; path = "Desktop/Source/NSHTTPURLResponse+StatusCodes.swift"; sourceTree = SOURCE_ROOT; };
		776414DA1A32ADC9005E381A /* Dials.app */ = {isa = PBXFileReference; explicitFileType = wrapper.application; includeInIndex = 0; path = Dials.app; sourceTree = BUILT_PRODUCTS_DIR; };
		776415001A32AF94005E381A /* ConsoleWindow.xib */ = {isa = PBXFileReference; fileEncoding = 4; lastKnownFileType = file.xib; name = ConsoleWindow.xib; path = Desktop/XIB/ConsoleWindow.xib; sourceTree = SOURCE_ROOT; };
		776415011A32AF94005E381A /* MainMenu.xib */ = {isa = PBXFileReference; fileEncoding = 4; lastKnownFileType = file.xib; name = MainMenu.xib; path = Desktop/XIB/MainMenu.xib; sourceTree = SOURCE_ROOT; };
		776415041A32AF9F005E381A /* AppDelegate.swift */ = {isa = PBXFileReference; fileEncoding = 4; lastKnownFileType = sourcecode.swift; name = AppDelegate.swift; path = Desktop/Source/AppDelegate.swift; sourceTree = SOURCE_ROOT; };
		776415051A32AF9F005E381A /* ConsoleWindowController.swift */ = {isa = PBXFileReference; fileEncoding = 4; lastKnownFileType = sourcecode.swift; name = ConsoleWindowController.swift; path = Desktop/Source/ConsoleWindowController.swift; sourceTree = SOURCE_ROOT; };
		776415081A32AFA8005E381A /* Info.plist */ = {isa = PBXFileReference; fileEncoding = 4; lastKnownFileType = text.plist.xml; name = Info.plist; path = Desktop/Info.plist; sourceTree = SOURCE_ROOT; };
		7764150A1A32C064005E381A /* DeviceController.swift */ = {isa = PBXFileReference; fileEncoding = 4; lastKnownFileType = sourcecode.swift; name = DeviceController.swift; path = Desktop/Source/DeviceController.swift; sourceTree = SOURCE_ROOT; };
		7783CDA21A3B2848005E34D9 /* SidebarSplitViewController.swift */ = {isa = PBXFileReference; fileEncoding = 4; lastKnownFileType = sourcecode.swift; name = SidebarSplitViewController.swift; path = Desktop/Source/SidebarSplitViewController.swift; sourceTree = SOURCE_ROOT; };
		7787FF451A3CA3D400074DBC /* Plugin.swift */ = {isa = PBXFileReference; fileEncoding = 4; lastKnownFileType = sourcecode.swift; name = Plugin.swift; path = Desktop/Source/Plugin.swift; sourceTree = SOURCE_ROOT; };
		778876B91AB64F6700AB5580 /* LiveDialPaneViewController.swift */ = {isa = PBXFileReference; fileEncoding = 4; lastKnownFileType = sourcecode.swift; name = LiveDialPaneViewController.swift; path = Desktop/Source/LiveDialPaneViewController.swift; sourceTree = SOURCE_ROOT; };
		778876D01ABBDC1600AB5580 /* ActionEditorView.xib */ = {isa = PBXFileReference; fileEncoding = 4; lastKnownFileType = file.xib; name = ActionEditorView.xib; path = Desktop/XIB/ActionEditorView.xib; sourceTree = SOURCE_ROOT; };
		778876D41ABDC24F00AB5580 /* Array+Utilties.swift */ = {isa = PBXFileReference; fileEncoding = 4; lastKnownFileType = sourcecode.swift; name = "Array+Utilties.swift"; path = "Desktop/Source/Array+Utilties.swift"; sourceTree = SOURCE_ROOT; };
		778876D61ABDC27400AB5580 /* ActionEditor.swift */ = {isa = PBXFileReference; fileEncoding = 4; lastKnownFileType = sourcecode.swift; name = ActionEditor.swift; path = Desktop/Source/ActionEditor.swift; sourceTree = SOURCE_ROOT; };
		778876D71ABDC27400AB5580 /* LiveDialController.swift */ = {isa = PBXFileReference; fileEncoding = 4; lastKnownFileType = sourcecode.swift; name = LiveDialController.swift; path = Desktop/Source/LiveDialController.swift; sourceTree = SOURCE_ROOT; };
		778876D81ABDC27400AB5580 /* EditorView.swift */ = {isa = PBXFileReference; fileEncoding = 4; lastKnownFileType = sourcecode.swift; name = EditorView.swift; path = Desktop/Source/EditorView.swift; sourceTree = SOURCE_ROOT; };
		778876DC1ABDC91E00AB5580 /* Optional+Utilities.swift */ = {isa = PBXFileReference; fileEncoding = 4; lastKnownFileType = sourcecode.swift; name = "Optional+Utilities.swift"; path = "Desktop/Source/Optional+Utilities.swift"; sourceTree = SOURCE_ROOT; };
		778876DE1ABDFECB00AB5580 /* SliderEditor.swift */ = {isa = PBXFileReference; fileEncoding = 4; lastKnownFileType = sourcecode.swift; name = SliderEditor.swift; path = Desktop/Source/SliderEditor.swift; sourceTree = SOURCE_ROOT; };
		778876E01ABE050E00AB5580 /* SliderEditorView.xib */ = {isa = PBXFileReference; fileEncoding = 4; lastKnownFileType = file.xib; name = SliderEditorView.xib; path = Desktop/XIB/SliderEditorView.xib; sourceTree = SOURCE_ROOT; };
		778876E21ABE0F7F00AB5580 /* ToggleEditorView.xib */ = {isa = PBXFileReference; fileEncoding = 4; lastKnownFileType = file.xib; name = ToggleEditorView.xib; path = Desktop/XIB/ToggleEditorView.xib; sourceTree = SOURCE_ROOT; };
		778876E41ABE100700AB5580 /* ToggleEditor.swift */ = {isa = PBXFileReference; fileEncoding = 4; lastKnownFileType = sourcecode.swift; name = ToggleEditor.swift; path = Desktop/Source/ToggleEditor.swift; sourceTree = SOURCE_ROOT; };
		778876E61ABE101E00AB5580 /* LiveDialPaneViewController.xib */ = {isa = PBXFileReference; fileEncoding = 4; lastKnownFileType = file.xib; name = LiveDialPaneViewController.xib; path = Desktop/XIB/LiveDialPaneViewController.xib; sourceTree = SOURCE_ROOT; };
		778876F11ABE16E800AB5580 /* ColorEditor.swift */ = {isa = PBXFileReference; fileEncoding = 4; lastKnownFileType = sourcecode.swift; name = ColorEditor.swift; path = Desktop/Source/ColorEditor.swift; sourceTree = SOURCE_ROOT; };
		778876F61ABF5FCA00AB5580 /* FormattingUtilities.swift */ = {isa = PBXFileReference; lastKnownFileType = sourcecode.swift; name = FormattingUtilities.swift; path = Desktop/Source/FormattingUtilities.swift; sourceTree = SOURCE_ROOT; };
		778876F81ABF869C00AB5580 /* LiveDialCellView.xib */ = {isa = PBXFileReference; fileEncoding = 4; lastKnownFileType = file.xib; name = LiveDialCellView.xib; path = Desktop/XIB/LiveDialCellView.xib; sourceTree = SOURCE_ROOT; };
		778876FA1ABF9C8B00AB5580 /* CodeManager.swift */ = {isa = PBXFileReference; fileEncoding = 4; lastKnownFileType = sourcecode.swift; name = CodeManager.swift; path = Desktop/Source/CodeManager.swift; sourceTree = SOURCE_ROOT; };
		778877021ABFA04F00AB5580 /* Dials-Desktop Tests.xctest */ = {isa = PBXFileReference; explicitFileType = wrapper.cfbundle; includeInIndex = 0; path = "Dials-Desktop Tests.xctest"; sourceTree = BUILT_PRODUCTS_DIR; };
		7788770D1ABFA68C00AB5580 /* Info.plist */ = {isa = PBXFileReference; fileEncoding = 4; lastKnownFileType = text.plist.xml; name = Info.plist; path = Desktop/Tests/Info.plist; sourceTree = SOURCE_ROOT; };
		7788770F1ABFA71D00AB5580 /* Result.swift */ = {isa = PBXFileReference; fileEncoding = 4; lastKnownFileType = sourcecode.swift; name = Result.swift; path = Desktop/Source/Result.swift; sourceTree = SOURCE_ROOT; };
		778877111ABFA74600AB5580 /* CodeManagerTests.swift */ = {isa = PBXFileReference; fileEncoding = 4; lastKnownFileType = sourcecode.swift; path = CodeManagerTests.swift; sourceTree = "<group>"; };
		778877131ABFA7F400AB5580 /* Sample Files */ = {isa = PBXFileReference; lastKnownFileType = folder; path = "Sample Files"; sourceTree = "<group>"; };
		778877191ABFABC900AB5580 /* find-name.m */ = {isa = PBXFileReference; fileEncoding = 4; lastKnownFileType = sourcecode.c.objc; name = "find-name.m"; path = "Sample Files/find-name.m"; sourceTree = "<group>"; };
		7788771C1AC0E16300AB5580 /* NSRegularExpression+Result.swift */ = {isa = PBXFileReference; fileEncoding = 4; lastKnownFileType = sourcecode.swift; name = "NSRegularExpression+Result.swift"; path = "Desktop/Source/NSRegularExpression+Result.swift"; sourceTree = SOURCE_ROOT; };
		778877201AC0E55D00AB5580 /* Optional+Result.swift */ = {isa = PBXFileReference; fileEncoding = 4; lastKnownFileType = sourcecode.swift; name = "Optional+Result.swift"; path = "Desktop/Source/Optional+Result.swift"; sourceTree = SOURCE_ROOT; };
		778877231AC1182900AB5580 /* CodeGenerating.swift */ = {isa = PBXFileReference; fileEncoding = 4; lastKnownFileType = sourcecode.swift; name = CodeGenerating.swift; path = Desktop/Source/CodeGenerating.swift; sourceTree = SOURCE_ROOT; };
		779250DE1A33554000CCC229 /* Bridging-Header.h */ = {isa = PBXFileReference; lastKnownFileType = sourcecode.c.h; name = "Bridging-Header.h"; path = "Desktop/Bridging-Header.h"; sourceTree = "<group>"; };
		779250F61A336E9B00CCC229 /* DeviceConnection.swift */ = {isa = PBXFileReference; fileEncoding = 4; lastKnownFileType = sourcecode.swift; name = DeviceConnection.swift; path = Desktop/Source/DeviceConnection.swift; sourceTree = SOURCE_ROOT; };
		77A3531F1A36C87200A65A90 /* ConnectionStatusView.swift */ = {isa = PBXFileReference; fileEncoding = 4; lastKnownFileType = sourcecode.swift; name = ConnectionStatusView.swift; path = Desktop/Source/ConnectionStatusView.swift; sourceTree = SOURCE_ROOT; };
		77A353221A36C8AE00A65A90 /* ViewControllerGrouper.swift */ = {isa = PBXFileReference; fileEncoding = 4; lastKnownFileType = sourcecode.swift; name = ViewControllerGrouper.swift; path = Desktop/Source/ViewControllerGrouper.swift; sourceTree = SOURCE_ROOT; };
		77A436491AF9BE5600F741C5 /* NetworkRequestInfoView.xib */ = {isa = PBXFileReference; fileEncoding = 4; lastKnownFileType = file.xib; name = NetworkRequestInfoView.xib; path = Desktop/XIB/NetworkRequestInfoView.xib; sourceTree = SOURCE_ROOT; };
		77A4364B1AFA466700F741C5 /* NetworkRequestInfoView.swift */ = {isa = PBXFileReference; fileEncoding = 4; lastKnownFileType = sourcecode.swift; name = NetworkRequestInfoView.swift; path = Desktop/Source/NetworkRequestInfoView.swift; sourceTree = SOURCE_ROOT; };
		77A4364D1AFA4A3900F741C5 /* NetworkRequestStatusView.swift */ = {isa = PBXFileReference; fileEncoding = 4; lastKnownFileType = sourcecode.swift; name = NetworkRequestStatusView.swift; path = Desktop/Source/NetworkRequestStatusView.swift; sourceTree = SOURCE_ROOT; };
		77A6F9A81AEB01FE0096FCF1 /* ViewAdjustVisualOutlineController.swift */ = {isa = PBXFileReference; fileEncoding = 4; lastKnownFileType = sourcecode.swift; name = ViewAdjustVisualOutlineController.swift; path = Desktop/Source/ViewAdjustVisualOutlineController.swift; sourceTree = SOURCE_ROOT; };
		77A6F9AC1AEB03C40096FCF1 /* ViewAdjustHierarchy.swift */ = {isa = PBXFileReference; fileEncoding = 4; lastKnownFileType = sourcecode.swift; name = ViewAdjustHierarchy.swift; path = Desktop/Source/ViewAdjustHierarchy.swift; sourceTree = SOURCE_ROOT; };
		77AAE4F71A32C66600998E36 /* Device.swift */ = {isa = PBXFileReference; fileEncoding = 4; lastKnownFileType = sourcecode.swift; name = Device.swift; path = Desktop/Source/Device.swift; sourceTree = SOURCE_ROOT; };
		77AAE4FB1A32CFA600998E36 /* Images.xcassets */ = {isa = PBXFileReference; lastKnownFileType = folder.assetcatalog; name = Images.xcassets; path = Desktop/Images.xcassets; sourceTree = SOURCE_ROOT; };
		77AAE4FD1A32CFB300998E36 /* VisibleStrings.swift */ = {isa = PBXFileReference; fileEncoding = 4; lastKnownFileType = sourcecode.swift; name = VisibleStrings.swift; path = Desktop/Source/VisibleStrings.swift; sourceTree = SOURCE_ROOT; };
		77AD6A741AEC2D4D00BB4CB3 /* VisualOutlineControlsView.xib */ = {isa = PBXFileReference; fileEncoding = 4; lastKnownFileType = file.xib; name = VisualOutlineControlsView.xib; path = Desktop/XIB/VisualOutlineControlsView.xib; sourceTree = SOURCE_ROOT; };
		77AD6A781AEC2FFF00BB4CB3 /* VisualOutlineControlsView.swift */ = {isa = PBXFileReference; fileEncoding = 4; lastKnownFileType = sourcecode.swift; name = VisualOutlineControlsView.swift; path = Desktop/Source/VisualOutlineControlsView.swift; sourceTree = SOURCE_ROOT; };
		77B0BA091AD1E8AD00E81A67 /* ViewAdjustHierarchyOutlineController.swift */ = {isa = PBXFileReference; lastKnownFileType = sourcecode.swift; name = ViewAdjustHierarchyOutlineController.swift; path = Desktop/Source/ViewAdjustHierarchyOutlineController.swift; sourceTree = SOURCE_ROOT; };
		77B235591AE2C37300599722 /* MapTable.swift */ = {isa = PBXFileReference; fileEncoding = 4; lastKnownFileType = sourcecode.swift; name = MapTable.swift; path = Desktop/Source/MapTable.swift; sourceTree = SOURCE_ROOT; };
		77B235741AE3E9B200599722 /* ViewAdjustPropertyTableController.swift */ = {isa = PBXFileReference; fileEncoding = 4; lastKnownFileType = sourcecode.swift; name = ViewAdjustPropertyTableController.swift; path = Desktop/Source/ViewAdjustPropertyTableController.swift; sourceTree = SOURCE_ROOT; };
		77B235791AE43B0800599722 /* PropertyGroupView.xib */ = {isa = PBXFileReference; fileEncoding = 4; lastKnownFileType = file.xib; name = PropertyGroupView.xib; path = Desktop/XIB/PropertyGroupView.xib; sourceTree = SOURCE_ROOT; };
		77B235801AE44D3900599722 /* PropertyGroupView.swift */ = {isa = PBXFileReference; fileEncoding = 4; lastKnownFileType = sourcecode.swift; name = PropertyGroupView.swift; path = Desktop/Source/PropertyGroupView.swift; sourceTree = SOURCE_ROOT; };
		77B2358C1AE4BDE900599722 /* BackgroundColorView.swift */ = {isa = PBXFileReference; fileEncoding = 4; lastKnownFileType = sourcecode.swift; name = BackgroundColorView.swift; path = Desktop/Source/BackgroundColorView.swift; sourceTree = SOURCE_ROOT; };
		77B2358E1AE4BFFD00599722 /* ViewOwner.swift */ = {isa = PBXFileReference; fileEncoding = 4; lastKnownFileType = sourcecode.swift; name = ViewOwner.swift; path = Desktop/Source/ViewOwner.swift; sourceTree = SOURCE_ROOT; };
		77B235981AE5648F00599722 /* StepperEditor.swift */ = {isa = PBXFileReference; fileEncoding = 4; lastKnownFileType = sourcecode.swift; name = StepperEditor.swift; path = Desktop/Source/StepperEditor.swift; sourceTree = SOURCE_ROOT; };
		77B2359A1AE56FD400599722 /* StepperEditorView.xib */ = {isa = PBXFileReference; fileEncoding = 4; lastKnownFileType = file.xib; name = StepperEditorView.xib; path = Desktop/XIB/StepperEditorView.xib; sourceTree = SOURCE_ROOT; };
		77F4F5991A33D64100A48A76 /* PluginController.swift */ = {isa = PBXFileReference; fileEncoding = 4; lastKnownFileType = sourcecode.swift; name = PluginController.swift; path = Desktop/Source/PluginController.swift; sourceTree = SOURCE_ROOT; };
		77F4F59B1A33D8C700A48A76 /* LiveDialsPlugin.swift */ = {isa = PBXFileReference; fileEncoding = 4; lastKnownFileType = sourcecode.swift; name = LiveDialsPlugin.swift; path = Desktop/Source/LiveDialsPlugin.swift; sourceTree = SOURCE_ROOT; };
		77F4F59D1A34A89C00A48A76 /* PluginContextBouncer.swift */ = {isa = PBXFileReference; lastKnownFileType = sourcecode.swift; name = PluginContextBouncer.swift; path = Desktop/Source/PluginContextBouncer.swift; sourceTree = SOURCE_ROOT; };
		77F4F5A21A34D05600A48A76 /* ConnectionStatusToolbarItem.swift */ = {isa = PBXFileReference; fileEncoding = 4; lastKnownFileType = sourcecode.swift; name = ConnectionStatusToolbarItem.swift; path = Desktop/Source/ConnectionStatusToolbarItem.swift; sourceTree = SOURCE_ROOT; };
		77F4F5A51A34D67800A48A76 /* Broadcaster.swift */ = {isa = PBXFileReference; lastKnownFileType = sourcecode.swift; name = Broadcaster.swift; path = Desktop/Source/Broadcaster.swift; sourceTree = SOURCE_ROOT; };
/* End PBXFileReference section */

/* Begin PBXFrameworksBuildPhase section */
		776414D71A32ADC9005E381A /* Frameworks */ = {
			isa = PBXFrameworksBuildPhase;
			buildActionMask = 2147483647;
			files = (
				774D160D1AB5D36900613F24 /* libDialsShared-Desktop.a in Frameworks */,
			);
			runOnlyForDeploymentPostprocessing = 0;
		};
		778876FF1ABFA04F00AB5580 /* Frameworks */ = {
			isa = PBXFrameworksBuildPhase;
			buildActionMask = 2147483647;
			files = (
			);
			runOnlyForDeploymentPostprocessing = 0;
		};
/* End PBXFrameworksBuildPhase section */

/* Begin PBXGroup section */
		7708CC551AF592E900511F3F /* NetworkRequests */ = {
			isa = PBXGroup;
			children = (
				77A4364D1AFA4A3900F741C5 /* NetworkRequestStatusView.swift */,
				77A4364B1AFA466700F741C5 /* NetworkRequestInfoView.swift */,
				7708CC531AF592E200511F3F /* NetworkRequestsViewController.swift */,
				7708CC511AF58FE600511F3F /* NetworkRequestsPlugin.swift */,
			);
			name = NetworkRequests;
			sourceTree = "<group>";
		};
		776414D11A32ADC9005E381A = {
			isa = PBXGroup;
			children = (
				774D160C1AB5D36900613F24 /* libDialsShared-Desktop.a */,
				779250DE1A33554000CCC229 /* Bridging-Header.h */,
				776414DC1A32ADC9005E381A /* Dials */,
				778877031ABFA04F00AB5580 /* Tests */,
				776414DB1A32ADC9005E381A /* Products */,
			);
			sourceTree = "<group>";
		};
		776414DB1A32ADC9005E381A /* Products */ = {
			isa = PBXGroup;
			children = (
				776414DA1A32ADC9005E381A /* Dials.app */,
				778877021ABFA04F00AB5580 /* Dials-Desktop Tests.xctest */,
			);
			name = Products;
			sourceTree = "<group>";
		};
		776414DC1A32ADC9005E381A /* Dials */ = {
			isa = PBXGroup;
			children = (
				77224B811AEDDE21002C3739 /* ViewFacade.swift */,
				7748C9B61AEDD88400363932 /* MathUtils.swift */,
				77A6F9AC1AEB03C40096FCF1 /* ViewAdjustHierarchy.swift */,
				77B2358E1AE4BFFD00599722 /* ViewOwner.swift */,
				77B2358C1AE4BDE900599722 /* BackgroundColorView.swift */,
				77B235591AE2C37300599722 /* MapTable.swift */,
				778877231AC1182900AB5580 /* CodeGenerating.swift */,
				778877201AC0E55D00AB5580 /* Optional+Result.swift */,
				7788771C1AC0E16300AB5580 /* NSRegularExpression+Result.swift */,
				7788770F1ABFA71D00AB5580 /* Result.swift */,
				778876FA1ABF9C8B00AB5580 /* CodeManager.swift */,
				778876F61ABF5FCA00AB5580 /* FormattingUtilities.swift */,
				778876DC1ABDC91E00AB5580 /* Optional+Utilities.swift */,
				778876D41ABDC24F00AB5580 /* Array+Utilties.swift */,
				776415041A32AF9F005E381A /* AppDelegate.swift */,
				77F4F5A51A34D67800A48A76 /* Broadcaster.swift */,
				77A3531F1A36C87200A65A90 /* ConnectionStatusView.swift */,
				77F4F5A21A34D05600A48A76 /* ConnectionStatusToolbarItem.swift */,
				776415051A32AF9F005E381A /* ConsoleWindowController.swift */,
				779250F61A336E9B00CCC229 /* DeviceConnection.swift */,
				7764150A1A32C064005E381A /* DeviceController.swift */,
				77AAE4F71A32C66600998E36 /* Device.swift */,
				775677691AF6A0310085AF6B /* NSHTTPURLResponse+StatusCodes.swift */,
				772C9BD01A373D9D00BE2D32 /* NSView+Layout.swift */,
				77F4F59D1A34A89C00A48A76 /* PluginContextBouncer.swift */,
				77F4F5991A33D64100A48A76 /* PluginController.swift */,
				7787FF451A3CA3D400074DBC /* Plugin.swift */,
				7783CDA21A3B2848005E34D9 /* SidebarSplitViewController.swift */,
				77A353221A36C8AE00A65A90 /* ViewControllerGrouper.swift */,
				77AAE4FD1A32CFB300998E36 /* VisibleStrings.swift */,
				77A353211A36C89200A65A90 /* Plugins */,
				776414FC1A32AF07005E381A /* Resources */,
				776414DD1A32ADC9005E381A /* Supporting Files */,
			);
			path = Dials;
			sourceTree = "<group>";
		};
		776414DD1A32ADC9005E381A /* Supporting Files */ = {
			isa = PBXGroup;
			children = (
				776415081A32AFA8005E381A /* Info.plist */,
			);
			name = "Supporting Files";
			sourceTree = "<group>";
		};
		776414FC1A32AF07005E381A /* Resources */ = {
			isa = PBXGroup;
			children = (
				77AAE4FB1A32CFA600998E36 /* Images.xcassets */,
				776414FD1A32AF0E005E381A /* XIB */,
			);
			name = Resources;
			sourceTree = "<group>";
		};
		776414FD1A32AF0E005E381A /* XIB */ = {
			isa = PBXGroup;
			children = (
				778876E91ABE105A00AB5580 /* Editors */,
				778876EA1ABE106200AB5580 /* Plugins */,
				776415001A32AF94005E381A /* ConsoleWindow.xib */,
				77191D8F1A3E856A006D248C /* ChannelCellView.xib */,
				776415011A32AF94005E381A /* MainMenu.xib */,
			);
			name = XIB;
			sourceTree = "<group>";
		};
		778876E81ABE104F00AB5580 /* Editors */ = {
			isa = PBXGroup;
			children = (
				778876D61ABDC27400AB5580 /* ActionEditor.swift */,
				778876F11ABE16E800AB5580 /* ColorEditor.swift */,
				778876DE1ABDFECB00AB5580 /* SliderEditor.swift */,
				77B235981AE5648F00599722 /* StepperEditor.swift */,
				773C5AD01AF335D200F6AD59 /* TextFieldEditor.swift */,
				778876E41ABE100700AB5580 /* ToggleEditor.swift */,
				778876D81ABDC27400AB5580 /* EditorView.swift */,
			);
			name = Editors;
			sourceTree = "<group>";
		};
		778876E91ABE105A00AB5580 /* Editors */ = {
			isa = PBXGroup;
			children = (
				778876D01ABBDC1600AB5580 /* ActionEditorView.xib */,
				7708CC481AF57C5700511F3F /* ColorEditorView.xib */,
				778876E01ABE050E00AB5580 /* SliderEditorView.xib */,
				77B2359A1AE56FD400599722 /* StepperEditorView.xib */,
				773C5AD41AF337EE00F6AD59 /* TextFieldEditorView.xib */,
				778876E21ABE0F7F00AB5580 /* ToggleEditorView.xib */,
			);
			name = Editors;
			sourceTree = "<group>";
		};
		778876EA1ABE106200AB5580 /* Plugins */ = {
			isa = PBXGroup;
			children = (
				778876F81ABF869C00AB5580 /* LiveDialCellView.xib */,
				778876E61ABE101E00AB5580 /* LiveDialPaneViewController.xib */,
				77A436491AF9BE5600F741C5 /* NetworkRequestInfoView.xib */,
				7708CC561AF5CC3900511F3F /* NetworkRequestsViewController.xib */,
				77B235791AE43B0800599722 /* PropertyGroupView.xib */,
				773E67B71ACE0A8000E1BB0A /* ViewAdjustViewController.xib */,
				77AD6A741AEC2D4D00BB4CB3 /* VisualOutlineControlsView.xib */,
			);
			name = Plugins;
			sourceTree = "<group>";
		};
		778876F51ABE34DB00AB5580 /* LiveDials */ = {
			isa = PBXGroup;
			children = (
				778876B91AB64F6700AB5580 /* LiveDialPaneViewController.swift */,
				778876D71ABDC27400AB5580 /* LiveDialController.swift */,
				77F4F59B1A33D8C700A48A76 /* LiveDialsPlugin.swift */,
			);
			name = LiveDials;
			sourceTree = "<group>";
		};
		778877031ABFA04F00AB5580 /* Tests */ = {
			isa = PBXGroup;
			children = (
				778877191ABFABC900AB5580 /* find-name.m */,
				778877131ABFA7F400AB5580 /* Sample Files */,
				778877111ABFA74600AB5580 /* CodeManagerTests.swift */,
				778877041ABFA04F00AB5580 /* Supporting Files */,
			);
			name = Tests;
			path = Desktop/Tests;
			sourceTree = "<group>";
		};
		778877041ABFA04F00AB5580 /* Supporting Files */ = {
			isa = PBXGroup;
			children = (
				7788770D1ABFA68C00AB5580 /* Info.plist */,
			);
			name = "Supporting Files";
			sourceTree = "<group>";
		};
		77A353211A36C89200A65A90 /* Plugins */ = {
			isa = PBXGroup;
			children = (
				778876E81ABE104F00AB5580 /* Editors */,
				7708CC551AF592E900511F3F /* NetworkRequests */,
				77B235761AE3EAB900599722 /* ViewAdjust */,
				778876F51ABE34DB00AB5580 /* LiveDials */,
			);
			name = Plugins;
			sourceTree = "<group>";
		};
		77B235761AE3EAB900599722 /* ViewAdjust */ = {
			isa = PBXGroup;
			children = (
				77B235801AE44D3900599722 /* PropertyGroupView.swift */,
				77B235741AE3E9B200599722 /* ViewAdjustPropertyTableController.swift */,
				77B0BA091AD1E8AD00E81A67 /* ViewAdjustHierarchyOutlineController.swift */,
				77A6F9A81AEB01FE0096FCF1 /* ViewAdjustVisualOutlineController.swift */,
				773E67B41ACDFE7600E1BB0A /* ViewAdjustViewController.swift */,
				773E67A21ACDF82E00E1BB0A /* ViewAdjustPlugin.swift */,
				77AD6A781AEC2FFF00BB4CB3 /* VisualOutlineControlsView.swift */,
			);
			name = ViewAdjust;
			sourceTree = "<group>";
		};
/* End PBXGroup section */

/* Begin PBXNativeTarget section */
		776414D91A32ADC9005E381A /* Dials */ = {
			isa = PBXNativeTarget;
			buildConfigurationList = 776414F41A32ADC9005E381A /* Build configuration list for PBXNativeTarget "Dials" */;
			buildPhases = (
				776414D61A32ADC9005E381A /* Sources */,
				776414D71A32ADC9005E381A /* Frameworks */,
				776414D81A32ADC9005E381A /* Resources */,
			);
			buildRules = (
			);
			dependencies = (
			);
			name = Dials;
			productName = Dials;
			productReference = 776414DA1A32ADC9005E381A /* Dials.app */;
			productType = "com.apple.product-type.application";
		};
		778877011ABFA04F00AB5580 /* Dials-Desktop Tests */ = {
			isa = PBXNativeTarget;
			buildConfigurationList = 7788770A1ABFA04F00AB5580 /* Build configuration list for PBXNativeTarget "Dials-Desktop Tests" */;
			buildPhases = (
				778876FE1ABFA04F00AB5580 /* Sources */,
				778876FF1ABFA04F00AB5580 /* Frameworks */,
				778877001ABFA04F00AB5580 /* Resources */,
			);
			buildRules = (
			);
			dependencies = (
				778877091ABFA04F00AB5580 /* PBXTargetDependency */,
			);
			name = "Dials-Desktop Tests";
			productName = "Dials-Desktop Tests";
			productReference = 778877021ABFA04F00AB5580 /* Dials-Desktop Tests.xctest */;
			productType = "com.apple.product-type.bundle.unit-test";
		};
/* End PBXNativeTarget section */

/* Begin PBXProject section */
		776414D21A32ADC9005E381A /* Project object */ = {
			isa = PBXProject;
			attributes = {
				LastUpgradeCheck = 0630;
				TargetAttributes = {
					776414D91A32ADC9005E381A = {
						CreatedOnToolsVersion = 6.1.1;
					};
					778877011ABFA04F00AB5580 = {
						CreatedOnToolsVersion = 6.1.1;
						TestTargetID = 776414D91A32ADC9005E381A;
					};
				};
			};
			buildConfigurationList = 776414D51A32ADC9005E381A /* Build configuration list for PBXProject "Dials-Desktop" */;
			compatibilityVersion = "Xcode 3.2";
			developmentRegion = English;
			hasScannedForEncodings = 0;
			knownRegions = (
				en,
				Base,
			);
			mainGroup = 776414D11A32ADC9005E381A;
			productRefGroup = 776414DB1A32ADC9005E381A /* Products */;
			projectDirPath = "";
			projectRoot = "";
			targets = (
				776414D91A32ADC9005E381A /* Dials */,
				778877011ABFA04F00AB5580 /* Dials-Desktop Tests */,
			);
		};
/* End PBXProject section */

/* Begin PBXResourcesBuildPhase section */
		776414D81A32ADC9005E381A /* Resources */ = {
			isa = PBXResourcesBuildPhase;
			buildActionMask = 2147483647;
			files = (
				77B2359B1AE56FD400599722 /* StepperEditorView.xib in Resources */,
				77A4364A1AF9BE5600F741C5 /* NetworkRequestInfoView.xib in Resources */,
				7708CC491AF57C5700511F3F /* ColorEditorView.xib in Resources */,
				77191D901A3E856A006D248C /* ChannelCellView.xib in Resources */,
				778876E71ABE101E00AB5580 /* LiveDialPaneViewController.xib in Resources */,
				778876D11ABBDC1600AB5580 /* ActionEditorView.xib in Resources */,
				7708CC571AF5CC3900511F3F /* NetworkRequestsViewController.xib in Resources */,
				778876E11ABE050E00AB5580 /* SliderEditorView.xib in Resources */,
				77AAE4FC1A32CFA600998E36 /* Images.xcassets in Resources */,
				778876F91ABF869C00AB5580 /* LiveDialCellView.xib in Resources */,
				773E67B81ACE0A8000E1BB0A /* ViewAdjustViewController.xib in Resources */,
				773C5AD51AF337EE00F6AD59 /* TextFieldEditorView.xib in Resources */,
				776415031A32AF94005E381A /* MainMenu.xib in Resources */,
				778876E31ABE0F7F00AB5580 /* ToggleEditorView.xib in Resources */,
				776415021A32AF94005E381A /* ConsoleWindow.xib in Resources */,
				77B2357A1AE43B0800599722 /* PropertyGroupView.xib in Resources */,
				77AD6A751AEC2D4D00BB4CB3 /* VisualOutlineControlsView.xib in Resources */,
			);
			runOnlyForDeploymentPostprocessing = 0;
		};
		778877001ABFA04F00AB5580 /* Resources */ = {
			isa = PBXResourcesBuildPhase;
			buildActionMask = 2147483647;
			files = (
				778877141ABFA7F400AB5580 /* Sample Files in Resources */,
			);
			runOnlyForDeploymentPostprocessing = 0;
		};
/* End PBXResourcesBuildPhase section */

/* Begin PBXSourcesBuildPhase section */
		776414D61A32ADC9005E381A /* Sources */ = {
			isa = PBXSourcesBuildPhase;
			buildActionMask = 2147483647;
			files = (
				778876D51ABDC24F00AB5580 /* Array+Utilties.swift in Sources */,
				7764150B1A32C064005E381A /* DeviceController.swift in Sources */,
				778876D91ABDC27400AB5580 /* ActionEditor.swift in Sources */,
				77A353201A36C87200A65A90 /* ConnectionStatusView.swift in Sources */,
				77F4F5A61A34D67B00A48A76 /* Broadcaster.swift in Sources */,
				778876DF1ABDFECB00AB5580 /* SliderEditor.swift in Sources */,
				773E67A31ACDF82E00E1BB0A /* ViewAdjustPlugin.swift in Sources */,
				77A6F9AD1AEB03C40096FCF1 /* ViewAdjustHierarchy.swift in Sources */,
				77224B821AEDDE21002C3739 /* ViewFacade.swift in Sources */,
				778877211AC0E55D00AB5580 /* Optional+Result.swift in Sources */,
				7748C9B71AEDD88400363932 /* MathUtils.swift in Sources */,
				77A4364C1AFA466700F741C5 /* NetworkRequestInfoView.swift in Sources */,
				7708CC541AF592E200511F3F /* NetworkRequestsViewController.swift in Sources */,
				77B235991AE5648F00599722 /* StepperEditor.swift in Sources */,
				778876E51ABE100700AB5580 /* ToggleEditor.swift in Sources */,
				77F4F59A1A33D64100A48A76 /* PluginController.swift in Sources */,
				77B2358D1AE4BDE900599722 /* BackgroundColorView.swift in Sources */,
				776415071A32AF9F005E381A /* ConsoleWindowController.swift in Sources */,
				773E67B91ACEE4EB00E1BB0A /* ViewAdjustViewController.swift in Sources */,
				77F4F59E1A34A8A000A48A76 /* PluginContextBouncer.swift in Sources */,
				778876DB1ABDC27400AB5580 /* EditorView.swift in Sources */,
				7787FF461A3CA3D400074DBC /* Plugin.swift in Sources */,
				778876DA1ABDC27400AB5580 /* LiveDialController.swift in Sources */,
				778876F71ABF600800AB5580 /* FormattingUtilities.swift in Sources */,
				77AD6A791AEC2FFF00BB4CB3 /* VisualOutlineControlsView.swift in Sources */,
				776415061A32AF9F005E381A /* AppDelegate.swift in Sources */,
				778877241AC1182900AB5580 /* CodeGenerating.swift in Sources */,
				77F4F59C1A33D8C700A48A76 /* LiveDialsPlugin.swift in Sources */,
				77F4F5A31A34D05600A48A76 /* ConnectionStatusToolbarItem.swift in Sources */,
				772C9BD11A373D9D00BE2D32 /* NSView+Layout.swift in Sources */,
				778876F21ABE16E800AB5580 /* ColorEditor.swift in Sources */,
				77B2355A1AE2C37300599722 /* MapTable.swift in Sources */,
				77A353231A36C8AE00A65A90 /* ViewControllerGrouper.swift in Sources */,
				77AAE4FE1A32CFB300998E36 /* VisibleStrings.swift in Sources */,
				778876BB1AB64F6700AB5580 /* LiveDialPaneViewController.swift in Sources */,
				77B2358F1AE4BFFD00599722 /* ViewOwner.swift in Sources */,
				77A6F9A91AEB01FE0096FCF1 /* ViewAdjustVisualOutlineController.swift in Sources */,
				778876DD1ABDC91E00AB5580 /* Optional+Utilities.swift in Sources */,
				773C5AD11AF335DD00F6AD59 /* TextFieldEditor.swift in Sources */,
				778877101ABFA71D00AB5580 /* Result.swift in Sources */,
				77B235751AE3E9B200599722 /* ViewAdjustPropertyTableController.swift in Sources */,
				7783CDA31A3B2848005E34D9 /* SidebarSplitViewController.swift in Sources */,
				77B0BA0A1AD1E90000E81A67 /* ViewAdjustHierarchyOutlineController.swift in Sources */,
				7788771D1AC0E16300AB5580 /* NSRegularExpression+Result.swift in Sources */,
				778876FB1ABF9C8B00AB5580 /* CodeManager.swift in Sources */,
				77AAE4F81A32C66600998E36 /* Device.swift in Sources */,
				7708CC521AF58FE600511F3F /* NetworkRequestsPlugin.swift in Sources */,
				77A4364E1AFA4A3900F741C5 /* NetworkRequestStatusView.swift in Sources */,
				779250F71A336E9B00CCC229 /* DeviceConnection.swift in Sources */,
				7756776A1AF6A0310085AF6B /* NSHTTPURLResponse+StatusCodes.swift in Sources */,
				77B235811AE44D3900599722 /* PropertyGroupView.swift in Sources */,
			);
			runOnlyForDeploymentPostprocessing = 0;
		};
		778876FE1ABFA04F00AB5580 /* Sources */ = {
			isa = PBXSourcesBuildPhase;
			buildActionMask = 2147483647;
			files = (
				778877121ABFA74600AB5580 /* CodeManagerTests.swift in Sources */,
			);
			runOnlyForDeploymentPostprocessing = 0;
		};
/* End PBXSourcesBuildPhase section */

/* Begin PBXTargetDependency section */
		778877091ABFA04F00AB5580 /* PBXTargetDependency */ = {
			isa = PBXTargetDependency;
			target = 776414D91A32ADC9005E381A /* Dials */;
			targetProxy = 778877081ABFA04F00AB5580 /* PBXContainerItemProxy */;
		};
/* End PBXTargetDependency section */

/* Begin XCBuildConfiguration section */
		776414F21A32ADC9005E381A /* Debug */ = {
			isa = XCBuildConfiguration;
			buildSettings = {
				ALWAYS_SEARCH_USER_PATHS = NO;
				CLANG_CXX_LANGUAGE_STANDARD = "gnu++0x";
				CLANG_CXX_LIBRARY = "libc++";
				CLANG_ENABLE_MODULES = YES;
				CLANG_ENABLE_OBJC_ARC = YES;
				CLANG_WARN_BOOL_CONVERSION = YES;
				CLANG_WARN_CONSTANT_CONVERSION = YES;
				CLANG_WARN_DIRECT_OBJC_ISA_USAGE = YES_ERROR;
				CLANG_WARN_EMPTY_BODY = YES;
				CLANG_WARN_ENUM_CONVERSION = YES;
				CLANG_WARN_INT_CONVERSION = YES;
				CLANG_WARN_OBJC_ROOT_CLASS = YES_ERROR;
				CLANG_WARN_UNREACHABLE_CODE = YES;
				CLANG_WARN__DUPLICATE_METHOD_MATCH = YES;
				CODE_SIGN_IDENTITY = "-";
				COPY_PHASE_STRIP = NO;
				ENABLE_STRICT_OBJC_MSGSEND = YES;
				GCC_C_LANGUAGE_STANDARD = gnu99;
				GCC_DYNAMIC_NO_PIC = NO;
				GCC_OPTIMIZATION_LEVEL = 0;
				GCC_PREPROCESSOR_DEFINITIONS = (
					"DEBUG=1",
					"$(inherited)",
				);
				GCC_SYMBOLS_PRIVATE_EXTERN = NO;
				GCC_TREAT_WARNINGS_AS_ERRORS = YES;
				GCC_WARN_64_TO_32_BIT_CONVERSION = YES;
				GCC_WARN_ABOUT_RETURN_TYPE = YES_ERROR;
				GCC_WARN_UNDECLARED_SELECTOR = YES;
				GCC_WARN_UNINITIALIZED_AUTOS = YES_AGGRESSIVE;
				GCC_WARN_UNUSED_FUNCTION = YES;
				GCC_WARN_UNUSED_VARIABLE = YES;
				MACOSX_DEPLOYMENT_TARGET = 10.10;
				ONLY_ACTIVE_ARCH = YES;
				RUN_CLANG_STATIC_ANALYZER = YES;
				SDKROOT = macosx;
				SWIFT_OPTIMIZATION_LEVEL = "-Onone";
			};
			name = Debug;
		};
		776414F31A32ADC9005E381A /* Release */ = {
			isa = XCBuildConfiguration;
			buildSettings = {
				ALWAYS_SEARCH_USER_PATHS = NO;
				CLANG_CXX_LANGUAGE_STANDARD = "gnu++0x";
				CLANG_CXX_LIBRARY = "libc++";
				CLANG_ENABLE_MODULES = YES;
				CLANG_ENABLE_OBJC_ARC = YES;
				CLANG_WARN_BOOL_CONVERSION = YES;
				CLANG_WARN_CONSTANT_CONVERSION = YES;
				CLANG_WARN_DIRECT_OBJC_ISA_USAGE = YES_ERROR;
				CLANG_WARN_EMPTY_BODY = YES;
				CLANG_WARN_ENUM_CONVERSION = YES;
				CLANG_WARN_INT_CONVERSION = YES;
				CLANG_WARN_OBJC_ROOT_CLASS = YES_ERROR;
				CLANG_WARN_UNREACHABLE_CODE = YES;
				CLANG_WARN__DUPLICATE_METHOD_MATCH = YES;
				CODE_SIGN_IDENTITY = "-";
				COPY_PHASE_STRIP = YES;
				DEBUG_INFORMATION_FORMAT = "dwarf-with-dsym";
				ENABLE_NS_ASSERTIONS = NO;
				ENABLE_STRICT_OBJC_MSGSEND = YES;
				GCC_C_LANGUAGE_STANDARD = gnu99;
				GCC_TREAT_WARNINGS_AS_ERRORS = YES;
				GCC_WARN_64_TO_32_BIT_CONVERSION = YES;
				GCC_WARN_ABOUT_RETURN_TYPE = YES_ERROR;
				GCC_WARN_UNDECLARED_SELECTOR = YES;
				GCC_WARN_UNINITIALIZED_AUTOS = YES_AGGRESSIVE;
				GCC_WARN_UNUSED_FUNCTION = YES;
				GCC_WARN_UNUSED_VARIABLE = YES;
				MACOSX_DEPLOYMENT_TARGET = 10.10;
				RUN_CLANG_STATIC_ANALYZER = YES;
				SDKROOT = macosx;
			};
			name = Release;
		};
		776414F51A32ADC9005E381A /* Debug */ = {
			isa = XCBuildConfiguration;
			buildSettings = {
				ASSETCATALOG_COMPILER_APPICON_NAME = AppIcon;
				COMBINE_HIDPI_IMAGES = YES;
				FRAMEWORK_SEARCH_PATHS = (
					"$(inherited)",
					"$(PROJECT_DIR)",
				);
				HEADER_SEARCH_PATHS = (
					"$(inherited)",
					"$(SRCROOT)/Shared/",
				);
				INFOPLIST_FILE = "$(SRCROOT)/Desktop/Info.plist";
				LD_RUNPATH_SEARCH_PATHS = "$(inherited) @executable_path/../Frameworks";
				LIBRARY_SEARCH_PATHS = "$(inherited)";
				OTHER_LDFLAGS = "-ObjC";
				PRODUCT_NAME = "$(TARGET_NAME)";
				SWIFT_OBJC_BRIDGING_HEADER = "$(SRCROOT)/Desktop/Bridging-Header.h";
			};
			name = Debug;
		};
		776414F61A32ADC9005E381A /* Release */ = {
			isa = XCBuildConfiguration;
			buildSettings = {
				ASSETCATALOG_COMPILER_APPICON_NAME = AppIcon;
				COMBINE_HIDPI_IMAGES = YES;
				FRAMEWORK_SEARCH_PATHS = (
					"$(inherited)",
					"$(PROJECT_DIR)",
				);
				HEADER_SEARCH_PATHS = (
					"$(inherited)",
					"$(SRCROOT)/Shared/",
				);
				INFOPLIST_FILE = "$(SRCROOT)/Desktop/Info.plist";
				LD_RUNPATH_SEARCH_PATHS = "$(inherited) @executable_path/../Frameworks";
				LIBRARY_SEARCH_PATHS = "$(inherited)";
				OTHER_LDFLAGS = "-ObjC";
				PRODUCT_NAME = "$(TARGET_NAME)";
				SWIFT_OBJC_BRIDGING_HEADER = "$(SRCROOT)/Desktop/Bridging-Header.h";
			};
			name = Release;
		};
		7788770B1ABFA04F00AB5580 /* Debug */ = {
			isa = XCBuildConfiguration;
			buildSettings = {
				BUNDLE_LOADER = "$(TEST_HOST)";
				CLANG_ENABLE_MODULES = YES;
				COMBINE_HIDPI_IMAGES = YES;
				FRAMEWORK_SEARCH_PATHS = (
					"$(DEVELOPER_FRAMEWORKS_DIR)",
					"$(inherited)",
				);
				GCC_PREPROCESSOR_DEFINITIONS = (
					"DEBUG=1",
					"$(inherited)",
				);
				HEADER_SEARCH_PATHS = (
					"$(inherited)",
					/Applications/Xcode.app/Contents/Developer/Toolchains/XcodeDefault.xctoolchain/usr/include,
					"$(SRCROOT)/Shared",
				);
				INFOPLIST_FILE = Desktop/Tests/Info.plist;
				LD_RUNPATH_SEARCH_PATHS = "$(inherited) @executable_path/../Frameworks @loader_path/../Frameworks";
				PRODUCT_NAME = "$(TARGET_NAME)";
				SWIFT_OPTIMIZATION_LEVEL = "-Onone";
				TEST_HOST = "$(BUILT_PRODUCTS_DIR)/Dials.app/Contents/MacOS/Dials";
			};
			name = Debug;
		};
		7788770C1ABFA04F00AB5580 /* Release */ = {
			isa = XCBuildConfiguration;
			buildSettings = {
				BUNDLE_LOADER = "$(TEST_HOST)";
				CLANG_ENABLE_MODULES = YES;
				COMBINE_HIDPI_IMAGES = YES;
				FRAMEWORK_SEARCH_PATHS = (
					"$(DEVELOPER_FRAMEWORKS_DIR)",
					"$(inherited)",
				);
				HEADER_SEARCH_PATHS = (
					"$(inherited)",
					/Applications/Xcode.app/Contents/Developer/Toolchains/XcodeDefault.xctoolchain/usr/include,
					"$(SRCROOT)/Shared",
				);
				INFOPLIST_FILE = Desktop/Tests/Info.plist;
				LD_RUNPATH_SEARCH_PATHS = "$(inherited) @executable_path/../Frameworks @loader_path/../Frameworks";
				PRODUCT_NAME = "$(TARGET_NAME)";
				TEST_HOST = "$(BUILT_PRODUCTS_DIR)/Dials.app/Contents/MacOS/Dials";
			};
			name = Release;
		};
/* End XCBuildConfiguration section */

/* Begin XCConfigurationList section */
		776414D51A32ADC9005E381A /* Build configuration list for PBXProject "Dials-Desktop" */ = {
			isa = XCConfigurationList;
			buildConfigurations = (
				776414F21A32ADC9005E381A /* Debug */,
				776414F31A32ADC9005E381A /* Release */,
			);
			defaultConfigurationIsVisible = 0;
			defaultConfigurationName = Release;
		};
		776414F41A32ADC9005E381A /* Build configuration list for PBXNativeTarget "Dials" */ = {
			isa = XCConfigurationList;
			buildConfigurations = (
				776414F51A32ADC9005E381A /* Debug */,
				776414F61A32ADC9005E381A /* Release */,
			);
			defaultConfigurationIsVisible = 0;
			defaultConfigurationName = Release;
		};
		7788770A1ABFA04F00AB5580 /* Build configuration list for PBXNativeTarget "Dials-Desktop Tests" */ = {
			isa = XCConfigurationList;
			buildConfigurations = (
				7788770B1ABFA04F00AB5580 /* Debug */,
				7788770C1ABFA04F00AB5580 /* Release */,
			);
			defaultConfigurationIsVisible = 0;
			defaultConfigurationName = Release;
		};
/* End XCConfigurationList section */
	};
	rootObject = 776414D21A32ADC9005E381A /* Project object */;
}
